// !$*UTF8*$!
{
	archiveVersion = 1;
	classes = {
	};
	objectVersion = 46;
	objects = {

/* Begin PBXBuildFile section */
		1C1C79E7D3E2A7ECC23D7EAF /* libPods-BJHL-IM-iOS-SDK.a in Frameworks */ = {isa = PBXBuildFile; fileRef = FF511DA1B396C8FD68E20F39 /* libPods-BJHL-IM-iOS-SDK.a */; };
		255206A21B57AFC7007B34C4 /* BJConversationListViewController.m in Sources */ = {isa = PBXBuildFile; fileRef = 255206A11B57AFC7007B34C4 /* BJConversationListViewController.m */; };
		45619B6F7E7337F86342075F /* libPods-Tests.a in Frameworks */ = {isa = PBXBuildFile; fileRef = 70B42517535184E74628C63F /* libPods-Tests.a */; };
		6003F58E195388D20070C39A /* Foundation.framework in Frameworks */ = {isa = PBXBuildFile; fileRef = 6003F58D195388D20070C39A /* Foundation.framework */; };
		6003F590195388D20070C39A /* CoreGraphics.framework in Frameworks */ = {isa = PBXBuildFile; fileRef = 6003F58F195388D20070C39A /* CoreGraphics.framework */; };
		6003F592195388D20070C39A /* UIKit.framework in Frameworks */ = {isa = PBXBuildFile; fileRef = 6003F591195388D20070C39A /* UIKit.framework */; };
		6003F598195388D20070C39A /* InfoPlist.strings in Resources */ = {isa = PBXBuildFile; fileRef = 6003F596195388D20070C39A /* InfoPlist.strings */; };
		6003F59A195388D20070C39A /* main.m in Sources */ = {isa = PBXBuildFile; fileRef = 6003F599195388D20070C39A /* main.m */; };
		6003F59E195388D20070C39A /* BJIMAppDelegate.m in Sources */ = {isa = PBXBuildFile; fileRef = 6003F59D195388D20070C39A /* BJIMAppDelegate.m */; };
		6003F5A1195388D20070C39A /* Main_iPhone.storyboard in Resources */ = {isa = PBXBuildFile; fileRef = 6003F59F195388D20070C39A /* Main_iPhone.storyboard */; };
		6003F5A4195388D20070C39A /* Main_iPad.storyboard in Resources */ = {isa = PBXBuildFile; fileRef = 6003F5A2195388D20070C39A /* Main_iPad.storyboard */; };
		6003F5A7195388D20070C39A /* BJIMViewController.m in Sources */ = {isa = PBXBuildFile; fileRef = 6003F5A6195388D20070C39A /* BJIMViewController.m */; };
		6003F5A9195388D20070C39A /* Images.xcassets in Resources */ = {isa = PBXBuildFile; fileRef = 6003F5A8195388D20070C39A /* Images.xcassets */; };
		6003F5B0195388D20070C39A /* XCTest.framework in Frameworks */ = {isa = PBXBuildFile; fileRef = 6003F5AF195388D20070C39A /* XCTest.framework */; };
		6003F5B1195388D20070C39A /* Foundation.framework in Frameworks */ = {isa = PBXBuildFile; fileRef = 6003F58D195388D20070C39A /* Foundation.framework */; };
		6003F5B2195388D20070C39A /* UIKit.framework in Frameworks */ = {isa = PBXBuildFile; fileRef = 6003F591195388D20070C39A /* UIKit.framework */; };
		6003F5BA195388D20070C39A /* InfoPlist.strings in Resources */ = {isa = PBXBuildFile; fileRef = 6003F5B8195388D20070C39A /* InfoPlist.strings */; };
		6003F5BC195388D20070C39A /* Tests.m in Sources */ = {isa = PBXBuildFile; fileRef = 6003F5BB195388D20070C39A /* Tests.m */; };
		950E2D9B1B5D1A7D00DC79F2 /* BJConversationTableViewCell.m in Sources */ = {isa = PBXBuildFile; fileRef = 950E2D9A1B5D1A7D00DC79F2 /* BJConversationTableViewCell.m */; };
		9552CF931B7B2B0A001E8D4C /* .gitignore in Resources */ = {isa = PBXBuildFile; fileRef = 9552CEF61B7B2B0A001E8D4C /* .gitignore */; };
		9552CF941B7B2B0A001E8D4C /* BJChatViewController.m in Sources */ = {isa = PBXBuildFile; fileRef = 9552CEFC1B7B2B0A001E8D4C /* BJChatViewController.m */; };
		9552CF951B7B2B0A001E8D4C /* BJAudioChatCell.m in Sources */ = {isa = PBXBuildFile; fileRef = 9552CEFF1B7B2B0A001E8D4C /* BJAudioChatCell.m */; };
		9552CF961B7B2B0A001E8D4C /* BJAudioShowCalculation.m in Sources */ = {isa = PBXBuildFile; fileRef = 9552CF011B7B2B0A001E8D4C /* BJAudioShowCalculation.m */; };
		9552CF971B7B2B0A001E8D4C /* BJCardChatCell.m in Sources */ = {isa = PBXBuildFile; fileRef = 9552CF031B7B2B0A001E8D4C /* BJCardChatCell.m */; };
		9552CF981B7B2B0A001E8D4C /* BJChatBaseCell.m in Sources */ = {isa = PBXBuildFile; fileRef = 9552CF051B7B2B0A001E8D4C /* BJChatBaseCell.m */; };
		9552CF991B7B2B0A001E8D4C /* BJChatCellFactory.m in Sources */ = {isa = PBXBuildFile; fileRef = 9552CF071B7B2B0A001E8D4C /* BJChatCellFactory.m */; };
		9552CF9A1B7B2B0A001E8D4C /* BJChatTimeCell.m in Sources */ = {isa = PBXBuildFile; fileRef = 9552CF091B7B2B0A001E8D4C /* BJChatTimeCell.m */; };
		9552CF9B1B7B2B0A001E8D4C /* BJChatUnSupportCell.m in Sources */ = {isa = PBXBuildFile; fileRef = 9552CF0B1B7B2B0A001E8D4C /* BJChatUnSupportCell.m */; };
		9552CF9C1B7B2B0A001E8D4C /* BJEmojiChatCell.m in Sources */ = {isa = PBXBuildFile; fileRef = 9552CF0E1B7B2B0A001E8D4C /* BJEmojiChatCell.m */; };
		9552CF9D1B7B2B0A001E8D4C /* BJGossipTableViewCell.m in Sources */ = {isa = PBXBuildFile; fileRef = 9552CF101B7B2B0A001E8D4C /* BJGossipTableViewCell.m */; };
		9552CF9E1B7B2B0A001E8D4C /* BJImageChatCell.m in Sources */ = {isa = PBXBuildFile; fileRef = 9552CF121B7B2B0A001E8D4C /* BJImageChatCell.m */; };
		9552CF9F1B7B2B0A001E8D4C /* BJTextChatCell.m in Sources */ = {isa = PBXBuildFile; fileRef = 9552CF141B7B2B0A001E8D4C /* BJTextChatCell.m */; };
		9552CFA01B7B2B0A001E8D4C /* BJChatInputBarViewController+BJRecordView.m in Sources */ = {isa = PBXBuildFile; fileRef = 9552CF171B7B2B0A001E8D4C /* BJChatInputBarViewController+BJRecordView.m */; };
		9552CFA11B7B2B0A001E8D4C /* BJChatInputBarViewController.m in Sources */ = {isa = PBXBuildFile; fileRef = 9552CF191B7B2B0A001E8D4C /* BJChatInputBarViewController.m */; };
		9552CFA21B7B2B0A001E8D4C /* BJChatInputBaseViewController.m in Sources */ = {isa = PBXBuildFile; fileRef = 9552CF1B1B7B2B0A001E8D4C /* BJChatInputBaseViewController.m */; };
		9552CFA31B7B2B0A001E8D4C /* BJChatInputEmojiViewController.m in Sources */ = {isa = PBXBuildFile; fileRef = 9552CF1D1B7B2B0A001E8D4C /* BJChatInputEmojiViewController.m */; };
		9552CFA41B7B2B0A001E8D4C /* BJChatInputMoreViewController.m in Sources */ = {isa = PBXBuildFile; fileRef = 9552CF1F1B7B2B0A001E8D4C /* BJChatInputMoreViewController.m */; };
		9552CFA51B7B2B0A001E8D4C /* BJMessageTextView.m in Sources */ = {isa = PBXBuildFile; fileRef = 9552CF221B7B2B0A001E8D4C /* BJMessageTextView.m */; };
		9552CFA61B7B2B0A001E8D4C /* ChatInputMore.plist in Resources */ = {isa = PBXBuildFile; fileRef = 9552CF231B7B2B0A001E8D4C /* ChatInputMore.plist */; };
		9552CFA71B7B2B0A001E8D4C /* BJFaceView.m in Sources */ = {isa = PBXBuildFile; fileRef = 9552CF261B7B2B0A001E8D4C /* BJFaceView.m */; };
		9552CFA81B7B2B0A001E8D4C /* BJFacialView.m in Sources */ = {isa = PBXBuildFile; fileRef = 9552CF281B7B2B0A001E8D4C /* BJFacialView.m */; };
		9552CFA91B7B2B0A001E8D4C /* emj.plist in Resources */ = {isa = PBXBuildFile; fileRef = 9552CF291B7B2B0A001E8D4C /* emj.plist */; };
		9552CFAA1B7B2B0A001E8D4C /* BJRecordView.m in Sources */ = {isa = PBXBuildFile; fileRef = 9552CF2C1B7B2B0A001E8D4C /* BJRecordView.m */; };
		9552CFAB1B7B2B0A001E8D4C /* bg_messages_blue_n@2x.png in Resources */ = {isa = PBXBuildFile; fileRef = 9552CF2E1B7B2B0A001E8D4C /* bg_messages_blue_n@2x.png */; };
		9552CFAC1B7B2B0A001E8D4C /* bg_messages_gray_n@2x.png in Resources */ = {isa = PBXBuildFile; fileRef = 9552CF2F1B7B2B0A001E8D4C /* bg_messages_gray_n@2x.png */; };
		9552CFAD1B7B2B0A001E8D4C /* bg_speech_gre_nor@2x.png in Resources */ = {isa = PBXBuildFile; fileRef = 9552CF301B7B2B0A001E8D4C /* bg_speech_gre_nor@2x.png */; };
		9552CFAE1B7B2B0A001E8D4C /* bg_speech_gre_pr@2x.png in Resources */ = {isa = PBXBuildFile; fileRef = 9552CF311B7B2B0A001E8D4C /* bg_speech_gre_pr@2x.png */; };
		9552CFAF1B7B2B0A001E8D4C /* bg_speech_nor@2x.png in Resources */ = {isa = PBXBuildFile; fileRef = 9552CF321B7B2B0A001E8D4C /* bg_speech_nor@2x.png */; };
		9552CFB01B7B2B0A001E8D4C /* bg_speech_pr@2x.png in Resources */ = {isa = PBXBuildFile; fileRef = 9552CF331B7B2B0A001E8D4C /* bg_speech_pr@2x.png */; };
		9552CFB11B7B2B0A001E8D4C /* bg_white@2x.png in Resources */ = {isa = PBXBuildFile; fileRef = 9552CF341B7B2B0A001E8D4C /* bg_white@2x.png */; };
		9552CFB21B7B2B0A001E8D4C /* emoji_appearance.gif in Resources */ = {isa = PBXBuildFile; fileRef = 9552CF361B7B2B0A001E8D4C /* emoji_appearance.gif */; };
		9552CFB31B7B2B0A001E8D4C /* emoji_cry.gif in Resources */ = {isa = PBXBuildFile; fileRef = 9552CF371B7B2B0A001E8D4C /* emoji_cry.gif */; };
		9552CFB41B7B2B0A001E8D4C /* emoji_doubt.gif in Resources */ = {isa = PBXBuildFile; fileRef = 9552CF381B7B2B0A001E8D4C /* emoji_doubt.gif */; };
		9552CFB51B7B2B0A001E8D4C /* emoji_embarrassed.gif in Resources */ = {isa = PBXBuildFile; fileRef = 9552CF391B7B2B0A001E8D4C /* emoji_embarrassed.gif */; };
		9552CFB61B7B2B0A001E8D4C /* emoji_exhausted.gif in Resources */ = {isa = PBXBuildFile; fileRef = 9552CF3A1B7B2B0A001E8D4C /* emoji_exhausted.gif */; };
		9552CFB71B7B2B0A001E8D4C /* emoji_giggle.gif in Resources */ = {isa = PBXBuildFile; fileRef = 9552CF3B1B7B2B0A001E8D4C /* emoji_giggle.gif */; };
		9552CFB81B7B2B0A001E8D4C /* emoji_heartstopper.gif in Resources */ = {isa = PBXBuildFile; fileRef = 9552CF3C1B7B2B0A001E8D4C /* emoji_heartstopper.gif */; };
		9552CFB91B7B2B0A001E8D4C /* emoji_naughty.gif in Resources */ = {isa = PBXBuildFile; fileRef = 9552CF3D1B7B2B0A001E8D4C /* emoji_naughty.gif */; };
		9552CFBA1B7B2B0A001E8D4C /* emoji_owl@2x.png in Resources */ = {isa = PBXBuildFile; fileRef = 9552CF3E1B7B2B0A001E8D4C /* emoji_owl@2x.png */; };
		9552CFBB1B7B2B0A001E8D4C /* emoji_powerful.gif in Resources */ = {isa = PBXBuildFile; fileRef = 9552CF3F1B7B2B0A001E8D4C /* emoji_powerful.gif */; };
		9552CFBC1B7B2B0A001E8D4C /* emoji_proud.gif in Resources */ = {isa = PBXBuildFile; fileRef = 9552CF401B7B2B0A001E8D4C /* emoji_proud.gif */; };
		9552CFBD1B7B2B0A001E8D4C /* emoji_smile.gif in Resources */ = {isa = PBXBuildFile; fileRef = 9552CF411B7B2B0A001E8D4C /* emoji_smile.gif */; };
		9552CFBE1B7B2B0A001E8D4C /* emoji_speechless.gif in Resources */ = {isa = PBXBuildFile; fileRef = 9552CF421B7B2B0A001E8D4C /* emoji_speechless.gif */; };
		9552CFBF1B7B2B0A001E8D4C /* emoji_struggle.gif in Resources */ = {isa = PBXBuildFile; fileRef = 9552CF431B7B2B0A001E8D4C /* emoji_struggle.gif */; };
		9552CFC01B7B2B0A001E8D4C /* emoji_surprise.gif in Resources */ = {isa = PBXBuildFile; fileRef = 9552CF441B7B2B0A001E8D4C /* emoji_surprise.gif */; };
		9552CFC11B7B2B0A001E8D4C /* emoji_weighs.gif in Resources */ = {isa = PBXBuildFile; fileRef = 9552CF451B7B2B0A001E8D4C /* emoji_weighs.gif */; };
		9552CFC21B7B2B0A001E8D4C /* emoji_worship.gif in Resources */ = {isa = PBXBuildFile; fileRef = 9552CF461B7B2B0A001E8D4C /* emoji_worship.gif */; };
		9552CFC31B7B2B0A001E8D4C /* ic_add_normal@2x.png in Resources */ = {isa = PBXBuildFile; fileRef = 9552CF471B7B2B0A001E8D4C /* ic_add_normal@2x.png */; };
		9552CFC41B7B2B0A001E8D4C /* ic_add_press@2x.png in Resources */ = {isa = PBXBuildFile; fileRef = 9552CF481B7B2B0A001E8D4C /* ic_add_press@2x.png */; };
		9552CFC51B7B2B0A001E8D4C /* ic_camera_normal@2x.png in Resources */ = {isa = PBXBuildFile; fileRef = 9552CF491B7B2B0A001E8D4C /* ic_camera_normal@2x.png */; };
		9552CFC61B7B2B0A001E8D4C /* ic_camera_press@2x.png in Resources */ = {isa = PBXBuildFile; fileRef = 9552CF4A1B7B2B0A001E8D4C /* ic_camera_press@2x.png */; };
		9552CFC71B7B2B0A001E8D4C /* ic_expression_normal@2x.png in Resources */ = {isa = PBXBuildFile; fileRef = 9552CF4B1B7B2B0A001E8D4C /* ic_expression_normal@2x.png */; };
		9552CFC81B7B2B0A001E8D4C /* ic_expression_press@2x.png in Resources */ = {isa = PBXBuildFile; fileRef = 9552CF4C1B7B2B0A001E8D4C /* ic_expression_press@2x.png */; };
		9552CFC91B7B2B0A001E8D4C /* ic_image_failure_dark@2x.png in Resources */ = {isa = PBXBuildFile; fileRef = 9552CF4D1B7B2B0A001E8D4C /* ic_image_failure_dark@2x.png */; };
		9552CFCA1B7B2B0A001E8D4C /* ic_image_failure_small@2x.png in Resources */ = {isa = PBXBuildFile; fileRef = 9552CF4E1B7B2B0A001E8D4C /* ic_image_failure_small@2x.png */; };
		9552CFCB1B7B2B0A001E8D4C /* ic_keyboard_nor_@2x.png in Resources */ = {isa = PBXBuildFile; fileRef = 9552CF4F1B7B2B0A001E8D4C /* ic_keyboard_nor_@2x.png */; };
		9552CFCC1B7B2B0A001E8D4C /* ic_keyboard_pre_@2x.png in Resources */ = {isa = PBXBuildFile; fileRef = 9552CF501B7B2B0A001E8D4C /* ic_keyboard_pre_@2x.png */; };
		9552CFCD1B7B2B0A001E8D4C /* ic_microphone_nor_@2x.png in Resources */ = {isa = PBXBuildFile; fileRef = 9552CF511B7B2B0A001E8D4C /* ic_microphone_nor_@2x.png */; };
		9552CFCE1B7B2B0A001E8D4C /* ic_microphone_pre_@2x.png in Resources */ = {isa = PBXBuildFile; fileRef = 9552CF521B7B2B0A001E8D4C /* ic_microphone_pre_@2x.png */; };
		9552CFCF1B7B2B0A001E8D4C /* ic_picture_normal@2x.png in Resources */ = {isa = PBXBuildFile; fileRef = 9552CF531B7B2B0A001E8D4C /* ic_picture_normal@2x.png */; };
		9552CFD01B7B2B0A001E8D4C /* ic_picture_press@2x.png in Resources */ = {isa = PBXBuildFile; fileRef = 9552CF541B7B2B0A001E8D4C /* ic_picture_press@2x.png */; };
		9552CFD11B7B2B0A001E8D4C /* ic_volume_1@2x.png in Resources */ = {isa = PBXBuildFile; fileRef = 9552CF551B7B2B0A001E8D4C /* ic_volume_1@2x.png */; };
		9552CFD21B7B2B0A001E8D4C /* ic_volume_2@2x.png in Resources */ = {isa = PBXBuildFile; fileRef = 9552CF561B7B2B0A001E8D4C /* ic_volume_2@2x.png */; };
		9552CFD31B7B2B0A001E8D4C /* ic_volume_3@2x.png in Resources */ = {isa = PBXBuildFile; fileRef = 9552CF571B7B2B0A001E8D4C /* ic_volume_3@2x.png */; };
		9552CFD41B7B2B0A001E8D4C /* ic_volume_4@2x.png in Resources */ = {isa = PBXBuildFile; fileRef = 9552CF581B7B2B0A001E8D4C /* ic_volume_4@2x.png */; };
		9552CFD51B7B2B0A001E8D4C /* ic_volume_5@2x.png in Resources */ = {isa = PBXBuildFile; fileRef = 9552CF591B7B2B0A001E8D4C /* ic_volume_5@2x.png */; };
		9552CFD61B7B2B0A001E8D4C /* ic_volume_6@2x.png in Resources */ = {isa = PBXBuildFile; fileRef = 9552CF5A1B7B2B0A001E8D4C /* ic_volume_6@2x.png */; };
		9552CFD71B7B2B0A001E8D4C /* ic_volume_gary@2x.png in Resources */ = {isa = PBXBuildFile; fileRef = 9552CF5B1B7B2B0A001E8D4C /* ic_volume_gary@2x.png */; };
		9552CFD81B7B2B0A001E8D4C /* ic_volume_gre@2x.png in Resources */ = {isa = PBXBuildFile; fileRef = 9552CF5C1B7B2B0A001E8D4C /* ic_volume_gre@2x.png */; };
		9552CFD91B7B2B0A001E8D4C /* ic_volume_li_gary1@2x.png in Resources */ = {isa = PBXBuildFile; fileRef = 9552CF5D1B7B2B0A001E8D4C /* ic_volume_li_gary1@2x.png */; };
		9552CFDA1B7B2B0A001E8D4C /* ic_volume_li_gary2@2x.png in Resources */ = {isa = PBXBuildFile; fileRef = 9552CF5E1B7B2B0A001E8D4C /* ic_volume_li_gary2@2x.png */; };
		9552CFDB1B7B2B0A001E8D4C /* ic_volume_li_gary3@2x.png in Resources */ = {isa = PBXBuildFile; fileRef = 9552CF5F1B7B2B0A001E8D4C /* ic_volume_li_gary3@2x.png */; };
		9552CFDC1B7B2B0A001E8D4C /* ic_volume_li_gre1@2x.png in Resources */ = {isa = PBXBuildFile; fileRef = 9552CF601B7B2B0A001E8D4C /* ic_volume_li_gre1@2x.png */; };
		9552CFDD1B7B2B0A001E8D4C /* ic_volume_li_gre2@2x.png in Resources */ = {isa = PBXBuildFile; fileRef = 9552CF611B7B2B0A001E8D4C /* ic_volume_li_gre2@2x.png */; };
		9552CFDE1B7B2B0A001E8D4C /* ic_volume_li_gre3@2x.png in Resources */ = {isa = PBXBuildFile; fileRef = 9552CF621B7B2B0A001E8D4C /* ic_volume_li_gre3@2x.png */; };
		9552CFDF1B7B2B0A001E8D4C /* ic_volume_ri_gary1@2x.png in Resources */ = {isa = PBXBuildFile; fileRef = 9552CF631B7B2B0A001E8D4C /* ic_volume_ri_gary1@2x.png */; };
		9552CFE01B7B2B0A001E8D4C /* ic_volume_ri_gary2@2x.png in Resources */ = {isa = PBXBuildFile; fileRef = 9552CF641B7B2B0A001E8D4C /* ic_volume_ri_gary2@2x.png */; };
		9552CFE11B7B2B0A001E8D4C /* ic_volume_ri_gary3@2x.png in Resources */ = {isa = PBXBuildFile; fileRef = 9552CF651B7B2B0A001E8D4C /* ic_volume_ri_gary3@2x.png */; };
		9552CFE21B7B2B0A001E8D4C /* ic_volume_ri_gre1@2x.png in Resources */ = {isa = PBXBuildFile; fileRef = 9552CF661B7B2B0A001E8D4C /* ic_volume_ri_gre1@2x.png */; };
		9552CFE31B7B2B0A001E8D4C /* ic_volume_ri_gre2@2x.png in Resources */ = {isa = PBXBuildFile; fileRef = 9552CF671B7B2B0A001E8D4C /* ic_volume_ri_gre2@2x.png */; };
		9552CFE41B7B2B0A001E8D4C /* ic_volume_ri_gre3@2x.png in Resources */ = {isa = PBXBuildFile; fileRef = 9552CF681B7B2B0A001E8D4C /* ic_volume_ri_gre3@2x.png */; };
		9552CFE51B7B2B0A001E8D4C /* ic_warn_nor@2x.png in Resources */ = {isa = PBXBuildFile; fileRef = 9552CF691B7B2B0A001E8D4C /* ic_warn_nor@2x.png */; };
		9552CFE61B7B2B0A001E8D4C /* img_head_default@2x.png in Resources */ = {isa = PBXBuildFile; fileRef = 9552CF6A1B7B2B0A001E8D4C /* img_head_default@2x.png */; };
		9552CFE71B7B2B0A001E8D4C /* messageToolbarBg@2x.png in Resources */ = {isa = PBXBuildFile; fileRef = 9552CF6B1B7B2B0A001E8D4C /* messageToolbarBg@2x.png */; };
		9552CFE81B7B2B0A001E8D4C /* BJChatDraft.m in Sources */ = {isa = PBXBuildFile; fileRef = 9552CF6E1B7B2B0A001E8D4C /* BJChatDraft.m */; };
		9552CFE91B7B2B0A001E8D4C /* BJChatInfo.m in Sources */ = {isa = PBXBuildFile; fileRef = 9552CF701B7B2B0A001E8D4C /* BJChatInfo.m */; };
		9552CFEA1B7B2B0A001E8D4C /* CardSimpleItem.m in Sources */ = {isa = PBXBuildFile; fileRef = 9552CF731B7B2B0A001E8D4C /* CardSimpleItem.m */; };
		9552CFEB1B7B2B0A001E8D4C /* IM.xcdatamodel in Sources */ = {isa = PBXBuildFile; fileRef = 9552CF741B7B2B0A001E8D4C /* IM.xcdatamodel */; };
		9552CFEC1B7B2B0A001E8D4C /* BJActionCollectionViewCell.m in Sources */ = {isa = PBXBuildFile; fileRef = 9552CF771B7B2B0A001E8D4C /* BJActionCollectionViewCell.m */; };
		9552CFED1B7B2B0A001E8D4C /* BJActionCollectionViewCell.xib in Resources */ = {isa = PBXBuildFile; fileRef = 9552CF781B7B2B0A001E8D4C /* BJActionCollectionViewCell.xib */; };
		9552CFEE1B7B2B0A001E8D4C /* BJAttributedHighlightLabel.m in Sources */ = {isa = PBXBuildFile; fileRef = 9552CF7A1B7B2B0A001E8D4C /* BJAttributedHighlightLabel.m */; };
		9552CFEF1B7B2B0A001E8D4C /* BJChatAudioPlayerHelper.m in Sources */ = {isa = PBXBuildFile; fileRef = 9552CF7D1B7B2B0A001E8D4C /* BJChatAudioPlayerHelper.m */; };
		9552CFF01B7B2B0A001E8D4C /* BJChatFileCacheManager.m in Sources */ = {isa = PBXBuildFile; fileRef = 9552CF7F1B7B2B0A001E8D4C /* BJChatFileCacheManager.m */; };
		9552CFF11B7B2B0A001E8D4C /* BJChatLimitMacro.m in Sources */ = {isa = PBXBuildFile; fileRef = 9552CF811B7B2B0A001E8D4C /* BJChatLimitMacro.m */; };
		9552CFF21B7B2B0A001E8D4C /* BJChatViewController+BrowserHelper.m in Sources */ = {isa = PBXBuildFile; fileRef = 9552CF831B7B2B0A001E8D4C /* BJChatViewController+BrowserHelper.m */; };
		9552CFF31B7B2B0A001E8D4C /* BJExchangeIMModel.m in Sources */ = {isa = PBXBuildFile; fileRef = 9552CF851B7B2B0A001E8D4C /* BJExchangeIMModel.m */; };
		9552CFF41B7B2B0A001E8D4C /* BJSendMessageHelper.m in Sources */ = {isa = PBXBuildFile; fileRef = 9552CF871B7B2B0A001E8D4C /* BJSendMessageHelper.m */; };
		9552CFF51B7B2B0A001E8D4C /* Group+ViewModel.m in Sources */ = {isa = PBXBuildFile; fileRef = 9552CF891B7B2B0A001E8D4C /* Group+ViewModel.m */; };
		9552CFF61B7B2B0A001E8D4C /* IMMessage+ViewModel.m in Sources */ = {isa = PBXBuildFile; fileRef = 9552CF8B1B7B2B0A001E8D4C /* IMMessage+ViewModel.m */; };
		9552CFF71B7B2B0A001E8D4C /* UIImage+compressionSize.m in Sources */ = {isa = PBXBuildFile; fileRef = 9552CF8E1B7B2B0A001E8D4C /* UIImage+compressionSize.m */; };
		9552CFF81B7B2B0A001E8D4C /* UIResponder+BJIMChatRouter.m in Sources */ = {isa = PBXBuildFile; fileRef = 9552CF901B7B2B0A001E8D4C /* UIResponder+BJIMChatRouter.m */; };
		9552CFF91B7B2B0A001E8D4C /* User+ViewModel.m in Sources */ = {isa = PBXBuildFile; fileRef = 9552CF921B7B2B0A001E8D4C /* User+ViewModel.m */; };
/* End PBXBuildFile section */

/* Begin PBXContainerItemProxy section */
		6003F5B3195388D20070C39A /* PBXContainerItemProxy */ = {
			isa = PBXContainerItemProxy;
			containerPortal = 6003F582195388D10070C39A /* Project object */;
			proxyType = 1;
			remoteGlobalIDString = 6003F589195388D20070C39A;
			remoteInfo = "BJHL-IM-iOS-SDK";
		};
/* End PBXContainerItemProxy section */

/* Begin PBXFileReference section */
		0DF388E93CF84D319664775D /* Pods-Tests.debug.xcconfig */ = {isa = PBXFileReference; includeInIndex = 1; lastKnownFileType = text.xcconfig; name = "Pods-Tests.debug.xcconfig"; path = "Pods/Target Support Files/Pods-Tests/Pods-Tests.debug.xcconfig"; sourceTree = "<group>"; };
		1D279237435A9B5BE6A39168 /* Pods-BJHL-IM-iOS-SDK.debug.xcconfig */ = {isa = PBXFileReference; includeInIndex = 1; lastKnownFileType = text.xcconfig; name = "Pods-BJHL-IM-iOS-SDK.debug.xcconfig"; path = "Pods/Target Support Files/Pods-BJHL-IM-iOS-SDK/Pods-BJHL-IM-iOS-SDK.debug.xcconfig"; sourceTree = "<group>"; };
		255206A01B57AFC7007B34C4 /* BJConversationListViewController.h */ = {isa = PBXFileReference; fileEncoding = 4; lastKnownFileType = sourcecode.c.h; path = BJConversationListViewController.h; sourceTree = "<group>"; };
		255206A11B57AFC7007B34C4 /* BJConversationListViewController.m */ = {isa = PBXFileReference; fileEncoding = 4; lastKnownFileType = sourcecode.c.objc; path = BJConversationListViewController.m; sourceTree = "<group>"; };
		31DE67A144DDD652919468A2 /* README.md */ = {isa = PBXFileReference; includeInIndex = 1; lastKnownFileType = net.daringfireball.markdown; name = README.md; path = ../README.md; sourceTree = "<group>"; };
		4C6E475EBFADD0326E2C4B93 /* LICENSE */ = {isa = PBXFileReference; includeInIndex = 1; lastKnownFileType = text; name = LICENSE; path = ../LICENSE; sourceTree = "<group>"; };
		5D2ADCAE4E9F06C218C22E20 /* Pods-BJHL-IM-iOS-SDK.release.xcconfig */ = {isa = PBXFileReference; includeInIndex = 1; lastKnownFileType = text.xcconfig; name = "Pods-BJHL-IM-iOS-SDK.release.xcconfig"; path = "Pods/Target Support Files/Pods-BJHL-IM-iOS-SDK/Pods-BJHL-IM-iOS-SDK.release.xcconfig"; sourceTree = "<group>"; };
		6003F58A195388D20070C39A /* BJHL-IM-iOS-SDK.app */ = {isa = PBXFileReference; explicitFileType = wrapper.application; includeInIndex = 0; path = "BJHL-IM-iOS-SDK.app"; sourceTree = BUILT_PRODUCTS_DIR; };
		6003F58D195388D20070C39A /* Foundation.framework */ = {isa = PBXFileReference; lastKnownFileType = wrapper.framework; name = Foundation.framework; path = System/Library/Frameworks/Foundation.framework; sourceTree = SDKROOT; };
		6003F58F195388D20070C39A /* CoreGraphics.framework */ = {isa = PBXFileReference; lastKnownFileType = wrapper.framework; name = CoreGraphics.framework; path = System/Library/Frameworks/CoreGraphics.framework; sourceTree = SDKROOT; };
		6003F591195388D20070C39A /* UIKit.framework */ = {isa = PBXFileReference; lastKnownFileType = wrapper.framework; name = UIKit.framework; path = System/Library/Frameworks/UIKit.framework; sourceTree = SDKROOT; };
		6003F595195388D20070C39A /* BJHL-IM-iOS-SDK-Info.plist */ = {isa = PBXFileReference; lastKnownFileType = text.plist.xml; path = "BJHL-IM-iOS-SDK-Info.plist"; sourceTree = "<group>"; };
		6003F597195388D20070C39A /* en */ = {isa = PBXFileReference; lastKnownFileType = text.plist.strings; name = en; path = en.lproj/InfoPlist.strings; sourceTree = "<group>"; };
		6003F599195388D20070C39A /* main.m */ = {isa = PBXFileReference; lastKnownFileType = sourcecode.c.objc; path = main.m; sourceTree = "<group>"; };
		6003F59B195388D20070C39A /* BJHL-IM-iOS-SDK-Prefix.pch */ = {isa = PBXFileReference; lastKnownFileType = sourcecode.c.h; path = "BJHL-IM-iOS-SDK-Prefix.pch"; sourceTree = "<group>"; };
		6003F59C195388D20070C39A /* BJIMAppDelegate.h */ = {isa = PBXFileReference; lastKnownFileType = sourcecode.c.h; path = BJIMAppDelegate.h; sourceTree = "<group>"; };
		6003F59D195388D20070C39A /* BJIMAppDelegate.m */ = {isa = PBXFileReference; lastKnownFileType = sourcecode.c.objc; path = BJIMAppDelegate.m; sourceTree = "<group>"; };
		6003F5A0195388D20070C39A /* Base */ = {isa = PBXFileReference; lastKnownFileType = file.storyboard; name = Base; path = Base.lproj/Main_iPhone.storyboard; sourceTree = "<group>"; };
		6003F5A3195388D20070C39A /* Base */ = {isa = PBXFileReference; lastKnownFileType = file.storyboard; name = Base; path = Base.lproj/Main_iPad.storyboard; sourceTree = "<group>"; };
		6003F5A5195388D20070C39A /* BJIMViewController.h */ = {isa = PBXFileReference; lastKnownFileType = sourcecode.c.h; path = BJIMViewController.h; sourceTree = "<group>"; };
		6003F5A6195388D20070C39A /* BJIMViewController.m */ = {isa = PBXFileReference; lastKnownFileType = sourcecode.c.objc; path = BJIMViewController.m; sourceTree = "<group>"; };
		6003F5A8195388D20070C39A /* Images.xcassets */ = {isa = PBXFileReference; lastKnownFileType = folder.assetcatalog; path = Images.xcassets; sourceTree = "<group>"; };
		6003F5AE195388D20070C39A /* Tests.xctest */ = {isa = PBXFileReference; explicitFileType = wrapper.cfbundle; includeInIndex = 0; path = Tests.xctest; sourceTree = BUILT_PRODUCTS_DIR; };
		6003F5AF195388D20070C39A /* XCTest.framework */ = {isa = PBXFileReference; lastKnownFileType = wrapper.framework; name = XCTest.framework; path = Library/Frameworks/XCTest.framework; sourceTree = DEVELOPER_DIR; };
		6003F5B7195388D20070C39A /* Tests-Info.plist */ = {isa = PBXFileReference; lastKnownFileType = text.plist.xml; path = "Tests-Info.plist"; sourceTree = "<group>"; };
		6003F5B9195388D20070C39A /* en */ = {isa = PBXFileReference; lastKnownFileType = text.plist.strings; name = en; path = en.lproj/InfoPlist.strings; sourceTree = "<group>"; };
		6003F5BB195388D20070C39A /* Tests.m */ = {isa = PBXFileReference; lastKnownFileType = sourcecode.c.objc; path = Tests.m; sourceTree = "<group>"; };
		606FC2411953D9B200FFA9A0 /* Tests-Prefix.pch */ = {isa = PBXFileReference; lastKnownFileType = sourcecode.c.h; path = "Tests-Prefix.pch"; sourceTree = "<group>"; };
		70B42517535184E74628C63F /* libPods-Tests.a */ = {isa = PBXFileReference; explicitFileType = archive.ar; includeInIndex = 0; path = "libPods-Tests.a"; sourceTree = BUILT_PRODUCTS_DIR; };
		950E2D991B5D1A7D00DC79F2 /* BJConversationTableViewCell.h */ = {isa = PBXFileReference; fileEncoding = 4; lastKnownFileType = sourcecode.c.h; name = BJConversationTableViewCell.h; path = "BJHL-IM-iOS-SDK/BJConversationTableViewCell.h"; sourceTree = SOURCE_ROOT; };
		950E2D9A1B5D1A7D00DC79F2 /* BJConversationTableViewCell.m */ = {isa = PBXFileReference; fileEncoding = 4; lastKnownFileType = sourcecode.c.objc; name = BJConversationTableViewCell.m; path = "BJHL-IM-iOS-SDK/BJConversationTableViewCell.m"; sourceTree = SOURCE_ROOT; };
		9552CEF61B7B2B0A001E8D4C /* .gitignore */ = {isa = PBXFileReference; fileEncoding = 4; lastKnownFileType = text; path = .gitignore; sourceTree = "<group>"; };
		9552CEF71B7B2B0A001E8D4C /* BJChatUtilsMacro.h */ = {isa = PBXFileReference; fileEncoding = 4; lastKnownFileType = sourcecode.c.h; path = BJChatUtilsMacro.h; sourceTree = "<group>"; };
		9552CEF81B7B2B0A001E8D4C /* BJIMConstantKit.h */ = {isa = PBXFileReference; fileEncoding = 4; lastKnownFileType = sourcecode.c.h; path = BJIMConstantKit.h; sourceTree = "<group>"; };
		9552CEF91B7B2B0A001E8D4C /* BJIMKit.h */ = {isa = PBXFileReference; fileEncoding = 4; lastKnownFileType = sourcecode.c.h; path = BJIMKit.h; sourceTree = "<group>"; };
		9552CEFB1B7B2B0A001E8D4C /* BJChatViewController.h */ = {isa = PBXFileReference; fileEncoding = 4; lastKnownFileType = sourcecode.c.h; path = BJChatViewController.h; sourceTree = "<group>"; };
		9552CEFC1B7B2B0A001E8D4C /* BJChatViewController.m */ = {isa = PBXFileReference; fileEncoding = 4; lastKnownFileType = sourcecode.c.objc; path = BJChatViewController.m; sourceTree = "<group>"; };
		9552CEFE1B7B2B0A001E8D4C /* BJAudioChatCell.h */ = {isa = PBXFileReference; fileEncoding = 4; lastKnownFileType = sourcecode.c.h; path = BJAudioChatCell.h; sourceTree = "<group>"; };
		9552CEFF1B7B2B0A001E8D4C /* BJAudioChatCell.m */ = {isa = PBXFileReference; fileEncoding = 4; lastKnownFileType = sourcecode.c.objc; path = BJAudioChatCell.m; sourceTree = "<group>"; };
		9552CF001B7B2B0A001E8D4C /* BJAudioShowCalculation.h */ = {isa = PBXFileReference; fileEncoding = 4; lastKnownFileType = sourcecode.c.h; path = BJAudioShowCalculation.h; sourceTree = "<group>"; };
		9552CF011B7B2B0A001E8D4C /* BJAudioShowCalculation.m */ = {isa = PBXFileReference; fileEncoding = 4; lastKnownFileType = sourcecode.c.objc; path = BJAudioShowCalculation.m; sourceTree = "<group>"; };
		9552CF021B7B2B0A001E8D4C /* BJCardChatCell.h */ = {isa = PBXFileReference; fileEncoding = 4; lastKnownFileType = sourcecode.c.h; path = BJCardChatCell.h; sourceTree = "<group>"; };
		9552CF031B7B2B0A001E8D4C /* BJCardChatCell.m */ = {isa = PBXFileReference; fileEncoding = 4; lastKnownFileType = sourcecode.c.objc; path = BJCardChatCell.m; sourceTree = "<group>"; };
		9552CF041B7B2B0A001E8D4C /* BJChatBaseCell.h */ = {isa = PBXFileReference; fileEncoding = 4; lastKnownFileType = sourcecode.c.h; path = BJChatBaseCell.h; sourceTree = "<group>"; };
		9552CF051B7B2B0A001E8D4C /* BJChatBaseCell.m */ = {isa = PBXFileReference; fileEncoding = 4; lastKnownFileType = sourcecode.c.objc; path = BJChatBaseCell.m; sourceTree = "<group>"; };
		9552CF061B7B2B0A001E8D4C /* BJChatCellFactory.h */ = {isa = PBXFileReference; fileEncoding = 4; lastKnownFileType = sourcecode.c.h; path = BJChatCellFactory.h; sourceTree = "<group>"; };
		9552CF071B7B2B0A001E8D4C /* BJChatCellFactory.m */ = {isa = PBXFileReference; fileEncoding = 4; lastKnownFileType = sourcecode.c.objc; path = BJChatCellFactory.m; sourceTree = "<group>"; };
		9552CF081B7B2B0A001E8D4C /* BJChatTimeCell.h */ = {isa = PBXFileReference; fileEncoding = 4; lastKnownFileType = sourcecode.c.h; path = BJChatTimeCell.h; sourceTree = "<group>"; };
		9552CF091B7B2B0A001E8D4C /* BJChatTimeCell.m */ = {isa = PBXFileReference; fileEncoding = 4; lastKnownFileType = sourcecode.c.objc; path = BJChatTimeCell.m; sourceTree = "<group>"; };
		9552CF0A1B7B2B0A001E8D4C /* BJChatUnSupportCell.h */ = {isa = PBXFileReference; fileEncoding = 4; lastKnownFileType = sourcecode.c.h; path = BJChatUnSupportCell.h; sourceTree = "<group>"; };
		9552CF0B1B7B2B0A001E8D4C /* BJChatUnSupportCell.m */ = {isa = PBXFileReference; fileEncoding = 4; lastKnownFileType = sourcecode.c.objc; path = BJChatUnSupportCell.m; sourceTree = "<group>"; };
		9552CF0C1B7B2B0A001E8D4C /* BJChatViewCellProtocol.h */ = {isa = PBXFileReference; fileEncoding = 4; lastKnownFileType = sourcecode.c.h; path = BJChatViewCellProtocol.h; sourceTree = "<group>"; };
		9552CF0D1B7B2B0A001E8D4C /* BJEmojiChatCell.h */ = {isa = PBXFileReference; fileEncoding = 4; lastKnownFileType = sourcecode.c.h; path = BJEmojiChatCell.h; sourceTree = "<group>"; };
		9552CF0E1B7B2B0A001E8D4C /* BJEmojiChatCell.m */ = {isa = PBXFileReference; fileEncoding = 4; lastKnownFileType = sourcecode.c.objc; path = BJEmojiChatCell.m; sourceTree = "<group>"; };
		9552CF0F1B7B2B0A001E8D4C /* BJGossipTableViewCell.h */ = {isa = PBXFileReference; fileEncoding = 4; lastKnownFileType = sourcecode.c.h; path = BJGossipTableViewCell.h; sourceTree = "<group>"; };
		9552CF101B7B2B0A001E8D4C /* BJGossipTableViewCell.m */ = {isa = PBXFileReference; fileEncoding = 4; lastKnownFileType = sourcecode.c.objc; path = BJGossipTableViewCell.m; sourceTree = "<group>"; };
		9552CF111B7B2B0A001E8D4C /* BJImageChatCell.h */ = {isa = PBXFileReference; fileEncoding = 4; lastKnownFileType = sourcecode.c.h; path = BJImageChatCell.h; sourceTree = "<group>"; };
		9552CF121B7B2B0A001E8D4C /* BJImageChatCell.m */ = {isa = PBXFileReference; fileEncoding = 4; lastKnownFileType = sourcecode.c.objc; path = BJImageChatCell.m; sourceTree = "<group>"; };
		9552CF131B7B2B0A001E8D4C /* BJTextChatCell.h */ = {isa = PBXFileReference; fileEncoding = 4; lastKnownFileType = sourcecode.c.h; path = BJTextChatCell.h; sourceTree = "<group>"; };
		9552CF141B7B2B0A001E8D4C /* BJTextChatCell.m */ = {isa = PBXFileReference; fileEncoding = 4; lastKnownFileType = sourcecode.c.objc; path = BJTextChatCell.m; sourceTree = "<group>"; };
		9552CF161B7B2B0A001E8D4C /* BJChatInputBarViewController+BJRecordView.h */ = {isa = PBXFileReference; fileEncoding = 4; lastKnownFileType = sourcecode.c.h; path = "BJChatInputBarViewController+BJRecordView.h"; sourceTree = "<group>"; };
		9552CF171B7B2B0A001E8D4C /* BJChatInputBarViewController+BJRecordView.m */ = {isa = PBXFileReference; fileEncoding = 4; lastKnownFileType = sourcecode.c.objc; path = "BJChatInputBarViewController+BJRecordView.m"; sourceTree = "<group>"; };
		9552CF181B7B2B0A001E8D4C /* BJChatInputBarViewController.h */ = {isa = PBXFileReference; fileEncoding = 4; lastKnownFileType = sourcecode.c.h; path = BJChatInputBarViewController.h; sourceTree = "<group>"; };
		9552CF191B7B2B0A001E8D4C /* BJChatInputBarViewController.m */ = {isa = PBXFileReference; fileEncoding = 4; lastKnownFileType = sourcecode.c.objc; path = BJChatInputBarViewController.m; sourceTree = "<group>"; };
		9552CF1A1B7B2B0A001E8D4C /* BJChatInputBaseViewController.h */ = {isa = PBXFileReference; fileEncoding = 4; lastKnownFileType = sourcecode.c.h; path = BJChatInputBaseViewController.h; sourceTree = "<group>"; };
		9552CF1B1B7B2B0A001E8D4C /* BJChatInputBaseViewController.m */ = {isa = PBXFileReference; fileEncoding = 4; lastKnownFileType = sourcecode.c.objc; path = BJChatInputBaseViewController.m; sourceTree = "<group>"; };
		9552CF1C1B7B2B0A001E8D4C /* BJChatInputEmojiViewController.h */ = {isa = PBXFileReference; fileEncoding = 4; lastKnownFileType = sourcecode.c.h; path = BJChatInputEmojiViewController.h; sourceTree = "<group>"; };
		9552CF1D1B7B2B0A001E8D4C /* BJChatInputEmojiViewController.m */ = {isa = PBXFileReference; fileEncoding = 4; lastKnownFileType = sourcecode.c.objc; path = BJChatInputEmojiViewController.m; sourceTree = "<group>"; };
		9552CF1E1B7B2B0A001E8D4C /* BJChatInputMoreViewController.h */ = {isa = PBXFileReference; fileEncoding = 4; lastKnownFileType = sourcecode.c.h; path = BJChatInputMoreViewController.h; sourceTree = "<group>"; };
		9552CF1F1B7B2B0A001E8D4C /* BJChatInputMoreViewController.m */ = {isa = PBXFileReference; fileEncoding = 4; lastKnownFileType = sourcecode.c.objc; path = BJChatInputMoreViewController.m; sourceTree = "<group>"; };
		9552CF201B7B2B0A001E8D4C /* BJChatInputProtocol.h */ = {isa = PBXFileReference; fileEncoding = 4; lastKnownFileType = sourcecode.c.h; path = BJChatInputProtocol.h; sourceTree = "<group>"; };
		9552CF211B7B2B0A001E8D4C /* BJMessageTextView.h */ = {isa = PBXFileReference; fileEncoding = 4; lastKnownFileType = sourcecode.c.h; path = BJMessageTextView.h; sourceTree = "<group>"; };
		9552CF221B7B2B0A001E8D4C /* BJMessageTextView.m */ = {isa = PBXFileReference; fileEncoding = 4; lastKnownFileType = sourcecode.c.objc; path = BJMessageTextView.m; sourceTree = "<group>"; };
		9552CF231B7B2B0A001E8D4C /* ChatInputMore.plist */ = {isa = PBXFileReference; fileEncoding = 4; lastKnownFileType = text.plist.xml; path = ChatInputMore.plist; sourceTree = "<group>"; };
		9552CF251B7B2B0A001E8D4C /* BJFaceView.h */ = {isa = PBXFileReference; fileEncoding = 4; lastKnownFileType = sourcecode.c.h; path = BJFaceView.h; sourceTree = "<group>"; };
		9552CF261B7B2B0A001E8D4C /* BJFaceView.m */ = {isa = PBXFileReference; fileEncoding = 4; lastKnownFileType = sourcecode.c.objc; path = BJFaceView.m; sourceTree = "<group>"; };
		9552CF271B7B2B0A001E8D4C /* BJFacialView.h */ = {isa = PBXFileReference; fileEncoding = 4; lastKnownFileType = sourcecode.c.h; path = BJFacialView.h; sourceTree = "<group>"; };
		9552CF281B7B2B0A001E8D4C /* BJFacialView.m */ = {isa = PBXFileReference; fileEncoding = 4; lastKnownFileType = sourcecode.c.objc; path = BJFacialView.m; sourceTree = "<group>"; };
		9552CF291B7B2B0A001E8D4C /* emj.plist */ = {isa = PBXFileReference; fileEncoding = 4; lastKnownFileType = text.plist.xml; path = emj.plist; sourceTree = "<group>"; };
		9552CF2B1B7B2B0A001E8D4C /* BJRecordView.h */ = {isa = PBXFileReference; fileEncoding = 4; lastKnownFileType = sourcecode.c.h; path = BJRecordView.h; sourceTree = "<group>"; };
		9552CF2C1B7B2B0A001E8D4C /* BJRecordView.m */ = {isa = PBXFileReference; fileEncoding = 4; lastKnownFileType = sourcecode.c.objc; path = BJRecordView.m; sourceTree = "<group>"; };
		9552CF2E1B7B2B0A001E8D4C /* bg_messages_blue_n@2x.png */ = {isa = PBXFileReference; lastKnownFileType = image.png; path = "bg_messages_blue_n@2x.png"; sourceTree = "<group>"; };
		9552CF2F1B7B2B0A001E8D4C /* bg_messages_gray_n@2x.png */ = {isa = PBXFileReference; lastKnownFileType = image.png; path = "bg_messages_gray_n@2x.png"; sourceTree = "<group>"; };
		9552CF301B7B2B0A001E8D4C /* bg_speech_gre_nor@2x.png */ = {isa = PBXFileReference; lastKnownFileType = image.png; path = "bg_speech_gre_nor@2x.png"; sourceTree = "<group>"; };
		9552CF311B7B2B0A001E8D4C /* bg_speech_gre_pr@2x.png */ = {isa = PBXFileReference; lastKnownFileType = image.png; path = "bg_speech_gre_pr@2x.png"; sourceTree = "<group>"; };
		9552CF321B7B2B0A001E8D4C /* bg_speech_nor@2x.png */ = {isa = PBXFileReference; lastKnownFileType = image.png; path = "bg_speech_nor@2x.png"; sourceTree = "<group>"; };
		9552CF331B7B2B0A001E8D4C /* bg_speech_pr@2x.png */ = {isa = PBXFileReference; lastKnownFileType = image.png; path = "bg_speech_pr@2x.png"; sourceTree = "<group>"; };
		9552CF341B7B2B0A001E8D4C /* bg_white@2x.png */ = {isa = PBXFileReference; lastKnownFileType = image.png; path = "bg_white@2x.png"; sourceTree = "<group>"; };
		9552CF361B7B2B0A001E8D4C /* emoji_appearance.gif */ = {isa = PBXFileReference; lastKnownFileType = image.gif; path = emoji_appearance.gif; sourceTree = "<group>"; };
		9552CF371B7B2B0A001E8D4C /* emoji_cry.gif */ = {isa = PBXFileReference; lastKnownFileType = image.gif; path = emoji_cry.gif; sourceTree = "<group>"; };
		9552CF381B7B2B0A001E8D4C /* emoji_doubt.gif */ = {isa = PBXFileReference; lastKnownFileType = image.gif; path = emoji_doubt.gif; sourceTree = "<group>"; };
		9552CF391B7B2B0A001E8D4C /* emoji_embarrassed.gif */ = {isa = PBXFileReference; lastKnownFileType = image.gif; path = emoji_embarrassed.gif; sourceTree = "<group>"; };
		9552CF3A1B7B2B0A001E8D4C /* emoji_exhausted.gif */ = {isa = PBXFileReference; lastKnownFileType = image.gif; path = emoji_exhausted.gif; sourceTree = "<group>"; };
		9552CF3B1B7B2B0A001E8D4C /* emoji_giggle.gif */ = {isa = PBXFileReference; lastKnownFileType = image.gif; path = emoji_giggle.gif; sourceTree = "<group>"; };
		9552CF3C1B7B2B0A001E8D4C /* emoji_heartstopper.gif */ = {isa = PBXFileReference; lastKnownFileType = image.gif; path = emoji_heartstopper.gif; sourceTree = "<group>"; };
		9552CF3D1B7B2B0A001E8D4C /* emoji_naughty.gif */ = {isa = PBXFileReference; lastKnownFileType = image.gif; path = emoji_naughty.gif; sourceTree = "<group>"; };
		9552CF3E1B7B2B0A001E8D4C /* emoji_owl@2x.png */ = {isa = PBXFileReference; lastKnownFileType = image.png; path = "emoji_owl@2x.png"; sourceTree = "<group>"; };
		9552CF3F1B7B2B0A001E8D4C /* emoji_powerful.gif */ = {isa = PBXFileReference; lastKnownFileType = image.gif; path = emoji_powerful.gif; sourceTree = "<group>"; };
		9552CF401B7B2B0A001E8D4C /* emoji_proud.gif */ = {isa = PBXFileReference; lastKnownFileType = image.gif; path = emoji_proud.gif; sourceTree = "<group>"; };
		9552CF411B7B2B0A001E8D4C /* emoji_smile.gif */ = {isa = PBXFileReference; lastKnownFileType = image.gif; path = emoji_smile.gif; sourceTree = "<group>"; };
		9552CF421B7B2B0A001E8D4C /* emoji_speechless.gif */ = {isa = PBXFileReference; lastKnownFileType = image.gif; path = emoji_speechless.gif; sourceTree = "<group>"; };
		9552CF431B7B2B0A001E8D4C /* emoji_struggle.gif */ = {isa = PBXFileReference; lastKnownFileType = image.gif; path = emoji_struggle.gif; sourceTree = "<group>"; };
		9552CF441B7B2B0A001E8D4C /* emoji_surprise.gif */ = {isa = PBXFileReference; lastKnownFileType = image.gif; path = emoji_surprise.gif; sourceTree = "<group>"; };
		9552CF451B7B2B0A001E8D4C /* emoji_weighs.gif */ = {isa = PBXFileReference; lastKnownFileType = image.gif; path = emoji_weighs.gif; sourceTree = "<group>"; };
		9552CF461B7B2B0A001E8D4C /* emoji_worship.gif */ = {isa = PBXFileReference; lastKnownFileType = image.gif; path = emoji_worship.gif; sourceTree = "<group>"; };
		9552CF471B7B2B0A001E8D4C /* ic_add_normal@2x.png */ = {isa = PBXFileReference; lastKnownFileType = image.png; path = "ic_add_normal@2x.png"; sourceTree = "<group>"; };
		9552CF481B7B2B0A001E8D4C /* ic_add_press@2x.png */ = {isa = PBXFileReference; lastKnownFileType = image.png; path = "ic_add_press@2x.png"; sourceTree = "<group>"; };
		9552CF491B7B2B0A001E8D4C /* ic_camera_normal@2x.png */ = {isa = PBXFileReference; lastKnownFileType = image.png; path = "ic_camera_normal@2x.png"; sourceTree = "<group>"; };
		9552CF4A1B7B2B0A001E8D4C /* ic_camera_press@2x.png */ = {isa = PBXFileReference; lastKnownFileType = image.png; path = "ic_camera_press@2x.png"; sourceTree = "<group>"; };
		9552CF4B1B7B2B0A001E8D4C /* ic_expression_normal@2x.png */ = {isa = PBXFileReference; lastKnownFileType = image.png; path = "ic_expression_normal@2x.png"; sourceTree = "<group>"; };
		9552CF4C1B7B2B0A001E8D4C /* ic_expression_press@2x.png */ = {isa = PBXFileReference; lastKnownFileType = image.png; path = "ic_expression_press@2x.png"; sourceTree = "<group>"; };
		9552CF4D1B7B2B0A001E8D4C /* ic_image_failure_dark@2x.png */ = {isa = PBXFileReference; lastKnownFileType = image.png; path = "ic_image_failure_dark@2x.png"; sourceTree = "<group>"; };
		9552CF4E1B7B2B0A001E8D4C /* ic_image_failure_small@2x.png */ = {isa = PBXFileReference; lastKnownFileType = image.png; path = "ic_image_failure_small@2x.png"; sourceTree = "<group>"; };
		9552CF4F1B7B2B0A001E8D4C /* ic_keyboard_nor_@2x.png */ = {isa = PBXFileReference; lastKnownFileType = image.png; path = "ic_keyboard_nor_@2x.png"; sourceTree = "<group>"; };
		9552CF501B7B2B0A001E8D4C /* ic_keyboard_pre_@2x.png */ = {isa = PBXFileReference; lastKnownFileType = image.png; path = "ic_keyboard_pre_@2x.png"; sourceTree = "<group>"; };
		9552CF511B7B2B0A001E8D4C /* ic_microphone_nor_@2x.png */ = {isa = PBXFileReference; lastKnownFileType = image.png; path = "ic_microphone_nor_@2x.png"; sourceTree = "<group>"; };
		9552CF521B7B2B0A001E8D4C /* ic_microphone_pre_@2x.png */ = {isa = PBXFileReference; lastKnownFileType = image.png; path = "ic_microphone_pre_@2x.png"; sourceTree = "<group>"; };
		9552CF531B7B2B0A001E8D4C /* ic_picture_normal@2x.png */ = {isa = PBXFileReference; lastKnownFileType = image.png; path = "ic_picture_normal@2x.png"; sourceTree = "<group>"; };
		9552CF541B7B2B0A001E8D4C /* ic_picture_press@2x.png */ = {isa = PBXFileReference; lastKnownFileType = image.png; path = "ic_picture_press@2x.png"; sourceTree = "<group>"; };
		9552CF551B7B2B0A001E8D4C /* ic_volume_1@2x.png */ = {isa = PBXFileReference; lastKnownFileType = image.png; path = "ic_volume_1@2x.png"; sourceTree = "<group>"; };
		9552CF561B7B2B0A001E8D4C /* ic_volume_2@2x.png */ = {isa = PBXFileReference; lastKnownFileType = image.png; path = "ic_volume_2@2x.png"; sourceTree = "<group>"; };
		9552CF571B7B2B0A001E8D4C /* ic_volume_3@2x.png */ = {isa = PBXFileReference; lastKnownFileType = image.png; path = "ic_volume_3@2x.png"; sourceTree = "<group>"; };
		9552CF581B7B2B0A001E8D4C /* ic_volume_4@2x.png */ = {isa = PBXFileReference; lastKnownFileType = image.png; path = "ic_volume_4@2x.png"; sourceTree = "<group>"; };
		9552CF591B7B2B0A001E8D4C /* ic_volume_5@2x.png */ = {isa = PBXFileReference; lastKnownFileType = image.png; path = "ic_volume_5@2x.png"; sourceTree = "<group>"; };
		9552CF5A1B7B2B0A001E8D4C /* ic_volume_6@2x.png */ = {isa = PBXFileReference; lastKnownFileType = image.png; path = "ic_volume_6@2x.png"; sourceTree = "<group>"; };
		9552CF5B1B7B2B0A001E8D4C /* ic_volume_gary@2x.png */ = {isa = PBXFileReference; lastKnownFileType = image.png; path = "ic_volume_gary@2x.png"; sourceTree = "<group>"; };
		9552CF5C1B7B2B0A001E8D4C /* ic_volume_gre@2x.png */ = {isa = PBXFileReference; lastKnownFileType = image.png; path = "ic_volume_gre@2x.png"; sourceTree = "<group>"; };
		9552CF5D1B7B2B0A001E8D4C /* ic_volume_li_gary1@2x.png */ = {isa = PBXFileReference; lastKnownFileType = image.png; path = "ic_volume_li_gary1@2x.png"; sourceTree = "<group>"; };
		9552CF5E1B7B2B0A001E8D4C /* ic_volume_li_gary2@2x.png */ = {isa = PBXFileReference; lastKnownFileType = image.png; path = "ic_volume_li_gary2@2x.png"; sourceTree = "<group>"; };
		9552CF5F1B7B2B0A001E8D4C /* ic_volume_li_gary3@2x.png */ = {isa = PBXFileReference; lastKnownFileType = image.png; path = "ic_volume_li_gary3@2x.png"; sourceTree = "<group>"; };
		9552CF601B7B2B0A001E8D4C /* ic_volume_li_gre1@2x.png */ = {isa = PBXFileReference; lastKnownFileType = image.png; path = "ic_volume_li_gre1@2x.png"; sourceTree = "<group>"; };
		9552CF611B7B2B0A001E8D4C /* ic_volume_li_gre2@2x.png */ = {isa = PBXFileReference; lastKnownFileType = image.png; path = "ic_volume_li_gre2@2x.png"; sourceTree = "<group>"; };
		9552CF621B7B2B0A001E8D4C /* ic_volume_li_gre3@2x.png */ = {isa = PBXFileReference; lastKnownFileType = image.png; path = "ic_volume_li_gre3@2x.png"; sourceTree = "<group>"; };
		9552CF631B7B2B0A001E8D4C /* ic_volume_ri_gary1@2x.png */ = {isa = PBXFileReference; lastKnownFileType = image.png; path = "ic_volume_ri_gary1@2x.png"; sourceTree = "<group>"; };
		9552CF641B7B2B0A001E8D4C /* ic_volume_ri_gary2@2x.png */ = {isa = PBXFileReference; lastKnownFileType = image.png; path = "ic_volume_ri_gary2@2x.png"; sourceTree = "<group>"; };
		9552CF651B7B2B0A001E8D4C /* ic_volume_ri_gary3@2x.png */ = {isa = PBXFileReference; lastKnownFileType = image.png; path = "ic_volume_ri_gary3@2x.png"; sourceTree = "<group>"; };
		9552CF661B7B2B0A001E8D4C /* ic_volume_ri_gre1@2x.png */ = {isa = PBXFileReference; lastKnownFileType = image.png; path = "ic_volume_ri_gre1@2x.png"; sourceTree = "<group>"; };
		9552CF671B7B2B0A001E8D4C /* ic_volume_ri_gre2@2x.png */ = {isa = PBXFileReference; lastKnownFileType = image.png; path = "ic_volume_ri_gre2@2x.png"; sourceTree = "<group>"; };
		9552CF681B7B2B0A001E8D4C /* ic_volume_ri_gre3@2x.png */ = {isa = PBXFileReference; lastKnownFileType = image.png; path = "ic_volume_ri_gre3@2x.png"; sourceTree = "<group>"; };
		9552CF691B7B2B0A001E8D4C /* ic_warn_nor@2x.png */ = {isa = PBXFileReference; lastKnownFileType = image.png; path = "ic_warn_nor@2x.png"; sourceTree = "<group>"; };
		9552CF6A1B7B2B0A001E8D4C /* img_head_default@2x.png */ = {isa = PBXFileReference; lastKnownFileType = image.png; path = "img_head_default@2x.png"; sourceTree = "<group>"; };
		9552CF6B1B7B2B0A001E8D4C /* messageToolbarBg@2x.png */ = {isa = PBXFileReference; lastKnownFileType = image.png; path = "messageToolbarBg@2x.png"; sourceTree = "<group>"; };
		9552CF6D1B7B2B0A001E8D4C /* BJChatDraft.h */ = {isa = PBXFileReference; fileEncoding = 4; lastKnownFileType = sourcecode.c.h; path = BJChatDraft.h; sourceTree = "<group>"; };
		9552CF6E1B7B2B0A001E8D4C /* BJChatDraft.m */ = {isa = PBXFileReference; fileEncoding = 4; lastKnownFileType = sourcecode.c.objc; path = BJChatDraft.m; sourceTree = "<group>"; };
		9552CF6F1B7B2B0A001E8D4C /* BJChatInfo.h */ = {isa = PBXFileReference; fileEncoding = 4; lastKnownFileType = sourcecode.c.h; path = BJChatInfo.h; sourceTree = "<group>"; };
		9552CF701B7B2B0A001E8D4C /* BJChatInfo.m */ = {isa = PBXFileReference; fileEncoding = 4; lastKnownFileType = sourcecode.c.objc; path = BJChatInfo.m; sourceTree = "<group>"; };
		9552CF711B7B2B0A001E8D4C /* BJContactInfoProtocol.h */ = {isa = PBXFileReference; fileEncoding = 4; lastKnownFileType = sourcecode.c.h; path = BJContactInfoProtocol.h; sourceTree = "<group>"; };
		9552CF721B7B2B0A001E8D4C /* CardSimpleItem.h */ = {isa = PBXFileReference; fileEncoding = 4; lastKnownFileType = sourcecode.c.h; path = CardSimpleItem.h; sourceTree = "<group>"; };
		9552CF731B7B2B0A001E8D4C /* CardSimpleItem.m */ = {isa = PBXFileReference; fileEncoding = 4; lastKnownFileType = sourcecode.c.objc; path = CardSimpleItem.m; sourceTree = "<group>"; };
		9552CF741B7B2B0A001E8D4C /* IM.xcdatamodel */ = {isa = PBXFileReference; lastKnownFileType = wrapper.xcdatamodel; path = IM.xcdatamodel; sourceTree = "<group>"; };
		9552CF761B7B2B0A001E8D4C /* BJActionCollectionViewCell.h */ = {isa = PBXFileReference; fileEncoding = 4; lastKnownFileType = sourcecode.c.h; path = BJActionCollectionViewCell.h; sourceTree = "<group>"; };
		9552CF771B7B2B0A001E8D4C /* BJActionCollectionViewCell.m */ = {isa = PBXFileReference; fileEncoding = 4; lastKnownFileType = sourcecode.c.objc; path = BJActionCollectionViewCell.m; sourceTree = "<group>"; };
		9552CF781B7B2B0A001E8D4C /* BJActionCollectionViewCell.xib */ = {isa = PBXFileReference; fileEncoding = 4; lastKnownFileType = file.xib; path = BJActionCollectionViewCell.xib; sourceTree = "<group>"; };
		9552CF791B7B2B0A001E8D4C /* BJAttributedHighlightLabel.h */ = {isa = PBXFileReference; fileEncoding = 4; lastKnownFileType = sourcecode.c.h; path = BJAttributedHighlightLabel.h; sourceTree = "<group>"; };
		9552CF7A1B7B2B0A001E8D4C /* BJAttributedHighlightLabel.m */ = {isa = PBXFileReference; fileEncoding = 4; lastKnownFileType = sourcecode.c.objc; path = BJAttributedHighlightLabel.m; sourceTree = "<group>"; };
		9552CF7C1B7B2B0A001E8D4C /* BJChatAudioPlayerHelper.h */ = {isa = PBXFileReference; fileEncoding = 4; lastKnownFileType = sourcecode.c.h; path = BJChatAudioPlayerHelper.h; sourceTree = "<group>"; };
		9552CF7D1B7B2B0A001E8D4C /* BJChatAudioPlayerHelper.m */ = {isa = PBXFileReference; fileEncoding = 4; lastKnownFileType = sourcecode.c.objc; path = BJChatAudioPlayerHelper.m; sourceTree = "<group>"; };
		9552CF7E1B7B2B0A001E8D4C /* BJChatFileCacheManager.h */ = {isa = PBXFileReference; fileEncoding = 4; lastKnownFileType = sourcecode.c.h; path = BJChatFileCacheManager.h; sourceTree = "<group>"; };
		9552CF7F1B7B2B0A001E8D4C /* BJChatFileCacheManager.m */ = {isa = PBXFileReference; fileEncoding = 4; lastKnownFileType = sourcecode.c.objc; path = BJChatFileCacheManager.m; sourceTree = "<group>"; };
		9552CF801B7B2B0A001E8D4C /* BJChatLimitMacro.h */ = {isa = PBXFileReference; fileEncoding = 4; lastKnownFileType = sourcecode.c.h; path = BJChatLimitMacro.h; sourceTree = "<group>"; };
		9552CF811B7B2B0A001E8D4C /* BJChatLimitMacro.m */ = {isa = PBXFileReference; fileEncoding = 4; lastKnownFileType = sourcecode.c.objc; path = BJChatLimitMacro.m; sourceTree = "<group>"; };
		9552CF821B7B2B0A001E8D4C /* BJChatViewController+BrowserHelper.h */ = {isa = PBXFileReference; fileEncoding = 4; lastKnownFileType = sourcecode.c.h; path = "BJChatViewController+BrowserHelper.h"; sourceTree = "<group>"; };
		9552CF831B7B2B0A001E8D4C /* BJChatViewController+BrowserHelper.m */ = {isa = PBXFileReference; fileEncoding = 4; lastKnownFileType = sourcecode.c.objc; path = "BJChatViewController+BrowserHelper.m"; sourceTree = "<group>"; };
		9552CF841B7B2B0A001E8D4C /* BJExchangeIMModel.h */ = {isa = PBXFileReference; fileEncoding = 4; lastKnownFileType = sourcecode.c.h; path = BJExchangeIMModel.h; sourceTree = "<group>"; };
		9552CF851B7B2B0A001E8D4C /* BJExchangeIMModel.m */ = {isa = PBXFileReference; fileEncoding = 4; lastKnownFileType = sourcecode.c.objc; path = BJExchangeIMModel.m; sourceTree = "<group>"; };
		9552CF861B7B2B0A001E8D4C /* BJSendMessageHelper.h */ = {isa = PBXFileReference; fileEncoding = 4; lastKnownFileType = sourcecode.c.h; path = BJSendMessageHelper.h; sourceTree = "<group>"; };
		9552CF871B7B2B0A001E8D4C /* BJSendMessageHelper.m */ = {isa = PBXFileReference; fileEncoding = 4; lastKnownFileType = sourcecode.c.objc; path = BJSendMessageHelper.m; sourceTree = "<group>"; };
		9552CF881B7B2B0A001E8D4C /* Group+ViewModel.h */ = {isa = PBXFileReference; fileEncoding = 4; lastKnownFileType = sourcecode.c.h; path = "Group+ViewModel.h"; sourceTree = "<group>"; };
		9552CF891B7B2B0A001E8D4C /* Group+ViewModel.m */ = {isa = PBXFileReference; fileEncoding = 4; lastKnownFileType = sourcecode.c.objc; path = "Group+ViewModel.m"; sourceTree = "<group>"; };
		9552CF8A1B7B2B0A001E8D4C /* IMMessage+ViewModel.h */ = {isa = PBXFileReference; fileEncoding = 4; lastKnownFileType = sourcecode.c.h; path = "IMMessage+ViewModel.h"; sourceTree = "<group>"; };
		9552CF8B1B7B2B0A001E8D4C /* IMMessage+ViewModel.m */ = {isa = PBXFileReference; fileEncoding = 4; lastKnownFileType = sourcecode.c.objc; path = "IMMessage+ViewModel.m"; sourceTree = "<group>"; };
		9552CF8D1B7B2B0A001E8D4C /* UIImage+compressionSize.h */ = {isa = PBXFileReference; fileEncoding = 4; lastKnownFileType = sourcecode.c.h; path = "UIImage+compressionSize.h"; sourceTree = "<group>"; };
		9552CF8E1B7B2B0A001E8D4C /* UIImage+compressionSize.m */ = {isa = PBXFileReference; fileEncoding = 4; lastKnownFileType = sourcecode.c.objc; path = "UIImage+compressionSize.m"; sourceTree = "<group>"; };
		9552CF8F1B7B2B0A001E8D4C /* UIResponder+BJIMChatRouter.h */ = {isa = PBXFileReference; fileEncoding = 4; lastKnownFileType = sourcecode.c.h; path = "UIResponder+BJIMChatRouter.h"; sourceTree = "<group>"; };
		9552CF901B7B2B0A001E8D4C /* UIResponder+BJIMChatRouter.m */ = {isa = PBXFileReference; fileEncoding = 4; lastKnownFileType = sourcecode.c.objc; path = "UIResponder+BJIMChatRouter.m"; sourceTree = "<group>"; };
		9552CF911B7B2B0A001E8D4C /* User+ViewModel.h */ = {isa = PBXFileReference; fileEncoding = 4; lastKnownFileType = sourcecode.c.h; path = "User+ViewModel.h"; sourceTree = "<group>"; };
		9552CF921B7B2B0A001E8D4C /* User+ViewModel.m */ = {isa = PBXFileReference; fileEncoding = 4; lastKnownFileType = sourcecode.c.objc; path = "User+ViewModel.m"; sourceTree = "<group>"; };
		D5A93FC3807182589853DE32 /* BJHL-IM-iOS-SDK.podspec */ = {isa = PBXFileReference; includeInIndex = 1; lastKnownFileType = text; name = "BJHL-IM-iOS-SDK.podspec"; path = "../BJHL-IM-iOS-SDK.podspec"; sourceTree = "<group>"; };
		DFDE990F4FDB056A24DBA9C6 /* Pods-Tests.release.xcconfig */ = {isa = PBXFileReference; includeInIndex = 1; lastKnownFileType = text.xcconfig; name = "Pods-Tests.release.xcconfig"; path = "Pods/Target Support Files/Pods-Tests/Pods-Tests.release.xcconfig"; sourceTree = "<group>"; };
		FF511DA1B396C8FD68E20F39 /* libPods-BJHL-IM-iOS-SDK.a */ = {isa = PBXFileReference; explicitFileType = archive.ar; includeInIndex = 0; path = "libPods-BJHL-IM-iOS-SDK.a"; sourceTree = BUILT_PRODUCTS_DIR; };
/* End PBXFileReference section */

/* Begin PBXFrameworksBuildPhase section */
		6003F587195388D20070C39A /* Frameworks */ = {
			isa = PBXFrameworksBuildPhase;
			buildActionMask = 2147483647;
			files = (
				6003F590195388D20070C39A /* CoreGraphics.framework in Frameworks */,
				6003F592195388D20070C39A /* UIKit.framework in Frameworks */,
				6003F58E195388D20070C39A /* Foundation.framework in Frameworks */,
				1C1C79E7D3E2A7ECC23D7EAF /* libPods-BJHL-IM-iOS-SDK.a in Frameworks */,
			);
			runOnlyForDeploymentPostprocessing = 0;
		};
		6003F5AB195388D20070C39A /* Frameworks */ = {
			isa = PBXFrameworksBuildPhase;
			buildActionMask = 2147483647;
			files = (
				6003F5B0195388D20070C39A /* XCTest.framework in Frameworks */,
				6003F5B2195388D20070C39A /* UIKit.framework in Frameworks */,
				6003F5B1195388D20070C39A /* Foundation.framework in Frameworks */,
				45619B6F7E7337F86342075F /* libPods-Tests.a in Frameworks */,
			);
			runOnlyForDeploymentPostprocessing = 0;
		};
/* End PBXFrameworksBuildPhase section */

/* Begin PBXGroup section */
		2552069F1B57AFC7007B34C4 /* Conversation */ = {
			isa = PBXGroup;
			children = (
				255206A01B57AFC7007B34C4 /* BJConversationListViewController.h */,
				255206A11B57AFC7007B34C4 /* BJConversationListViewController.m */,
				950E2D991B5D1A7D00DC79F2 /* BJConversationTableViewCell.h */,
				950E2D9A1B5D1A7D00DC79F2 /* BJConversationTableViewCell.m */,
			);
			path = Conversation;
			sourceTree = "<group>";
		};
		5872C8EACEE0B4B50E814DAA /* Pods */ = {
			isa = PBXGroup;
			children = (
				1D279237435A9B5BE6A39168 /* Pods-BJHL-IM-iOS-SDK.debug.xcconfig */,
				5D2ADCAE4E9F06C218C22E20 /* Pods-BJHL-IM-iOS-SDK.release.xcconfig */,
				0DF388E93CF84D319664775D /* Pods-Tests.debug.xcconfig */,
				DFDE990F4FDB056A24DBA9C6 /* Pods-Tests.release.xcconfig */,
			);
			name = Pods;
			sourceTree = "<group>";
		};
		6003F581195388D10070C39A = {
			isa = PBXGroup;
			children = (
				9552CEF51B7B2B0A001E8D4C /* im-iphone-kit */,
				60FF7A9C1954A5C5007DD14C /* Podspec Metadata */,
				6003F593195388D20070C39A /* BJHL-IM-iOS-SDK */,
				6003F5B5195388D20070C39A /* Tests */,
				6003F58C195388D20070C39A /* Frameworks */,
				6003F58B195388D20070C39A /* Products */,
				5872C8EACEE0B4B50E814DAA /* Pods */,
			);
			sourceTree = "<group>";
		};
		6003F58B195388D20070C39A /* Products */ = {
			isa = PBXGroup;
			children = (
				6003F58A195388D20070C39A /* BJHL-IM-iOS-SDK.app */,
				6003F5AE195388D20070C39A /* Tests.xctest */,
			);
			name = Products;
			sourceTree = "<group>";
		};
		6003F58C195388D20070C39A /* Frameworks */ = {
			isa = PBXGroup;
			children = (
				6003F58D195388D20070C39A /* Foundation.framework */,
				6003F58F195388D20070C39A /* CoreGraphics.framework */,
				6003F591195388D20070C39A /* UIKit.framework */,
				6003F5AF195388D20070C39A /* XCTest.framework */,
				FF511DA1B396C8FD68E20F39 /* libPods-BJHL-IM-iOS-SDK.a */,
				70B42517535184E74628C63F /* libPods-Tests.a */,
			);
			name = Frameworks;
			sourceTree = "<group>";
		};
		6003F593195388D20070C39A /* BJHL-IM-iOS-SDK */ = {
			isa = PBXGroup;
			children = (
				2552069F1B57AFC7007B34C4 /* Conversation */,
				6003F59C195388D20070C39A /* BJIMAppDelegate.h */,
				6003F59D195388D20070C39A /* BJIMAppDelegate.m */,
				6003F59F195388D20070C39A /* Main_iPhone.storyboard */,
				6003F5A2195388D20070C39A /* Main_iPad.storyboard */,
				6003F5A5195388D20070C39A /* BJIMViewController.h */,
				6003F5A6195388D20070C39A /* BJIMViewController.m */,
				6003F5A8195388D20070C39A /* Images.xcassets */,
				6003F594195388D20070C39A /* Supporting Files */,
			);
			path = "BJHL-IM-iOS-SDK";
			sourceTree = "<group>";
		};
		6003F594195388D20070C39A /* Supporting Files */ = {
			isa = PBXGroup;
			children = (
				6003F595195388D20070C39A /* BJHL-IM-iOS-SDK-Info.plist */,
				6003F596195388D20070C39A /* InfoPlist.strings */,
				6003F599195388D20070C39A /* main.m */,
				6003F59B195388D20070C39A /* BJHL-IM-iOS-SDK-Prefix.pch */,
			);
			name = "Supporting Files";
			sourceTree = "<group>";
		};
		6003F5B5195388D20070C39A /* Tests */ = {
			isa = PBXGroup;
			children = (
				6003F5BB195388D20070C39A /* Tests.m */,
				6003F5B6195388D20070C39A /* Supporting Files */,
			);
			path = Tests;
			sourceTree = "<group>";
		};
		6003F5B6195388D20070C39A /* Supporting Files */ = {
			isa = PBXGroup;
			children = (
				6003F5B7195388D20070C39A /* Tests-Info.plist */,
				6003F5B8195388D20070C39A /* InfoPlist.strings */,
				606FC2411953D9B200FFA9A0 /* Tests-Prefix.pch */,
			);
			name = "Supporting Files";
			sourceTree = "<group>";
		};
		60FF7A9C1954A5C5007DD14C /* Podspec Metadata */ = {
			isa = PBXGroup;
			children = (
				D5A93FC3807182589853DE32 /* BJHL-IM-iOS-SDK.podspec */,
				31DE67A144DDD652919468A2 /* README.md */,
				4C6E475EBFADD0326E2C4B93 /* LICENSE */,
			);
			name = "Podspec Metadata";
			sourceTree = "<group>";
		};
		9552CEF51B7B2B0A001E8D4C /* im-iphone-kit */ = {
			isa = PBXGroup;
			children = (
				9552CEF61B7B2B0A001E8D4C /* .gitignore */,
				9552CEF71B7B2B0A001E8D4C /* BJChatUtilsMacro.h */,
				9552CEF81B7B2B0A001E8D4C /* BJIMConstantKit.h */,
				9552CEF91B7B2B0A001E8D4C /* BJIMKit.h */,
				9552CEFA1B7B2B0A001E8D4C /* Chat */,
				9552CF2D1B7B2B0A001E8D4C /* Images */,
				9552CF6C1B7B2B0A001E8D4C /* Model */,
				9552CF751B7B2B0A001E8D4C /* View */,
				9552CF7B1B7B2B0A001E8D4C /* ViewModel */,
			);
			name = "im-iphone-kit";
			path = "../im-iphone-kit";
			sourceTree = "<group>";
		};
		9552CEFA1B7B2B0A001E8D4C /* Chat */ = {
			isa = PBXGroup;
			children = (
				9552CEFB1B7B2B0A001E8D4C /* BJChatViewController.h */,
				9552CEFC1B7B2B0A001E8D4C /* BJChatViewController.m */,
				9552CEFD1B7B2B0A001E8D4C /* ChatCell */,
				9552CF151B7B2B0A001E8D4C /* InputController */,
			);
			path = Chat;
			sourceTree = "<group>";
		};
		9552CEFD1B7B2B0A001E8D4C /* ChatCell */ = {
			isa = PBXGroup;
			children = (
				9552CEFE1B7B2B0A001E8D4C /* BJAudioChatCell.h */,
				9552CEFF1B7B2B0A001E8D4C /* BJAudioChatCell.m */,
				9552CF001B7B2B0A001E8D4C /* BJAudioShowCalculation.h */,
				9552CF011B7B2B0A001E8D4C /* BJAudioShowCalculation.m */,
				9552CF021B7B2B0A001E8D4C /* BJCardChatCell.h */,
				9552CF031B7B2B0A001E8D4C /* BJCardChatCell.m */,
				9552CF041B7B2B0A001E8D4C /* BJChatBaseCell.h */,
				9552CF051B7B2B0A001E8D4C /* BJChatBaseCell.m */,
				9552CF061B7B2B0A001E8D4C /* BJChatCellFactory.h */,
				9552CF071B7B2B0A001E8D4C /* BJChatCellFactory.m */,
				9552CF081B7B2B0A001E8D4C /* BJChatTimeCell.h */,
				9552CF091B7B2B0A001E8D4C /* BJChatTimeCell.m */,
				9552CF0A1B7B2B0A001E8D4C /* BJChatUnSupportCell.h */,
				9552CF0B1B7B2B0A001E8D4C /* BJChatUnSupportCell.m */,
				9552CF0C1B7B2B0A001E8D4C /* BJChatViewCellProtocol.h */,
				9552CF0D1B7B2B0A001E8D4C /* BJEmojiChatCell.h */,
				9552CF0E1B7B2B0A001E8D4C /* BJEmojiChatCell.m */,
				9552CF0F1B7B2B0A001E8D4C /* BJGossipTableViewCell.h */,
				9552CF101B7B2B0A001E8D4C /* BJGossipTableViewCell.m */,
				9552CF111B7B2B0A001E8D4C /* BJImageChatCell.h */,
				9552CF121B7B2B0A001E8D4C /* BJImageChatCell.m */,
				9552CF131B7B2B0A001E8D4C /* BJTextChatCell.h */,
				9552CF141B7B2B0A001E8D4C /* BJTextChatCell.m */,
			);
			path = ChatCell;
			sourceTree = "<group>";
		};
		9552CF151B7B2B0A001E8D4C /* InputController */ = {
			isa = PBXGroup;
			children = (
				9552CF161B7B2B0A001E8D4C /* BJChatInputBarViewController+BJRecordView.h */,
				9552CF171B7B2B0A001E8D4C /* BJChatInputBarViewController+BJRecordView.m */,
				9552CF181B7B2B0A001E8D4C /* BJChatInputBarViewController.h */,
				9552CF191B7B2B0A001E8D4C /* BJChatInputBarViewController.m */,
				9552CF1A1B7B2B0A001E8D4C /* BJChatInputBaseViewController.h */,
				9552CF1B1B7B2B0A001E8D4C /* BJChatInputBaseViewController.m */,
				9552CF1C1B7B2B0A001E8D4C /* BJChatInputEmojiViewController.h */,
				9552CF1D1B7B2B0A001E8D4C /* BJChatInputEmojiViewController.m */,
				9552CF1E1B7B2B0A001E8D4C /* BJChatInputMoreViewController.h */,
				9552CF1F1B7B2B0A001E8D4C /* BJChatInputMoreViewController.m */,
				9552CF201B7B2B0A001E8D4C /* BJChatInputProtocol.h */,
				9552CF211B7B2B0A001E8D4C /* BJMessageTextView.h */,
				9552CF221B7B2B0A001E8D4C /* BJMessageTextView.m */,
				9552CF231B7B2B0A001E8D4C /* ChatInputMore.plist */,
				9552CF241B7B2B0A001E8D4C /* FaceView */,
				9552CF2A1B7B2B0A001E8D4C /* RecordView */,
			);
			path = InputController;
			sourceTree = "<group>";
		};
		9552CF241B7B2B0A001E8D4C /* FaceView */ = {
			isa = PBXGroup;
			children = (
				9552CF251B7B2B0A001E8D4C /* BJFaceView.h */,
				9552CF261B7B2B0A001E8D4C /* BJFaceView.m */,
				9552CF271B7B2B0A001E8D4C /* BJFacialView.h */,
				9552CF281B7B2B0A001E8D4C /* BJFacialView.m */,
				9552CF291B7B2B0A001E8D4C /* emj.plist */,
			);
			path = FaceView;
			sourceTree = "<group>";
		};
		9552CF2A1B7B2B0A001E8D4C /* RecordView */ = {
			isa = PBXGroup;
			children = (
				9552CF2B1B7B2B0A001E8D4C /* BJRecordView.h */,
				9552CF2C1B7B2B0A001E8D4C /* BJRecordView.m */,
			);
			path = RecordView;
			sourceTree = "<group>";
		};
		9552CF2D1B7B2B0A001E8D4C /* Images */ = {
			isa = PBXGroup;
			children = (
				9552CF2E1B7B2B0A001E8D4C /* bg_messages_blue_n@2x.png */,
				9552CF2F1B7B2B0A001E8D4C /* bg_messages_gray_n@2x.png */,
				9552CF301B7B2B0A001E8D4C /* bg_speech_gre_nor@2x.png */,
				9552CF311B7B2B0A001E8D4C /* bg_speech_gre_pr@2x.png */,
				9552CF321B7B2B0A001E8D4C /* bg_speech_nor@2x.png */,
				9552CF331B7B2B0A001E8D4C /* bg_speech_pr@2x.png */,
				9552CF341B7B2B0A001E8D4C /* bg_white@2x.png */,
				9552CF351B7B2B0A001E8D4C /* emoji */,
				9552CF471B7B2B0A001E8D4C /* ic_add_normal@2x.png */,
				9552CF481B7B2B0A001E8D4C /* ic_add_press@2x.png */,
				9552CF491B7B2B0A001E8D4C /* ic_camera_normal@2x.png */,
				9552CF4A1B7B2B0A001E8D4C /* ic_camera_press@2x.png */,
				9552CF4B1B7B2B0A001E8D4C /* ic_expression_normal@2x.png */,
				9552CF4C1B7B2B0A001E8D4C /* ic_expression_press@2x.png */,
				9552CF4D1B7B2B0A001E8D4C /* ic_image_failure_dark@2x.png */,
				9552CF4E1B7B2B0A001E8D4C /* ic_image_failure_small@2x.png */,
				9552CF4F1B7B2B0A001E8D4C /* ic_keyboard_nor_@2x.png */,
				9552CF501B7B2B0A001E8D4C /* ic_keyboard_pre_@2x.png */,
				9552CF511B7B2B0A001E8D4C /* ic_microphone_nor_@2x.png */,
				9552CF521B7B2B0A001E8D4C /* ic_microphone_pre_@2x.png */,
				9552CF531B7B2B0A001E8D4C /* ic_picture_normal@2x.png */,
				9552CF541B7B2B0A001E8D4C /* ic_picture_press@2x.png */,
				9552CF551B7B2B0A001E8D4C /* ic_volume_1@2x.png */,
				9552CF561B7B2B0A001E8D4C /* ic_volume_2@2x.png */,
				9552CF571B7B2B0A001E8D4C /* ic_volume_3@2x.png */,
				9552CF581B7B2B0A001E8D4C /* ic_volume_4@2x.png */,
				9552CF591B7B2B0A001E8D4C /* ic_volume_5@2x.png */,
				9552CF5A1B7B2B0A001E8D4C /* ic_volume_6@2x.png */,
				9552CF5B1B7B2B0A001E8D4C /* ic_volume_gary@2x.png */,
				9552CF5C1B7B2B0A001E8D4C /* ic_volume_gre@2x.png */,
				9552CF5D1B7B2B0A001E8D4C /* ic_volume_li_gary1@2x.png */,
				9552CF5E1B7B2B0A001E8D4C /* ic_volume_li_gary2@2x.png */,
				9552CF5F1B7B2B0A001E8D4C /* ic_volume_li_gary3@2x.png */,
				9552CF601B7B2B0A001E8D4C /* ic_volume_li_gre1@2x.png */,
				9552CF611B7B2B0A001E8D4C /* ic_volume_li_gre2@2x.png */,
				9552CF621B7B2B0A001E8D4C /* ic_volume_li_gre3@2x.png */,
				9552CF631B7B2B0A001E8D4C /* ic_volume_ri_gary1@2x.png */,
				9552CF641B7B2B0A001E8D4C /* ic_volume_ri_gary2@2x.png */,
				9552CF651B7B2B0A001E8D4C /* ic_volume_ri_gary3@2x.png */,
				9552CF661B7B2B0A001E8D4C /* ic_volume_ri_gre1@2x.png */,
				9552CF671B7B2B0A001E8D4C /* ic_volume_ri_gre2@2x.png */,
				9552CF681B7B2B0A001E8D4C /* ic_volume_ri_gre3@2x.png */,
				9552CF691B7B2B0A001E8D4C /* ic_warn_nor@2x.png */,
				9552CF6A1B7B2B0A001E8D4C /* img_head_default@2x.png */,
				9552CF6B1B7B2B0A001E8D4C /* messageToolbarBg@2x.png */,
			);
			path = Images;
			sourceTree = "<group>";
		};
		9552CF351B7B2B0A001E8D4C /* emoji */ = {
			isa = PBXGroup;
			children = (
				9552CF361B7B2B0A001E8D4C /* emoji_appearance.gif */,
				9552CF371B7B2B0A001E8D4C /* emoji_cry.gif */,
				9552CF381B7B2B0A001E8D4C /* emoji_doubt.gif */,
				9552CF391B7B2B0A001E8D4C /* emoji_embarrassed.gif */,
				9552CF3A1B7B2B0A001E8D4C /* emoji_exhausted.gif */,
				9552CF3B1B7B2B0A001E8D4C /* emoji_giggle.gif */,
				9552CF3C1B7B2B0A001E8D4C /* emoji_heartstopper.gif */,
				9552CF3D1B7B2B0A001E8D4C /* emoji_naughty.gif */,
				9552CF3E1B7B2B0A001E8D4C /* emoji_owl@2x.png */,
				9552CF3F1B7B2B0A001E8D4C /* emoji_powerful.gif */,
				9552CF401B7B2B0A001E8D4C /* emoji_proud.gif */,
				9552CF411B7B2B0A001E8D4C /* emoji_smile.gif */,
				9552CF421B7B2B0A001E8D4C /* emoji_speechless.gif */,
				9552CF431B7B2B0A001E8D4C /* emoji_struggle.gif */,
				9552CF441B7B2B0A001E8D4C /* emoji_surprise.gif */,
				9552CF451B7B2B0A001E8D4C /* emoji_weighs.gif */,
				9552CF461B7B2B0A001E8D4C /* emoji_worship.gif */,
			);
			path = emoji;
			sourceTree = "<group>";
		};
		9552CF6C1B7B2B0A001E8D4C /* Model */ = {
			isa = PBXGroup;
			children = (
				9552CF6D1B7B2B0A001E8D4C /* BJChatDraft.h */,
				9552CF6E1B7B2B0A001E8D4C /* BJChatDraft.m */,
				9552CF6F1B7B2B0A001E8D4C /* BJChatInfo.h */,
				9552CF701B7B2B0A001E8D4C /* BJChatInfo.m */,
				9552CF711B7B2B0A001E8D4C /* BJContactInfoProtocol.h */,
				9552CF721B7B2B0A001E8D4C /* CardSimpleItem.h */,
				9552CF731B7B2B0A001E8D4C /* CardSimpleItem.m */,
				9552CF741B7B2B0A001E8D4C /* IM.xcdatamodel */,
			);
			path = Model;
			sourceTree = "<group>";
		};
		9552CF751B7B2B0A001E8D4C /* View */ = {
			isa = PBXGroup;
			children = (
				9552CF761B7B2B0A001E8D4C /* BJActionCollectionViewCell.h */,
				9552CF771B7B2B0A001E8D4C /* BJActionCollectionViewCell.m */,
				9552CF781B7B2B0A001E8D4C /* BJActionCollectionViewCell.xib */,
				9552CF791B7B2B0A001E8D4C /* BJAttributedHighlightLabel.h */,
				9552CF7A1B7B2B0A001E8D4C /* BJAttributedHighlightLabel.m */,
			);
			path = View;
			sourceTree = "<group>";
		};
		9552CF7B1B7B2B0A001E8D4C /* ViewModel */ = {
			isa = PBXGroup;
			children = (
				9552CF7C1B7B2B0A001E8D4C /* BJChatAudioPlayerHelper.h */,
				9552CF7D1B7B2B0A001E8D4C /* BJChatAudioPlayerHelper.m */,
				9552CF7E1B7B2B0A001E8D4C /* BJChatFileCacheManager.h */,
				9552CF7F1B7B2B0A001E8D4C /* BJChatFileCacheManager.m */,
				9552CF801B7B2B0A001E8D4C /* BJChatLimitMacro.h */,
				9552CF811B7B2B0A001E8D4C /* BJChatLimitMacro.m */,
				9552CF821B7B2B0A001E8D4C /* BJChatViewController+BrowserHelper.h */,
				9552CF831B7B2B0A001E8D4C /* BJChatViewController+BrowserHelper.m */,
				9552CF841B7B2B0A001E8D4C /* BJExchangeIMModel.h */,
				9552CF851B7B2B0A001E8D4C /* BJExchangeIMModel.m */,
				9552CF861B7B2B0A001E8D4C /* BJSendMessageHelper.h */,
				9552CF871B7B2B0A001E8D4C /* BJSendMessageHelper.m */,
				9552CF881B7B2B0A001E8D4C /* Group+ViewModel.h */,
				9552CF891B7B2B0A001E8D4C /* Group+ViewModel.m */,
				9552CF8A1B7B2B0A001E8D4C /* IMMessage+ViewModel.h */,
				9552CF8B1B7B2B0A001E8D4C /* IMMessage+ViewModel.m */,
				9552CF8C1B7B2B0A001E8D4C /* UIimage */,
				9552CF8F1B7B2B0A001E8D4C /* UIResponder+BJIMChatRouter.h */,
				9552CF901B7B2B0A001E8D4C /* UIResponder+BJIMChatRouter.m */,
				9552CF911B7B2B0A001E8D4C /* User+ViewModel.h */,
				9552CF921B7B2B0A001E8D4C /* User+ViewModel.m */,
			);
			path = ViewModel;
			sourceTree = "<group>";
		};
		9552CF8C1B7B2B0A001E8D4C /* UIimage */ = {
			isa = PBXGroup;
			children = (
				9552CF8D1B7B2B0A001E8D4C /* UIImage+compressionSize.h */,
				9552CF8E1B7B2B0A001E8D4C /* UIImage+compressionSize.m */,
			);
			path = UIimage;
			sourceTree = "<group>";
		};
/* End PBXGroup section */

/* Begin PBXNativeTarget section */
		6003F589195388D20070C39A /* BJHL-IM-iOS-SDK */ = {
			isa = PBXNativeTarget;
			buildConfigurationList = 6003F5BF195388D20070C39A /* Build configuration list for PBXNativeTarget "BJHL-IM-iOS-SDK" */;
			buildPhases = (
				23F30EF47C22465EECB17F53 /* Check Pods Manifest.lock */,
				6003F586195388D20070C39A /* Sources */,
				6003F587195388D20070C39A /* Frameworks */,
				6003F588195388D20070C39A /* Resources */,
				E5F8432C5F34151A5E259F94 /* Copy Pods Resources */,
			);
			buildRules = (
			);
			dependencies = (
			);
			name = "BJHL-IM-iOS-SDK";
			productName = "BJHL-IM-iOS-SDK";
			productReference = 6003F58A195388D20070C39A /* BJHL-IM-iOS-SDK.app */;
			productType = "com.apple.product-type.application";
		};
		6003F5AD195388D20070C39A /* Tests */ = {
			isa = PBXNativeTarget;
			buildConfigurationList = 6003F5C2195388D20070C39A /* Build configuration list for PBXNativeTarget "Tests" */;
			buildPhases = (
				7B7C5E95FEC567635F4744E9 /* Check Pods Manifest.lock */,
				6003F5AA195388D20070C39A /* Sources */,
				6003F5AB195388D20070C39A /* Frameworks */,
				6003F5AC195388D20070C39A /* Resources */,
				4305EC455E287A72EDB01A1C /* Copy Pods Resources */,
			);
			buildRules = (
			);
			dependencies = (
				6003F5B4195388D20070C39A /* PBXTargetDependency */,
			);
			name = Tests;
			productName = "BJHL-IM-iOS-SDKTests";
			productReference = 6003F5AE195388D20070C39A /* Tests.xctest */;
			productType = "com.apple.product-type.bundle.unit-test";
		};
/* End PBXNativeTarget section */

/* Begin PBXProject section */
		6003F582195388D10070C39A /* Project object */ = {
			isa = PBXProject;
			attributes = {
				CLASSPREFIX = BJIM;
				LastUpgradeCheck = 0510;
				ORGANIZATIONNAME = "YangLei-bjhl";
				TargetAttributes = {
					6003F5AD195388D20070C39A = {
						TestTargetID = 6003F589195388D20070C39A;
					};
				};
			};
			buildConfigurationList = 6003F585195388D10070C39A /* Build configuration list for PBXProject "BJHL-IM-iOS-SDK" */;
			compatibilityVersion = "Xcode 3.2";
			developmentRegion = English;
			hasScannedForEncodings = 0;
			knownRegions = (
				en,
				Base,
			);
			mainGroup = 6003F581195388D10070C39A;
			productRefGroup = 6003F58B195388D20070C39A /* Products */;
			projectDirPath = "";
			projectRoot = "";
			targets = (
				6003F589195388D20070C39A /* BJHL-IM-iOS-SDK */,
				6003F5AD195388D20070C39A /* Tests */,
			);
		};
/* End PBXProject section */

/* Begin PBXResourcesBuildPhase section */
		6003F588195388D20070C39A /* Resources */ = {
			isa = PBXResourcesBuildPhase;
			buildActionMask = 2147483647;
			files = (
				9552CFD51B7B2B0A001E8D4C /* ic_volume_5@2x.png in Resources */,
				9552CFE31B7B2B0A001E8D4C /* ic_volume_ri_gre2@2x.png in Resources */,
				9552CFC81B7B2B0A001E8D4C /* ic_expression_press@2x.png in Resources */,
				9552CFBD1B7B2B0A001E8D4C /* emoji_smile.gif in Resources */,
				9552CFDA1B7B2B0A001E8D4C /* ic_volume_li_gary2@2x.png in Resources */,
				9552CFBE1B7B2B0A001E8D4C /* emoji_speechless.gif in Resources */,
				9552CF931B7B2B0A001E8D4C /* .gitignore in Resources */,
				9552CFD31B7B2B0A001E8D4C /* ic_volume_3@2x.png in Resources */,
				9552CFDD1B7B2B0A001E8D4C /* ic_volume_li_gre2@2x.png in Resources */,
				9552CFD21B7B2B0A001E8D4C /* ic_volume_2@2x.png in Resources */,
				9552CFC21B7B2B0A001E8D4C /* emoji_worship.gif in Resources */,
				9552CFBC1B7B2B0A001E8D4C /* emoji_proud.gif in Resources */,
				9552CFC41B7B2B0A001E8D4C /* ic_add_press@2x.png in Resources */,
				6003F5A4195388D20070C39A /* Main_iPad.storyboard in Resources */,
				9552CFB31B7B2B0A001E8D4C /* emoji_cry.gif in Resources */,
				9552CFDF1B7B2B0A001E8D4C /* ic_volume_ri_gary1@2x.png in Resources */,
				9552CFAD1B7B2B0A001E8D4C /* bg_speech_gre_nor@2x.png in Resources */,
				9552CFE71B7B2B0A001E8D4C /* messageToolbarBg@2x.png in Resources */,
				9552CFBA1B7B2B0A001E8D4C /* emoji_owl@2x.png in Resources */,
				9552CFB91B7B2B0A001E8D4C /* emoji_naughty.gif in Resources */,
				9552CFCF1B7B2B0A001E8D4C /* ic_picture_normal@2x.png in Resources */,
				9552CFAB1B7B2B0A001E8D4C /* bg_messages_blue_n@2x.png in Resources */,
				9552CFE61B7B2B0A001E8D4C /* img_head_default@2x.png in Resources */,
				9552CFCB1B7B2B0A001E8D4C /* ic_keyboard_nor_@2x.png in Resources */,
				9552CFE41B7B2B0A001E8D4C /* ic_volume_ri_gre3@2x.png in Resources */,
				9552CFB41B7B2B0A001E8D4C /* emoji_doubt.gif in Resources */,
				9552CFB81B7B2B0A001E8D4C /* emoji_heartstopper.gif in Resources */,
				9552CFC51B7B2B0A001E8D4C /* ic_camera_normal@2x.png in Resources */,
				9552CFE51B7B2B0A001E8D4C /* ic_warn_nor@2x.png in Resources */,
				9552CFC31B7B2B0A001E8D4C /* ic_add_normal@2x.png in Resources */,
				9552CFD91B7B2B0A001E8D4C /* ic_volume_li_gary1@2x.png in Resources */,
				9552CFCD1B7B2B0A001E8D4C /* ic_microphone_nor_@2x.png in Resources */,
				9552CFC91B7B2B0A001E8D4C /* ic_image_failure_dark@2x.png in Resources */,
				9552CFDB1B7B2B0A001E8D4C /* ic_volume_li_gary3@2x.png in Resources */,
				9552CFAE1B7B2B0A001E8D4C /* bg_speech_gre_pr@2x.png in Resources */,
				9552CFD41B7B2B0A001E8D4C /* ic_volume_4@2x.png in Resources */,
				9552CFA91B7B2B0A001E8D4C /* emj.plist in Resources */,
				9552CFD71B7B2B0A001E8D4C /* ic_volume_gary@2x.png in Resources */,
				9552CFD81B7B2B0A001E8D4C /* ic_volume_gre@2x.png in Resources */,
				9552CFA61B7B2B0A001E8D4C /* ChatInputMore.plist in Resources */,
				9552CFC71B7B2B0A001E8D4C /* ic_expression_normal@2x.png in Resources */,
				9552CFD01B7B2B0A001E8D4C /* ic_picture_press@2x.png in Resources */,
				9552CFDC1B7B2B0A001E8D4C /* ic_volume_li_gre1@2x.png in Resources */,
				9552CFAF1B7B2B0A001E8D4C /* bg_speech_nor@2x.png in Resources */,
				9552CFB71B7B2B0A001E8D4C /* emoji_giggle.gif in Resources */,
				9552CFED1B7B2B0A001E8D4C /* BJActionCollectionViewCell.xib in Resources */,
				9552CFE01B7B2B0A001E8D4C /* ic_volume_ri_gary2@2x.png in Resources */,
				9552CFCC1B7B2B0A001E8D4C /* ic_keyboard_pre_@2x.png in Resources */,
				9552CFAC1B7B2B0A001E8D4C /* bg_messages_gray_n@2x.png in Resources */,
				9552CFC11B7B2B0A001E8D4C /* emoji_weighs.gif in Resources */,
				9552CFE21B7B2B0A001E8D4C /* ic_volume_ri_gre1@2x.png in Resources */,
				6003F5A9195388D20070C39A /* Images.xcassets in Resources */,
				9552CFD61B7B2B0A001E8D4C /* ic_volume_6@2x.png in Resources */,
				6003F5A1195388D20070C39A /* Main_iPhone.storyboard in Resources */,
				9552CFCA1B7B2B0A001E8D4C /* ic_image_failure_small@2x.png in Resources */,
				9552CFB61B7B2B0A001E8D4C /* emoji_exhausted.gif in Resources */,
				9552CFB51B7B2B0A001E8D4C /* emoji_embarrassed.gif in Resources */,
				9552CFE11B7B2B0A001E8D4C /* ic_volume_ri_gary3@2x.png in Resources */,
				9552CFBF1B7B2B0A001E8D4C /* emoji_struggle.gif in Resources */,
				9552CFB21B7B2B0A001E8D4C /* emoji_appearance.gif in Resources */,
				9552CFC61B7B2B0A001E8D4C /* ic_camera_press@2x.png in Resources */,
				9552CFB01B7B2B0A001E8D4C /* bg_speech_pr@2x.png in Resources */,
				9552CFC01B7B2B0A001E8D4C /* emoji_surprise.gif in Resources */,
				9552CFDE1B7B2B0A001E8D4C /* ic_volume_li_gre3@2x.png in Resources */,
				9552CFBB1B7B2B0A001E8D4C /* emoji_powerful.gif in Resources */,
				9552CFD11B7B2B0A001E8D4C /* ic_volume_1@2x.png in Resources */,
				6003F598195388D20070C39A /* InfoPlist.strings in Resources */,
				9552CFCE1B7B2B0A001E8D4C /* ic_microphone_pre_@2x.png in Resources */,
				9552CFB11B7B2B0A001E8D4C /* bg_white@2x.png in Resources */,
			);
			runOnlyForDeploymentPostprocessing = 0;
		};
		6003F5AC195388D20070C39A /* Resources */ = {
			isa = PBXResourcesBuildPhase;
			buildActionMask = 2147483647;
			files = (
				6003F5BA195388D20070C39A /* InfoPlist.strings in Resources */,
			);
			runOnlyForDeploymentPostprocessing = 0;
		};
/* End PBXResourcesBuildPhase section */

/* Begin PBXShellScriptBuildPhase section */
		23F30EF47C22465EECB17F53 /* Check Pods Manifest.lock */ = {
			isa = PBXShellScriptBuildPhase;
			buildActionMask = 2147483647;
			files = (
			);
			inputPaths = (
			);
			name = "Check Pods Manifest.lock";
			outputPaths = (
			);
			runOnlyForDeploymentPostprocessing = 0;
			shellPath = /bin/sh;
			shellScript = "diff \"${PODS_ROOT}/../Podfile.lock\" \"${PODS_ROOT}/Manifest.lock\" > /dev/null\nif [[ $? != 0 ]] ; then\n    cat << EOM\nerror: The sandbox is not in sync with the Podfile.lock. Run 'pod install' or update your CocoaPods installation.\nEOM\n    exit 1\nfi\n";
			showEnvVarsInLog = 0;
		};
		4305EC455E287A72EDB01A1C /* Copy Pods Resources */ = {
			isa = PBXShellScriptBuildPhase;
			buildActionMask = 2147483647;
			files = (
			);
			inputPaths = (
			);
			name = "Copy Pods Resources";
			outputPaths = (
			);
			runOnlyForDeploymentPostprocessing = 0;
			shellPath = /bin/sh;
			shellScript = "\"${SRCROOT}/Pods/Target Support Files/Pods-Tests/Pods-Tests-resources.sh\"\n";
			showEnvVarsInLog = 0;
		};
		7B7C5E95FEC567635F4744E9 /* Check Pods Manifest.lock */ = {
			isa = PBXShellScriptBuildPhase;
			buildActionMask = 2147483647;
			files = (
			);
			inputPaths = (
			);
			name = "Check Pods Manifest.lock";
			outputPaths = (
			);
			runOnlyForDeploymentPostprocessing = 0;
			shellPath = /bin/sh;
			shellScript = "diff \"${PODS_ROOT}/../Podfile.lock\" \"${PODS_ROOT}/Manifest.lock\" > /dev/null\nif [[ $? != 0 ]] ; then\n    cat << EOM\nerror: The sandbox is not in sync with the Podfile.lock. Run 'pod install' or update your CocoaPods installation.\nEOM\n    exit 1\nfi\n";
			showEnvVarsInLog = 0;
		};
		E5F8432C5F34151A5E259F94 /* Copy Pods Resources */ = {
			isa = PBXShellScriptBuildPhase;
			buildActionMask = 2147483647;
			files = (
			);
			inputPaths = (
			);
			name = "Copy Pods Resources";
			outputPaths = (
			);
			runOnlyForDeploymentPostprocessing = 0;
			shellPath = /bin/sh;
			shellScript = "\"${SRCROOT}/Pods/Target Support Files/Pods-BJHL-IM-iOS-SDK/Pods-BJHL-IM-iOS-SDK-resources.sh\"\n";
			showEnvVarsInLog = 0;
		};
/* End PBXShellScriptBuildPhase section */

/* Begin PBXSourcesBuildPhase section */
		6003F586195388D20070C39A /* Sources */ = {
			isa = PBXSourcesBuildPhase;
			buildActionMask = 2147483647;
			files = (
				9552CFA21B7B2B0A001E8D4C /* BJChatInputBaseViewController.m in Sources */,
				9552CFEA1B7B2B0A001E8D4C /* CardSimpleItem.m in Sources */,
				9552CFE81B7B2B0A001E8D4C /* BJChatDraft.m in Sources */,
				9552CFF41B7B2B0A001E8D4C /* BJSendMessageHelper.m in Sources */,
				9552CF971B7B2B0A001E8D4C /* BJCardChatCell.m in Sources */,
				9552CFA41B7B2B0A001E8D4C /* BJChatInputMoreViewController.m in Sources */,
				9552CF991B7B2B0A001E8D4C /* BJChatCellFactory.m in Sources */,
				9552CFEC1B7B2B0A001E8D4C /* BJActionCollectionViewCell.m in Sources */,
				6003F59E195388D20070C39A /* BJIMAppDelegate.m in Sources */,
				9552CF981B7B2B0A001E8D4C /* BJChatBaseCell.m in Sources */,
				9552CFF91B7B2B0A001E8D4C /* User+ViewModel.m in Sources */,
				9552CFF61B7B2B0A001E8D4C /* IMMessage+ViewModel.m in Sources */,
				9552CFA51B7B2B0A001E8D4C /* BJMessageTextView.m in Sources */,
				9552CF961B7B2B0A001E8D4C /* BJAudioShowCalculation.m in Sources */,
				9552CFEB1B7B2B0A001E8D4C /* IM.xcdatamodel in Sources */,
				950E2D9B1B5D1A7D00DC79F2 /* BJConversationTableViewCell.m in Sources */,
				9552CFF21B7B2B0A001E8D4C /* BJChatViewController+BrowserHelper.m in Sources */,
				9552CFF31B7B2B0A001E8D4C /* BJExchangeIMModel.m in Sources */,
				9552CF9C1B7B2B0A001E8D4C /* BJEmojiChatCell.m in Sources */,
				9552CF9D1B7B2B0A001E8D4C /* BJGossipTableViewCell.m in Sources */,
				9552CFAA1B7B2B0A001E8D4C /* BJRecordView.m in Sources */,
				9552CF9F1B7B2B0A001E8D4C /* BJTextChatCell.m in Sources */,
				9552CF941B7B2B0A001E8D4C /* BJChatViewController.m in Sources */,
				9552CF951B7B2B0A001E8D4C /* BJAudioChatCell.m in Sources */,
				9552CFF11B7B2B0A001E8D4C /* BJChatLimitMacro.m in Sources */,
				9552CFEE1B7B2B0A001E8D4C /* BJAttributedHighlightLabel.m in Sources */,
				9552CFA01B7B2B0A001E8D4C /* BJChatInputBarViewController+BJRecordView.m in Sources */,
				6003F5A7195388D20070C39A /* BJIMViewController.m in Sources */,
				9552CFA11B7B2B0A001E8D4C /* BJChatInputBarViewController.m in Sources */,
				9552CF9E1B7B2B0A001E8D4C /* BJImageChatCell.m in Sources */,
				9552CFF71B7B2B0A001E8D4C /* UIImage+compressionSize.m in Sources */,
				9552CFEF1B7B2B0A001E8D4C /* BJChatAudioPlayerHelper.m in Sources */,
				255206A21B57AFC7007B34C4 /* BJConversationListViewController.m in Sources */,
				9552CF9B1B7B2B0A001E8D4C /* BJChatUnSupportCell.m in Sources */,
				9552CF9A1B7B2B0A001E8D4C /* BJChatTimeCell.m in Sources */,
				9552CFA71B7B2B0A001E8D4C /* BJFaceView.m in Sources */,
				6003F59A195388D20070C39A /* main.m in Sources */,
				9552CFF51B7B2B0A001E8D4C /* Group+ViewModel.m in Sources */,
				9552CFF81B7B2B0A001E8D4C /* UIResponder+BJIMChatRouter.m in Sources */,
				9552CFF01B7B2B0A001E8D4C /* BJChatFileCacheManager.m in Sources */,
				9552CFA31B7B2B0A001E8D4C /* BJChatInputEmojiViewController.m in Sources */,
				9552CFA81B7B2B0A001E8D4C /* BJFacialView.m in Sources */,
				9552CFE91B7B2B0A001E8D4C /* BJChatInfo.m in Sources */,
			);
			runOnlyForDeploymentPostprocessing = 0;
		};
		6003F5AA195388D20070C39A /* Sources */ = {
			isa = PBXSourcesBuildPhase;
			buildActionMask = 2147483647;
			files = (
				6003F5BC195388D20070C39A /* Tests.m in Sources */,
			);
			runOnlyForDeploymentPostprocessing = 0;
		};
/* End PBXSourcesBuildPhase section */

/* Begin PBXTargetDependency section */
		6003F5B4195388D20070C39A /* PBXTargetDependency */ = {
			isa = PBXTargetDependency;
			target = 6003F589195388D20070C39A /* BJHL-IM-iOS-SDK */;
			targetProxy = 6003F5B3195388D20070C39A /* PBXContainerItemProxy */;
		};
/* End PBXTargetDependency section */

/* Begin PBXVariantGroup section */
		6003F596195388D20070C39A /* InfoPlist.strings */ = {
			isa = PBXVariantGroup;
			children = (
				6003F597195388D20070C39A /* en */,
			);
			name = InfoPlist.strings;
			sourceTree = "<group>";
		};
		6003F59F195388D20070C39A /* Main_iPhone.storyboard */ = {
			isa = PBXVariantGroup;
			children = (
				6003F5A0195388D20070C39A /* Base */,
			);
			name = Main_iPhone.storyboard;
			sourceTree = "<group>";
		};
		6003F5A2195388D20070C39A /* Main_iPad.storyboard */ = {
			isa = PBXVariantGroup;
			children = (
				6003F5A3195388D20070C39A /* Base */,
			);
			name = Main_iPad.storyboard;
			sourceTree = "<group>";
		};
		6003F5B8195388D20070C39A /* InfoPlist.strings */ = {
			isa = PBXVariantGroup;
			children = (
				6003F5B9195388D20070C39A /* en */,
			);
			name = InfoPlist.strings;
			sourceTree = "<group>";
		};
/* End PBXVariantGroup section */

/* Begin XCBuildConfiguration section */
		6003F5BD195388D20070C39A /* Debug */ = {
			isa = XCBuildConfiguration;
			buildSettings = {
				ALWAYS_SEARCH_USER_PATHS = NO;
				CLANG_CXX_LANGUAGE_STANDARD = "gnu++0x";
				CLANG_CXX_LIBRARY = "libc++";
				CLANG_ENABLE_MODULES = YES;
				CLANG_ENABLE_OBJC_ARC = YES;
				CLANG_WARN_BOOL_CONVERSION = YES;
				CLANG_WARN_CONSTANT_CONVERSION = YES;
				CLANG_WARN_DIRECT_OBJC_ISA_USAGE = YES_ERROR;
				CLANG_WARN_EMPTY_BODY = YES;
				CLANG_WARN_ENUM_CONVERSION = YES;
				CLANG_WARN_INT_CONVERSION = YES;
				CLANG_WARN_OBJC_ROOT_CLASS = YES_ERROR;
				CLANG_WARN__DUPLICATE_METHOD_MATCH = YES;
				"CODE_SIGN_IDENTITY[sdk=iphoneos*]" = "iPhone Developer";
				COPY_PHASE_STRIP = NO;
				GCC_C_LANGUAGE_STANDARD = gnu99;
				GCC_DYNAMIC_NO_PIC = NO;
				GCC_OPTIMIZATION_LEVEL = 0;
				GCC_PREPROCESSOR_DEFINITIONS = (
					"DEBUG=1",
					"$(inherited)",
				);
				GCC_SYMBOLS_PRIVATE_EXTERN = NO;
				GCC_WARN_64_TO_32_BIT_CONVERSION = YES;
				GCC_WARN_ABOUT_RETURN_TYPE = YES_ERROR;
				GCC_WARN_UNDECLARED_SELECTOR = YES;
				GCC_WARN_UNINITIALIZED_AUTOS = YES_AGGRESSIVE;
				GCC_WARN_UNUSED_FUNCTION = YES;
				GCC_WARN_UNUSED_VARIABLE = YES;
				IPHONEOS_DEPLOYMENT_TARGET = 7.1;
				ONLY_ACTIVE_ARCH = YES;
				SDKROOT = iphoneos;
				TARGETED_DEVICE_FAMILY = "1,2";
			};
			name = Debug;
		};
		6003F5BE195388D20070C39A /* Release */ = {
			isa = XCBuildConfiguration;
			buildSettings = {
				ALWAYS_SEARCH_USER_PATHS = NO;
				CLANG_CXX_LANGUAGE_STANDARD = "gnu++0x";
				CLANG_CXX_LIBRARY = "libc++";
				CLANG_ENABLE_MODULES = YES;
				CLANG_ENABLE_OBJC_ARC = YES;
				CLANG_WARN_BOOL_CONVERSION = YES;
				CLANG_WARN_CONSTANT_CONVERSION = YES;
				CLANG_WARN_DIRECT_OBJC_ISA_USAGE = YES_ERROR;
				CLANG_WARN_EMPTY_BODY = YES;
				CLANG_WARN_ENUM_CONVERSION = YES;
				CLANG_WARN_INT_CONVERSION = YES;
				CLANG_WARN_OBJC_ROOT_CLASS = YES_ERROR;
				CLANG_WARN__DUPLICATE_METHOD_MATCH = YES;
				"CODE_SIGN_IDENTITY[sdk=iphoneos*]" = "iPhone Developer";
				COPY_PHASE_STRIP = YES;
				ENABLE_NS_ASSERTIONS = NO;
				GCC_C_LANGUAGE_STANDARD = gnu99;
				GCC_WARN_64_TO_32_BIT_CONVERSION = YES;
				GCC_WARN_ABOUT_RETURN_TYPE = YES_ERROR;
				GCC_WARN_UNDECLARED_SELECTOR = YES;
				GCC_WARN_UNINITIALIZED_AUTOS = YES_AGGRESSIVE;
				GCC_WARN_UNUSED_FUNCTION = YES;
				GCC_WARN_UNUSED_VARIABLE = YES;
				IPHONEOS_DEPLOYMENT_TARGET = 7.1;
				SDKROOT = iphoneos;
				TARGETED_DEVICE_FAMILY = "1,2";
				VALIDATE_PRODUCT = YES;
			};
			name = Release;
		};
		6003F5C0195388D20070C39A /* Debug */ = {
			isa = XCBuildConfiguration;
			baseConfigurationReference = 1D279237435A9B5BE6A39168 /* Pods-BJHL-IM-iOS-SDK.debug.xcconfig */;
			buildSettings = {
				ASSETCATALOG_COMPILER_APPICON_NAME = AppIcon;
				ASSETCATALOG_COMPILER_LAUNCHIMAGE_NAME = LaunchImage;
				ENABLE_STRICT_OBJC_MSGSEND = NO;
				GCC_PRECOMPILE_PREFIX_HEADER = YES;
				GCC_PREFIX_HEADER = "BJHL-IM-iOS-SDK/BJHL-IM-iOS-SDK-Prefix.pch";
				INFOPLIST_FILE = "BJHL-IM-iOS-SDK/BJHL-IM-iOS-SDK-Info.plist";
				LIBRARY_SEARCH_PATHS = (
					"$(inherited)",
					"$(PROJECT_DIR)/BJHL-IM-iOS-SDK/Chat/InputController/VoiceConvert/opencore-amrnb",
					"$(PROJECT_DIR)/BJHL-IM-iOS-SDK/Chat/InputController/VoiceConvert/opencore-amrwb",
				);
				PRODUCT_NAME = "$(TARGET_NAME)";
				WRAPPER_EXTENSION = app;
			};
			name = Debug;
		};
		6003F5C1195388D20070C39A /* Release */ = {
			isa = XCBuildConfiguration;
			baseConfigurationReference = 5D2ADCAE4E9F06C218C22E20 /* Pods-BJHL-IM-iOS-SDK.release.xcconfig */;
			buildSettings = {
				ASSETCATALOG_COMPILER_APPICON_NAME = AppIcon;
				ASSETCATALOG_COMPILER_LAUNCHIMAGE_NAME = LaunchImage;
				ENABLE_STRICT_OBJC_MSGSEND = NO;
				GCC_PRECOMPILE_PREFIX_HEADER = YES;
				GCC_PREFIX_HEADER = "BJHL-IM-iOS-SDK/BJHL-IM-iOS-SDK-Prefix.pch";
				INFOPLIST_FILE = "BJHL-IM-iOS-SDK/BJHL-IM-iOS-SDK-Info.plist";
				LIBRARY_SEARCH_PATHS = (
					"$(inherited)",
					"$(PROJECT_DIR)/BJHL-IM-iOS-SDK/Chat/InputController/VoiceConvert/opencore-amrnb",
					"$(PROJECT_DIR)/BJHL-IM-iOS-SDK/Chat/InputController/VoiceConvert/opencore-amrwb",
				);
				PRODUCT_NAME = "$(TARGET_NAME)";
				WRAPPER_EXTENSION = app;
			};
			name = Release;
		};
		6003F5C3195388D20070C39A /* Debug */ = {
			isa = XCBuildConfiguration;
			baseConfigurationReference = 0DF388E93CF84D319664775D /* Pods-Tests.debug.xcconfig */;
			buildSettings = {
				BUNDLE_LOADER = "$(BUILT_PRODUCTS_DIR)/BJHL-IM-iOS-SDK.app/BJHL-IM-iOS-SDK";
				FRAMEWORK_SEARCH_PATHS = (
					"$(SDKROOT)/Developer/Library/Frameworks",
					"$(inherited)",
					"$(DEVELOPER_FRAMEWORKS_DIR)",
				);
				GCC_PRECOMPILE_PREFIX_HEADER = YES;
				GCC_PREFIX_HEADER = "Tests/Tests-Prefix.pch";
				GCC_PREPROCESSOR_DEFINITIONS = (
					"DEBUG=1",
					"$(inherited)",
				);
				INFOPLIST_FILE = "Tests/Tests-Info.plist";
				PRODUCT_NAME = "$(TARGET_NAME)";
				TEST_HOST = "$(BUNDLE_LOADER)";
				WRAPPER_EXTENSION = xctest;
			};
			name = Debug;
		};
		6003F5C4195388D20070C39A /* Release */ = {
			isa = XCBuildConfiguration;
			baseConfigurationReference = DFDE990F4FDB056A24DBA9C6 /* Pods-Tests.release.xcconfig */;
			buildSettings = {
				BUNDLE_LOADER = "$(BUILT_PRODUCTS_DIR)/BJHL-IM-iOS-SDK.app/BJHL-IM-iOS-SDK";
				FRAMEWORK_SEARCH_PATHS = (
					"$(SDKROOT)/Developer/Library/Frameworks",
					"$(inherited)",
					"$(DEVELOPER_FRAMEWORKS_DIR)",
				);
				GCC_PRECOMPILE_PREFIX_HEADER = YES;
				GCC_PREFIX_HEADER = "Tests/Tests-Prefix.pch";
				INFOPLIST_FILE = "Tests/Tests-Info.plist";
				PRODUCT_NAME = "$(TARGET_NAME)";
				TEST_HOST = "$(BUNDLE_LOADER)";
				WRAPPER_EXTENSION = xctest;
			};
			name = Release;
		};
/* End XCBuildConfiguration section */

/* Begin XCConfigurationList section */
		6003F585195388D10070C39A /* Build configuration list for PBXProject "BJHL-IM-iOS-SDK" */ = {
			isa = XCConfigurationList;
			buildConfigurations = (
				6003F5BD195388D20070C39A /* Debug */,
				6003F5BE195388D20070C39A /* Release */,
			);
			defaultConfigurationIsVisible = 0;
			defaultConfigurationName = Release;
		};
		6003F5BF195388D20070C39A /* Build configuration list for PBXNativeTarget "BJHL-IM-iOS-SDK" */ = {
			isa = XCConfigurationList;
			buildConfigurations = (
				6003F5C0195388D20070C39A /* Debug */,
				6003F5C1195388D20070C39A /* Release */,
			);
			defaultConfigurationIsVisible = 0;
			defaultConfigurationName = Release;
		};
		6003F5C2195388D20070C39A /* Build configuration list for PBXNativeTarget "Tests" */ = {
			isa = XCConfigurationList;
			buildConfigurations = (
				6003F5C3195388D20070C39A /* Debug */,
				6003F5C4195388D20070C39A /* Release */,
			);
			defaultConfigurationIsVisible = 0;
			defaultConfigurationName = Release;
		};
/* End XCConfigurationList section */
	};
	rootObject = 6003F582195388D10070C39A /* Project object */;
}
