// !$*UTF8*$!
{
	archiveVersion = 1;
	classes = {
	};
	objectVersion = 46;
	objects = {

/* Begin PBXBuildFile section */
		1C1C79E7D3E2A7ECC23D7EAF /* libPods-BJHL-IM-iOS-SDK.a in Frameworks */ = {isa = PBXBuildFile; fileRef = FF511DA1B396C8FD68E20F39 /* libPods-BJHL-IM-iOS-SDK.a */; };
		255206A21B57AFC7007B34C4 /* BJConversationListViewController.m in Sources */ = {isa = PBXBuildFile; fileRef = 255206A11B57AFC7007B34C4 /* BJConversationListViewController.m */; };
		25CB99061B79F39C0022BCB9 /* .gitignore in Resources */ = {isa = PBXBuildFile; fileRef = 25CB98691B79F39C0022BCB9 /* .gitignore */; };
		25CB99071B79F39C0022BCB9 /* BJChatViewController.m in Sources */ = {isa = PBXBuildFile; fileRef = 25CB986F1B79F39C0022BCB9 /* BJChatViewController.m */; };
		25CB99081B79F39C0022BCB9 /* BJAudioChatCell.m in Sources */ = {isa = PBXBuildFile; fileRef = 25CB98721B79F39C0022BCB9 /* BJAudioChatCell.m */; };
		25CB99091B79F39C0022BCB9 /* BJAudioShowCalculation.m in Sources */ = {isa = PBXBuildFile; fileRef = 25CB98741B79F39C0022BCB9 /* BJAudioShowCalculation.m */; };
		25CB990A1B79F39C0022BCB9 /* BJCardChatCell.m in Sources */ = {isa = PBXBuildFile; fileRef = 25CB98761B79F39C0022BCB9 /* BJCardChatCell.m */; };
		25CB990B1B79F39C0022BCB9 /* BJChatBaseCell.m in Sources */ = {isa = PBXBuildFile; fileRef = 25CB98781B79F39C0022BCB9 /* BJChatBaseCell.m */; };
		25CB990C1B79F39C0022BCB9 /* BJChatCellFactory.m in Sources */ = {isa = PBXBuildFile; fileRef = 25CB987A1B79F39C0022BCB9 /* BJChatCellFactory.m */; };
		25CB990D1B79F39C0022BCB9 /* BJChatTimeCell.m in Sources */ = {isa = PBXBuildFile; fileRef = 25CB987C1B79F39C0022BCB9 /* BJChatTimeCell.m */; };
		25CB990E1B79F39C0022BCB9 /* BJChatUnSupportCell.m in Sources */ = {isa = PBXBuildFile; fileRef = 25CB987E1B79F39C0022BCB9 /* BJChatUnSupportCell.m */; };
		25CB990F1B79F39C0022BCB9 /* BJEmojiChatCell.m in Sources */ = {isa = PBXBuildFile; fileRef = 25CB98811B79F39C0022BCB9 /* BJEmojiChatCell.m */; };
		25CB99101B79F39C0022BCB9 /* BJGossipTableViewCell.m in Sources */ = {isa = PBXBuildFile; fileRef = 25CB98831B79F39C0022BCB9 /* BJGossipTableViewCell.m */; };
		25CB99111B79F39C0022BCB9 /* BJImageChatCell.m in Sources */ = {isa = PBXBuildFile; fileRef = 25CB98851B79F39C0022BCB9 /* BJImageChatCell.m */; };
		25CB99121B79F39C0022BCB9 /* BJTextChatCell.m in Sources */ = {isa = PBXBuildFile; fileRef = 25CB98871B79F39C0022BCB9 /* BJTextChatCell.m */; };
		25CB99131B79F39C0022BCB9 /* BJChatInputBarViewController+BJRecordView.m in Sources */ = {isa = PBXBuildFile; fileRef = 25CB988A1B79F39C0022BCB9 /* BJChatInputBarViewController+BJRecordView.m */; };
		25CB99141B79F39C0022BCB9 /* BJChatInputBarViewController.m in Sources */ = {isa = PBXBuildFile; fileRef = 25CB988C1B79F39C0022BCB9 /* BJChatInputBarViewController.m */; };
		25CB99151B79F39C0022BCB9 /* BJChatInputBaseViewController.m in Sources */ = {isa = PBXBuildFile; fileRef = 25CB988E1B79F39C0022BCB9 /* BJChatInputBaseViewController.m */; };
		25CB99161B79F39C0022BCB9 /* BJChatInputEmojiViewController.m in Sources */ = {isa = PBXBuildFile; fileRef = 25CB98901B79F39C0022BCB9 /* BJChatInputEmojiViewController.m */; };
		25CB99171B79F39C0022BCB9 /* BJChatInputMoreViewController.m in Sources */ = {isa = PBXBuildFile; fileRef = 25CB98921B79F39C0022BCB9 /* BJChatInputMoreViewController.m */; };
		25CB99181B79F39C0022BCB9 /* BJMessageTextView.m in Sources */ = {isa = PBXBuildFile; fileRef = 25CB98951B79F39C0022BCB9 /* BJMessageTextView.m */; };
		25CB99191B79F39C0022BCB9 /* ChatInputMore.plist in Resources */ = {isa = PBXBuildFile; fileRef = 25CB98961B79F39C0022BCB9 /* ChatInputMore.plist */; };
		25CB991A1B79F39C0022BCB9 /* BJFaceView.m in Sources */ = {isa = PBXBuildFile; fileRef = 25CB98991B79F39C0022BCB9 /* BJFaceView.m */; };
		25CB991B1B79F39C0022BCB9 /* BJFacialView.m in Sources */ = {isa = PBXBuildFile; fileRef = 25CB989B1B79F39C0022BCB9 /* BJFacialView.m */; };
		25CB991C1B79F39C0022BCB9 /* emj.plist in Resources */ = {isa = PBXBuildFile; fileRef = 25CB989C1B79F39C0022BCB9 /* emj.plist */; };
		25CB991D1B79F39C0022BCB9 /* BJRecordView.m in Sources */ = {isa = PBXBuildFile; fileRef = 25CB989F1B79F39C0022BCB9 /* BJRecordView.m */; };
		25CB991E1B79F39C0022BCB9 /* bg_messages_blue_n@2x.png in Resources */ = {isa = PBXBuildFile; fileRef = 25CB98A11B79F39C0022BCB9 /* bg_messages_blue_n@2x.png */; };
		25CB991F1B79F39C0022BCB9 /* bg_messages_gray_n@2x.png in Resources */ = {isa = PBXBuildFile; fileRef = 25CB98A21B79F39C0022BCB9 /* bg_messages_gray_n@2x.png */; };
		25CB99201B79F39C0022BCB9 /* bg_speech_gre_nor@2x.png in Resources */ = {isa = PBXBuildFile; fileRef = 25CB98A31B79F39C0022BCB9 /* bg_speech_gre_nor@2x.png */; };
		25CB99211B79F39C0022BCB9 /* bg_speech_gre_pr@2x.png in Resources */ = {isa = PBXBuildFile; fileRef = 25CB98A41B79F39C0022BCB9 /* bg_speech_gre_pr@2x.png */; };
		25CB99221B79F39C0022BCB9 /* bg_speech_nor@2x.png in Resources */ = {isa = PBXBuildFile; fileRef = 25CB98A51B79F39C0022BCB9 /* bg_speech_nor@2x.png */; };
		25CB99231B79F39C0022BCB9 /* bg_speech_pr@2x.png in Resources */ = {isa = PBXBuildFile; fileRef = 25CB98A61B79F39C0022BCB9 /* bg_speech_pr@2x.png */; };
		25CB99241B79F39C0022BCB9 /* bg_white@2x.png in Resources */ = {isa = PBXBuildFile; fileRef = 25CB98A71B79F39C0022BCB9 /* bg_white@2x.png */; };
		25CB99251B79F39C0022BCB9 /* emoji_appearance.gif in Resources */ = {isa = PBXBuildFile; fileRef = 25CB98A91B79F39C0022BCB9 /* emoji_appearance.gif */; };
		25CB99261B79F39C0022BCB9 /* emoji_cry.gif in Resources */ = {isa = PBXBuildFile; fileRef = 25CB98AA1B79F39C0022BCB9 /* emoji_cry.gif */; };
		25CB99271B79F39C0022BCB9 /* emoji_doubt.gif in Resources */ = {isa = PBXBuildFile; fileRef = 25CB98AB1B79F39C0022BCB9 /* emoji_doubt.gif */; };
		25CB99281B79F39C0022BCB9 /* emoji_embarrassed.gif in Resources */ = {isa = PBXBuildFile; fileRef = 25CB98AC1B79F39C0022BCB9 /* emoji_embarrassed.gif */; };
		25CB99291B79F39C0022BCB9 /* emoji_exhausted.gif in Resources */ = {isa = PBXBuildFile; fileRef = 25CB98AD1B79F39C0022BCB9 /* emoji_exhausted.gif */; };
		25CB992A1B79F39C0022BCB9 /* emoji_giggle.gif in Resources */ = {isa = PBXBuildFile; fileRef = 25CB98AE1B79F39C0022BCB9 /* emoji_giggle.gif */; };
		25CB992B1B79F39C0022BCB9 /* emoji_heartstopper.gif in Resources */ = {isa = PBXBuildFile; fileRef = 25CB98AF1B79F39C0022BCB9 /* emoji_heartstopper.gif */; };
		25CB992C1B79F39C0022BCB9 /* emoji_naughty.gif in Resources */ = {isa = PBXBuildFile; fileRef = 25CB98B01B79F39C0022BCB9 /* emoji_naughty.gif */; };
		25CB992D1B79F39C0022BCB9 /* emoji_owl@2x.png in Resources */ = {isa = PBXBuildFile; fileRef = 25CB98B11B79F39C0022BCB9 /* emoji_owl@2x.png */; };
		25CB992E1B79F39C0022BCB9 /* emoji_powerful.gif in Resources */ = {isa = PBXBuildFile; fileRef = 25CB98B21B79F39C0022BCB9 /* emoji_powerful.gif */; };
		25CB992F1B79F39C0022BCB9 /* emoji_proud.gif in Resources */ = {isa = PBXBuildFile; fileRef = 25CB98B31B79F39C0022BCB9 /* emoji_proud.gif */; };
		25CB99301B79F39C0022BCB9 /* emoji_smile.gif in Resources */ = {isa = PBXBuildFile; fileRef = 25CB98B41B79F39C0022BCB9 /* emoji_smile.gif */; };
		25CB99311B79F39C0022BCB9 /* emoji_speechless.gif in Resources */ = {isa = PBXBuildFile; fileRef = 25CB98B51B79F39C0022BCB9 /* emoji_speechless.gif */; };
		25CB99321B79F39C0022BCB9 /* emoji_struggle.gif in Resources */ = {isa = PBXBuildFile; fileRef = 25CB98B61B79F39C0022BCB9 /* emoji_struggle.gif */; };
		25CB99331B79F39C0022BCB9 /* emoji_surprise.gif in Resources */ = {isa = PBXBuildFile; fileRef = 25CB98B71B79F39C0022BCB9 /* emoji_surprise.gif */; };
		25CB99341B79F39C0022BCB9 /* emoji_weighs.gif in Resources */ = {isa = PBXBuildFile; fileRef = 25CB98B81B79F39C0022BCB9 /* emoji_weighs.gif */; };
		25CB99351B79F39C0022BCB9 /* emoji_worship.gif in Resources */ = {isa = PBXBuildFile; fileRef = 25CB98B91B79F39C0022BCB9 /* emoji_worship.gif */; };
		25CB99361B79F39C0022BCB9 /* ic_add_normal@2x.png in Resources */ = {isa = PBXBuildFile; fileRef = 25CB98BA1B79F39C0022BCB9 /* ic_add_normal@2x.png */; };
		25CB99371B79F39C0022BCB9 /* ic_add_press@2x.png in Resources */ = {isa = PBXBuildFile; fileRef = 25CB98BB1B79F39C0022BCB9 /* ic_add_press@2x.png */; };
		25CB99381B79F39C0022BCB9 /* ic_camera_normal@2x.png in Resources */ = {isa = PBXBuildFile; fileRef = 25CB98BC1B79F39C0022BCB9 /* ic_camera_normal@2x.png */; };
		25CB99391B79F39C0022BCB9 /* ic_camera_press@2x.png in Resources */ = {isa = PBXBuildFile; fileRef = 25CB98BD1B79F39C0022BCB9 /* ic_camera_press@2x.png */; };
		25CB993A1B79F39C0022BCB9 /* ic_expression_normal@2x.png in Resources */ = {isa = PBXBuildFile; fileRef = 25CB98BE1B79F39C0022BCB9 /* ic_expression_normal@2x.png */; };
		25CB993B1B79F39C0022BCB9 /* ic_expression_press@2x.png in Resources */ = {isa = PBXBuildFile; fileRef = 25CB98BF1B79F39C0022BCB9 /* ic_expression_press@2x.png */; };
		25CB993C1B79F39C0022BCB9 /* ic_image_failure_dark@2x.png in Resources */ = {isa = PBXBuildFile; fileRef = 25CB98C01B79F39C0022BCB9 /* ic_image_failure_dark@2x.png */; };
		25CB993D1B79F39C0022BCB9 /* ic_image_failure_small@2x.png in Resources */ = {isa = PBXBuildFile; fileRef = 25CB98C11B79F39C0022BCB9 /* ic_image_failure_small@2x.png */; };
		25CB993E1B79F39C0022BCB9 /* ic_keyboard_nor_@2x.png in Resources */ = {isa = PBXBuildFile; fileRef = 25CB98C21B79F39C0022BCB9 /* ic_keyboard_nor_@2x.png */; };
		25CB993F1B79F39C0022BCB9 /* ic_keyboard_pre_@2x.png in Resources */ = {isa = PBXBuildFile; fileRef = 25CB98C31B79F39C0022BCB9 /* ic_keyboard_pre_@2x.png */; };
		25CB99401B79F39C0022BCB9 /* ic_microphone_nor_@2x.png in Resources */ = {isa = PBXBuildFile; fileRef = 25CB98C41B79F39C0022BCB9 /* ic_microphone_nor_@2x.png */; };
		25CB99411B79F39C0022BCB9 /* ic_microphone_pre_@2x.png in Resources */ = {isa = PBXBuildFile; fileRef = 25CB98C51B79F39C0022BCB9 /* ic_microphone_pre_@2x.png */; };
		25CB99421B79F39C0022BCB9 /* ic_picture_normal@2x.png in Resources */ = {isa = PBXBuildFile; fileRef = 25CB98C61B79F39C0022BCB9 /* ic_picture_normal@2x.png */; };
		25CB99431B79F39C0022BCB9 /* ic_picture_press@2x.png in Resources */ = {isa = PBXBuildFile; fileRef = 25CB98C71B79F39C0022BCB9 /* ic_picture_press@2x.png */; };
		25CB99441B79F39C0022BCB9 /* ic_volume_1@2x.png in Resources */ = {isa = PBXBuildFile; fileRef = 25CB98C81B79F39C0022BCB9 /* ic_volume_1@2x.png */; };
		25CB99451B79F39C0022BCB9 /* ic_volume_2@2x.png in Resources */ = {isa = PBXBuildFile; fileRef = 25CB98C91B79F39C0022BCB9 /* ic_volume_2@2x.png */; };
		25CB99461B79F39C0022BCB9 /* ic_volume_3@2x.png in Resources */ = {isa = PBXBuildFile; fileRef = 25CB98CA1B79F39C0022BCB9 /* ic_volume_3@2x.png */; };
		25CB99471B79F39C0022BCB9 /* ic_volume_4@2x.png in Resources */ = {isa = PBXBuildFile; fileRef = 25CB98CB1B79F39C0022BCB9 /* ic_volume_4@2x.png */; };
		25CB99481B79F39C0022BCB9 /* ic_volume_5@2x.png in Resources */ = {isa = PBXBuildFile; fileRef = 25CB98CC1B79F39C0022BCB9 /* ic_volume_5@2x.png */; };
		25CB99491B79F39C0022BCB9 /* ic_volume_6@2x.png in Resources */ = {isa = PBXBuildFile; fileRef = 25CB98CD1B79F39C0022BCB9 /* ic_volume_6@2x.png */; };
		25CB994A1B79F39C0022BCB9 /* ic_volume_gary@2x.png in Resources */ = {isa = PBXBuildFile; fileRef = 25CB98CE1B79F39C0022BCB9 /* ic_volume_gary@2x.png */; };
		25CB994B1B79F39C0022BCB9 /* ic_volume_gre@2x.png in Resources */ = {isa = PBXBuildFile; fileRef = 25CB98CF1B79F39C0022BCB9 /* ic_volume_gre@2x.png */; };
		25CB994C1B79F39C0022BCB9 /* ic_volume_li_gary1@2x.png in Resources */ = {isa = PBXBuildFile; fileRef = 25CB98D01B79F39C0022BCB9 /* ic_volume_li_gary1@2x.png */; };
		25CB994D1B79F39C0022BCB9 /* ic_volume_li_gary2@2x.png in Resources */ = {isa = PBXBuildFile; fileRef = 25CB98D11B79F39C0022BCB9 /* ic_volume_li_gary2@2x.png */; };
		25CB994E1B79F39C0022BCB9 /* ic_volume_li_gary3@2x.png in Resources */ = {isa = PBXBuildFile; fileRef = 25CB98D21B79F39C0022BCB9 /* ic_volume_li_gary3@2x.png */; };
		25CB994F1B79F39C0022BCB9 /* ic_volume_li_gre1@2x.png in Resources */ = {isa = PBXBuildFile; fileRef = 25CB98D31B79F39C0022BCB9 /* ic_volume_li_gre1@2x.png */; };
		25CB99501B79F39C0022BCB9 /* ic_volume_li_gre2@2x.png in Resources */ = {isa = PBXBuildFile; fileRef = 25CB98D41B79F39C0022BCB9 /* ic_volume_li_gre2@2x.png */; };
		25CB99511B79F39C0022BCB9 /* ic_volume_li_gre3@2x.png in Resources */ = {isa = PBXBuildFile; fileRef = 25CB98D51B79F39C0022BCB9 /* ic_volume_li_gre3@2x.png */; };
		25CB99521B79F39C0022BCB9 /* ic_volume_ri_gary1@2x.png in Resources */ = {isa = PBXBuildFile; fileRef = 25CB98D61B79F39C0022BCB9 /* ic_volume_ri_gary1@2x.png */; };
		25CB99531B79F39C0022BCB9 /* ic_volume_ri_gary2@2x.png in Resources */ = {isa = PBXBuildFile; fileRef = 25CB98D71B79F39C0022BCB9 /* ic_volume_ri_gary2@2x.png */; };
		25CB99541B79F39C0022BCB9 /* ic_volume_ri_gary3@2x.png in Resources */ = {isa = PBXBuildFile; fileRef = 25CB98D81B79F39C0022BCB9 /* ic_volume_ri_gary3@2x.png */; };
		25CB99551B79F39C0022BCB9 /* ic_volume_ri_gre1@2x.png in Resources */ = {isa = PBXBuildFile; fileRef = 25CB98D91B79F39C0022BCB9 /* ic_volume_ri_gre1@2x.png */; };
		25CB99561B79F39C0022BCB9 /* ic_volume_ri_gre2@2x.png in Resources */ = {isa = PBXBuildFile; fileRef = 25CB98DA1B79F39C0022BCB9 /* ic_volume_ri_gre2@2x.png */; };
		25CB99571B79F39C0022BCB9 /* ic_volume_ri_gre3@2x.png in Resources */ = {isa = PBXBuildFile; fileRef = 25CB98DB1B79F39C0022BCB9 /* ic_volume_ri_gre3@2x.png */; };
		25CB99581B79F39C0022BCB9 /* ic_warn_nor@2x.png in Resources */ = {isa = PBXBuildFile; fileRef = 25CB98DC1B79F39C0022BCB9 /* ic_warn_nor@2x.png */; };
		25CB99591B79F39C0022BCB9 /* img_head_default@2x.png in Resources */ = {isa = PBXBuildFile; fileRef = 25CB98DD1B79F39C0022BCB9 /* img_head_default@2x.png */; };
		25CB995A1B79F39C0022BCB9 /* messageToolbarBg@2x.png in Resources */ = {isa = PBXBuildFile; fileRef = 25CB98DE1B79F39C0022BCB9 /* messageToolbarBg@2x.png */; };
		25CB995B1B79F39C0022BCB9 /* BJChatDraft.m in Sources */ = {isa = PBXBuildFile; fileRef = 25CB98E11B79F39C0022BCB9 /* BJChatDraft.m */; };
		25CB995C1B79F39C0022BCB9 /* BJChatInfo.m in Sources */ = {isa = PBXBuildFile; fileRef = 25CB98E31B79F39C0022BCB9 /* BJChatInfo.m */; };
		25CB995D1B79F39C0022BCB9 /* CardSimpleItem.m in Sources */ = {isa = PBXBuildFile; fileRef = 25CB98E61B79F39C0022BCB9 /* CardSimpleItem.m */; };
		25CB995E1B79F39C0022BCB9 /* IM.xcdatamodel in Sources */ = {isa = PBXBuildFile; fileRef = 25CB98E71B79F39C0022BCB9 /* IM.xcdatamodel */; };
		25CB995F1B79F39C0022BCB9 /* BJActionCollectionViewCell.m in Sources */ = {isa = PBXBuildFile; fileRef = 25CB98EA1B79F39C0022BCB9 /* BJActionCollectionViewCell.m */; };
		25CB99601B79F39C0022BCB9 /* BJActionCollectionViewCell.xib in Resources */ = {isa = PBXBuildFile; fileRef = 25CB98EB1B79F39C0022BCB9 /* BJActionCollectionViewCell.xib */; };
		25CB99611B79F39C0022BCB9 /* BJAttributedHighlightLabel.m in Sources */ = {isa = PBXBuildFile; fileRef = 25CB98ED1B79F39C0022BCB9 /* BJAttributedHighlightLabel.m */; };
		25CB99621B79F39C0022BCB9 /* BJChatAudioPlayerHelper.m in Sources */ = {isa = PBXBuildFile; fileRef = 25CB98F01B79F39C0022BCB9 /* BJChatAudioPlayerHelper.m */; };
		25CB99631B79F39C0022BCB9 /* BJChatFileCacheManager.m in Sources */ = {isa = PBXBuildFile; fileRef = 25CB98F21B79F39C0022BCB9 /* BJChatFileCacheManager.m */; };
		25CB99641B79F39C0022BCB9 /* BJChatImageBrowserHelper.m in Sources */ = {isa = PBXBuildFile; fileRef = 25CB98F41B79F39C0022BCB9 /* BJChatImageBrowserHelper.m */; };
		25CB99651B79F39C0022BCB9 /* BJChatLimitMacro.m in Sources */ = {isa = PBXBuildFile; fileRef = 25CB98F61B79F39C0022BCB9 /* BJChatLimitMacro.m */; };
		25CB99661B79F39C0022BCB9 /* BJExchangeIMModel.m in Sources */ = {isa = PBXBuildFile; fileRef = 25CB98F81B79F39C0022BCB9 /* BJExchangeIMModel.m */; };
		25CB99671B79F39C0022BCB9 /* BJSendMessageHelper.m in Sources */ = {isa = PBXBuildFile; fileRef = 25CB98FA1B79F39C0022BCB9 /* BJSendMessageHelper.m */; };
		25CB99681B79F39C0022BCB9 /* Group+ViewModel.m in Sources */ = {isa = PBXBuildFile; fileRef = 25CB98FC1B79F39C0022BCB9 /* Group+ViewModel.m */; };
		25CB99691B79F39C0022BCB9 /* IMMessage+ViewModel.m in Sources */ = {isa = PBXBuildFile; fileRef = 25CB98FE1B79F39C0022BCB9 /* IMMessage+ViewModel.m */; };
		25CB996A1B79F39C0022BCB9 /* UIImage+compressionSize.m in Sources */ = {isa = PBXBuildFile; fileRef = 25CB99011B79F39C0022BCB9 /* UIImage+compressionSize.m */; };
		25CB996B1B79F39C0022BCB9 /* UIResponder+BJIMChatRouter.m in Sources */ = {isa = PBXBuildFile; fileRef = 25CB99031B79F39C0022BCB9 /* UIResponder+BJIMChatRouter.m */; };
		25CB996C1B79F39C0022BCB9 /* User+ViewModel.m in Sources */ = {isa = PBXBuildFile; fileRef = 25CB99051B79F39C0022BCB9 /* User+ViewModel.m */; };
		45619B6F7E7337F86342075F /* libPods-Tests.a in Frameworks */ = {isa = PBXBuildFile; fileRef = 70B42517535184E74628C63F /* libPods-Tests.a */; };
		6003F58E195388D20070C39A /* Foundation.framework in Frameworks */ = {isa = PBXBuildFile; fileRef = 6003F58D195388D20070C39A /* Foundation.framework */; };
		6003F590195388D20070C39A /* CoreGraphics.framework in Frameworks */ = {isa = PBXBuildFile; fileRef = 6003F58F195388D20070C39A /* CoreGraphics.framework */; };
		6003F592195388D20070C39A /* UIKit.framework in Frameworks */ = {isa = PBXBuildFile; fileRef = 6003F591195388D20070C39A /* UIKit.framework */; };
		6003F598195388D20070C39A /* InfoPlist.strings in Resources */ = {isa = PBXBuildFile; fileRef = 6003F596195388D20070C39A /* InfoPlist.strings */; };
		6003F59A195388D20070C39A /* main.m in Sources */ = {isa = PBXBuildFile; fileRef = 6003F599195388D20070C39A /* main.m */; };
		6003F59E195388D20070C39A /* BJIMAppDelegate.m in Sources */ = {isa = PBXBuildFile; fileRef = 6003F59D195388D20070C39A /* BJIMAppDelegate.m */; };
		6003F5A1195388D20070C39A /* Main_iPhone.storyboard in Resources */ = {isa = PBXBuildFile; fileRef = 6003F59F195388D20070C39A /* Main_iPhone.storyboard */; };
		6003F5A4195388D20070C39A /* Main_iPad.storyboard in Resources */ = {isa = PBXBuildFile; fileRef = 6003F5A2195388D20070C39A /* Main_iPad.storyboard */; };
		6003F5A7195388D20070C39A /* BJIMViewController.m in Sources */ = {isa = PBXBuildFile; fileRef = 6003F5A6195388D20070C39A /* BJIMViewController.m */; };
		6003F5A9195388D20070C39A /* Images.xcassets in Resources */ = {isa = PBXBuildFile; fileRef = 6003F5A8195388D20070C39A /* Images.xcassets */; };
		6003F5B0195388D20070C39A /* XCTest.framework in Frameworks */ = {isa = PBXBuildFile; fileRef = 6003F5AF195388D20070C39A /* XCTest.framework */; };
		6003F5B1195388D20070C39A /* Foundation.framework in Frameworks */ = {isa = PBXBuildFile; fileRef = 6003F58D195388D20070C39A /* Foundation.framework */; };
		6003F5B2195388D20070C39A /* UIKit.framework in Frameworks */ = {isa = PBXBuildFile; fileRef = 6003F591195388D20070C39A /* UIKit.framework */; };
		6003F5BA195388D20070C39A /* InfoPlist.strings in Resources */ = {isa = PBXBuildFile; fileRef = 6003F5B8195388D20070C39A /* InfoPlist.strings */; };
		6003F5BC195388D20070C39A /* Tests.m in Sources */ = {isa = PBXBuildFile; fileRef = 6003F5BB195388D20070C39A /* Tests.m */; };
		950E2D9B1B5D1A7D00DC79F2 /* BJConversationTableViewCell.m in Sources */ = {isa = PBXBuildFile; fileRef = 950E2D9A1B5D1A7D00DC79F2 /* BJConversationTableViewCell.m */; };
/* End PBXBuildFile section */

/* Begin PBXContainerItemProxy section */
		6003F5B3195388D20070C39A /* PBXContainerItemProxy */ = {
			isa = PBXContainerItemProxy;
			containerPortal = 6003F582195388D10070C39A /* Project object */;
			proxyType = 1;
			remoteGlobalIDString = 6003F589195388D20070C39A;
			remoteInfo = "BJHL-IM-iOS-SDK";
		};
/* End PBXContainerItemProxy section */

/* Begin PBXFileReference section */
		0DF388E93CF84D319664775D /* Pods-Tests.debug.xcconfig */ = {isa = PBXFileReference; includeInIndex = 1; lastKnownFileType = text.xcconfig; name = "Pods-Tests.debug.xcconfig"; path = "Pods/Target Support Files/Pods-Tests/Pods-Tests.debug.xcconfig"; sourceTree = "<group>"; };
		1D279237435A9B5BE6A39168 /* Pods-BJHL-IM-iOS-SDK.debug.xcconfig */ = {isa = PBXFileReference; includeInIndex = 1; lastKnownFileType = text.xcconfig; name = "Pods-BJHL-IM-iOS-SDK.debug.xcconfig"; path = "Pods/Target Support Files/Pods-BJHL-IM-iOS-SDK/Pods-BJHL-IM-iOS-SDK.debug.xcconfig"; sourceTree = "<group>"; };
		255206A01B57AFC7007B34C4 /* BJConversationListViewController.h */ = {isa = PBXFileReference; fileEncoding = 4; lastKnownFileType = sourcecode.c.h; path = BJConversationListViewController.h; sourceTree = "<group>"; };
		255206A11B57AFC7007B34C4 /* BJConversationListViewController.m */ = {isa = PBXFileReference; fileEncoding = 4; lastKnownFileType = sourcecode.c.objc; path = BJConversationListViewController.m; sourceTree = "<group>"; };
		25CB98691B79F39C0022BCB9 /* .gitignore */ = {isa = PBXFileReference; fileEncoding = 4; lastKnownFileType = text; path = .gitignore; sourceTree = "<group>"; };
		25CB986A1B79F39C0022BCB9 /* BJChatUtilsMacro.h */ = {isa = PBXFileReference; fileEncoding = 4; lastKnownFileType = sourcecode.c.h; path = BJChatUtilsMacro.h; sourceTree = "<group>"; };
		25CB986B1B79F39C0022BCB9 /* BJIMConstantKit.h */ = {isa = PBXFileReference; fileEncoding = 4; lastKnownFileType = sourcecode.c.h; path = BJIMConstantKit.h; sourceTree = "<group>"; };
		25CB986C1B79F39C0022BCB9 /* BJIMKit.h */ = {isa = PBXFileReference; fileEncoding = 4; lastKnownFileType = sourcecode.c.h; path = BJIMKit.h; sourceTree = "<group>"; };
		25CB986E1B79F39C0022BCB9 /* BJChatViewController.h */ = {isa = PBXFileReference; fileEncoding = 4; lastKnownFileType = sourcecode.c.h; path = BJChatViewController.h; sourceTree = "<group>"; };
		25CB986F1B79F39C0022BCB9 /* BJChatViewController.m */ = {isa = PBXFileReference; fileEncoding = 4; lastKnownFileType = sourcecode.c.objc; path = BJChatViewController.m; sourceTree = "<group>"; };
		25CB98711B79F39C0022BCB9 /* BJAudioChatCell.h */ = {isa = PBXFileReference; fileEncoding = 4; lastKnownFileType = sourcecode.c.h; path = BJAudioChatCell.h; sourceTree = "<group>"; };
		25CB98721B79F39C0022BCB9 /* BJAudioChatCell.m */ = {isa = PBXFileReference; fileEncoding = 4; lastKnownFileType = sourcecode.c.objc; path = BJAudioChatCell.m; sourceTree = "<group>"; };
		25CB98731B79F39C0022BCB9 /* BJAudioShowCalculation.h */ = {isa = PBXFileReference; fileEncoding = 4; lastKnownFileType = sourcecode.c.h; path = BJAudioShowCalculation.h; sourceTree = "<group>"; };
		25CB98741B79F39C0022BCB9 /* BJAudioShowCalculation.m */ = {isa = PBXFileReference; fileEncoding = 4; lastKnownFileType = sourcecode.c.objc; path = BJAudioShowCalculation.m; sourceTree = "<group>"; };
		25CB98751B79F39C0022BCB9 /* BJCardChatCell.h */ = {isa = PBXFileReference; fileEncoding = 4; lastKnownFileType = sourcecode.c.h; path = BJCardChatCell.h; sourceTree = "<group>"; };
		25CB98761B79F39C0022BCB9 /* BJCardChatCell.m */ = {isa = PBXFileReference; fileEncoding = 4; lastKnownFileType = sourcecode.c.objc; path = BJCardChatCell.m; sourceTree = "<group>"; };
		25CB98771B79F39C0022BCB9 /* BJChatBaseCell.h */ = {isa = PBXFileReference; fileEncoding = 4; lastKnownFileType = sourcecode.c.h; path = BJChatBaseCell.h; sourceTree = "<group>"; };
		25CB98781B79F39C0022BCB9 /* BJChatBaseCell.m */ = {isa = PBXFileReference; fileEncoding = 4; lastKnownFileType = sourcecode.c.objc; path = BJChatBaseCell.m; sourceTree = "<group>"; };
		25CB98791B79F39C0022BCB9 /* BJChatCellFactory.h */ = {isa = PBXFileReference; fileEncoding = 4; lastKnownFileType = sourcecode.c.h; path = BJChatCellFactory.h; sourceTree = "<group>"; };
		25CB987A1B79F39C0022BCB9 /* BJChatCellFactory.m */ = {isa = PBXFileReference; fileEncoding = 4; lastKnownFileType = sourcecode.c.objc; path = BJChatCellFactory.m; sourceTree = "<group>"; };
		25CB987B1B79F39C0022BCB9 /* BJChatTimeCell.h */ = {isa = PBXFileReference; fileEncoding = 4; lastKnownFileType = sourcecode.c.h; path = BJChatTimeCell.h; sourceTree = "<group>"; };
		25CB987C1B79F39C0022BCB9 /* BJChatTimeCell.m */ = {isa = PBXFileReference; fileEncoding = 4; lastKnownFileType = sourcecode.c.objc; path = BJChatTimeCell.m; sourceTree = "<group>"; };
		25CB987D1B79F39C0022BCB9 /* BJChatUnSupportCell.h */ = {isa = PBXFileReference; fileEncoding = 4; lastKnownFileType = sourcecode.c.h; path = BJChatUnSupportCell.h; sourceTree = "<group>"; };
		25CB987E1B79F39C0022BCB9 /* BJChatUnSupportCell.m */ = {isa = PBXFileReference; fileEncoding = 4; lastKnownFileType = sourcecode.c.objc; path = BJChatUnSupportCell.m; sourceTree = "<group>"; };
		25CB987F1B79F39C0022BCB9 /* BJChatViewCellProtocol.h */ = {isa = PBXFileReference; fileEncoding = 4; lastKnownFileType = sourcecode.c.h; path = BJChatViewCellProtocol.h; sourceTree = "<group>"; };
		25CB98801B79F39C0022BCB9 /* BJEmojiChatCell.h */ = {isa = PBXFileReference; fileEncoding = 4; lastKnownFileType = sourcecode.c.h; path = BJEmojiChatCell.h; sourceTree = "<group>"; };
		25CB98811B79F39C0022BCB9 /* BJEmojiChatCell.m */ = {isa = PBXFileReference; fileEncoding = 4; lastKnownFileType = sourcecode.c.objc; path = BJEmojiChatCell.m; sourceTree = "<group>"; };
		25CB98821B79F39C0022BCB9 /* BJGossipTableViewCell.h */ = {isa = PBXFileReference; fileEncoding = 4; lastKnownFileType = sourcecode.c.h; path = BJGossipTableViewCell.h; sourceTree = "<group>"; };
		25CB98831B79F39C0022BCB9 /* BJGossipTableViewCell.m */ = {isa = PBXFileReference; fileEncoding = 4; lastKnownFileType = sourcecode.c.objc; path = BJGossipTableViewCell.m; sourceTree = "<group>"; };
		25CB98841B79F39C0022BCB9 /* BJImageChatCell.h */ = {isa = PBXFileReference; fileEncoding = 4; lastKnownFileType = sourcecode.c.h; path = BJImageChatCell.h; sourceTree = "<group>"; };
		25CB98851B79F39C0022BCB9 /* BJImageChatCell.m */ = {isa = PBXFileReference; fileEncoding = 4; lastKnownFileType = sourcecode.c.objc; path = BJImageChatCell.m; sourceTree = "<group>"; };
		25CB98861B79F39C0022BCB9 /* BJTextChatCell.h */ = {isa = PBXFileReference; fileEncoding = 4; lastKnownFileType = sourcecode.c.h; path = BJTextChatCell.h; sourceTree = "<group>"; };
		25CB98871B79F39C0022BCB9 /* BJTextChatCell.m */ = {isa = PBXFileReference; fileEncoding = 4; lastKnownFileType = sourcecode.c.objc; path = BJTextChatCell.m; sourceTree = "<group>"; };
		25CB98891B79F39C0022BCB9 /* BJChatInputBarViewController+BJRecordView.h */ = {isa = PBXFileReference; fileEncoding = 4; lastKnownFileType = sourcecode.c.h; path = "BJChatInputBarViewController+BJRecordView.h"; sourceTree = "<group>"; };
		25CB988A1B79F39C0022BCB9 /* BJChatInputBarViewController+BJRecordView.m */ = {isa = PBXFileReference; fileEncoding = 4; lastKnownFileType = sourcecode.c.objc; path = "BJChatInputBarViewController+BJRecordView.m"; sourceTree = "<group>"; };
		25CB988B1B79F39C0022BCB9 /* BJChatInputBarViewController.h */ = {isa = PBXFileReference; fileEncoding = 4; lastKnownFileType = sourcecode.c.h; path = BJChatInputBarViewController.h; sourceTree = "<group>"; };
		25CB988C1B79F39C0022BCB9 /* BJChatInputBarViewController.m */ = {isa = PBXFileReference; fileEncoding = 4; lastKnownFileType = sourcecode.c.objc; path = BJChatInputBarViewController.m; sourceTree = "<group>"; };
		25CB988D1B79F39C0022BCB9 /* BJChatInputBaseViewController.h */ = {isa = PBXFileReference; fileEncoding = 4; lastKnownFileType = sourcecode.c.h; path = BJChatInputBaseViewController.h; sourceTree = "<group>"; };
		25CB988E1B79F39C0022BCB9 /* BJChatInputBaseViewController.m */ = {isa = PBXFileReference; fileEncoding = 4; lastKnownFileType = sourcecode.c.objc; path = BJChatInputBaseViewController.m; sourceTree = "<group>"; };
		25CB988F1B79F39C0022BCB9 /* BJChatInputEmojiViewController.h */ = {isa = PBXFileReference; fileEncoding = 4; lastKnownFileType = sourcecode.c.h; path = BJChatInputEmojiViewController.h; sourceTree = "<group>"; };
		25CB98901B79F39C0022BCB9 /* BJChatInputEmojiViewController.m */ = {isa = PBXFileReference; fileEncoding = 4; lastKnownFileType = sourcecode.c.objc; path = BJChatInputEmojiViewController.m; sourceTree = "<group>"; };
		25CB98911B79F39C0022BCB9 /* BJChatInputMoreViewController.h */ = {isa = PBXFileReference; fileEncoding = 4; lastKnownFileType = sourcecode.c.h; path = BJChatInputMoreViewController.h; sourceTree = "<group>"; };
		25CB98921B79F39C0022BCB9 /* BJChatInputMoreViewController.m */ = {isa = PBXFileReference; fileEncoding = 4; lastKnownFileType = sourcecode.c.objc; path = BJChatInputMoreViewController.m; sourceTree = "<group>"; };
		25CB98931B79F39C0022BCB9 /* BJChatInputProtocol.h */ = {isa = PBXFileReference; fileEncoding = 4; lastKnownFileType = sourcecode.c.h; path = BJChatInputProtocol.h; sourceTree = "<group>"; };
		25CB98941B79F39C0022BCB9 /* BJMessageTextView.h */ = {isa = PBXFileReference; fileEncoding = 4; lastKnownFileType = sourcecode.c.h; path = BJMessageTextView.h; sourceTree = "<group>"; };
		25CB98951B79F39C0022BCB9 /* BJMessageTextView.m */ = {isa = PBXFileReference; fileEncoding = 4; lastKnownFileType = sourcecode.c.objc; path = BJMessageTextView.m; sourceTree = "<group>"; };
		25CB98961B79F39C0022BCB9 /* ChatInputMore.plist */ = {isa = PBXFileReference; fileEncoding = 4; lastKnownFileType = text.plist.xml; path = ChatInputMore.plist; sourceTree = "<group>"; };
		25CB98981B79F39C0022BCB9 /* BJFaceView.h */ = {isa = PBXFileReference; fileEncoding = 4; lastKnownFileType = sourcecode.c.h; path = BJFaceView.h; sourceTree = "<group>"; };
		25CB98991B79F39C0022BCB9 /* BJFaceView.m */ = {isa = PBXFileReference; fileEncoding = 4; lastKnownFileType = sourcecode.c.objc; path = BJFaceView.m; sourceTree = "<group>"; };
		25CB989A1B79F39C0022BCB9 /* BJFacialView.h */ = {isa = PBXFileReference; fileEncoding = 4; lastKnownFileType = sourcecode.c.h; path = BJFacialView.h; sourceTree = "<group>"; };
		25CB989B1B79F39C0022BCB9 /* BJFacialView.m */ = {isa = PBXFileReference; fileEncoding = 4; lastKnownFileType = sourcecode.c.objc; path = BJFacialView.m; sourceTree = "<group>"; };
		25CB989C1B79F39C0022BCB9 /* emj.plist */ = {isa = PBXFileReference; fileEncoding = 4; lastKnownFileType = text.plist.xml; path = emj.plist; sourceTree = "<group>"; };
		25CB989E1B79F39C0022BCB9 /* BJRecordView.h */ = {isa = PBXFileReference; fileEncoding = 4; lastKnownFileType = sourcecode.c.h; path = BJRecordView.h; sourceTree = "<group>"; };
		25CB989F1B79F39C0022BCB9 /* BJRecordView.m */ = {isa = PBXFileReference; fileEncoding = 4; lastKnownFileType = sourcecode.c.objc; path = BJRecordView.m; sourceTree = "<group>"; };
		25CB98A11B79F39C0022BCB9 /* bg_messages_blue_n@2x.png */ = {isa = PBXFileReference; lastKnownFileType = image.png; path = "bg_messages_blue_n@2x.png"; sourceTree = "<group>"; };
		25CB98A21B79F39C0022BCB9 /* bg_messages_gray_n@2x.png */ = {isa = PBXFileReference; lastKnownFileType = image.png; path = "bg_messages_gray_n@2x.png"; sourceTree = "<group>"; };
		25CB98A31B79F39C0022BCB9 /* bg_speech_gre_nor@2x.png */ = {isa = PBXFileReference; lastKnownFileType = image.png; path = "bg_speech_gre_nor@2x.png"; sourceTree = "<group>"; };
		25CB98A41B79F39C0022BCB9 /* bg_speech_gre_pr@2x.png */ = {isa = PBXFileReference; lastKnownFileType = image.png; path = "bg_speech_gre_pr@2x.png"; sourceTree = "<group>"; };
		25CB98A51B79F39C0022BCB9 /* bg_speech_nor@2x.png */ = {isa = PBXFileReference; lastKnownFileType = image.png; path = "bg_speech_nor@2x.png"; sourceTree = "<group>"; };
		25CB98A61B79F39C0022BCB9 /* bg_speech_pr@2x.png */ = {isa = PBXFileReference; lastKnownFileType = image.png; path = "bg_speech_pr@2x.png"; sourceTree = "<group>"; };
		25CB98A71B79F39C0022BCB9 /* bg_white@2x.png */ = {isa = PBXFileReference; lastKnownFileType = image.png; path = "bg_white@2x.png"; sourceTree = "<group>"; };
		25CB98A91B79F39C0022BCB9 /* emoji_appearance.gif */ = {isa = PBXFileReference; lastKnownFileType = image.gif; path = emoji_appearance.gif; sourceTree = "<group>"; };
		25CB98AA1B79F39C0022BCB9 /* emoji_cry.gif */ = {isa = PBXFileReference; lastKnownFileType = image.gif; path = emoji_cry.gif; sourceTree = "<group>"; };
		25CB98AB1B79F39C0022BCB9 /* emoji_doubt.gif */ = {isa = PBXFileReference; lastKnownFileType = image.gif; path = emoji_doubt.gif; sourceTree = "<group>"; };
		25CB98AC1B79F39C0022BCB9 /* emoji_embarrassed.gif */ = {isa = PBXFileReference; lastKnownFileType = image.gif; path = emoji_embarrassed.gif; sourceTree = "<group>"; };
		25CB98AD1B79F39C0022BCB9 /* emoji_exhausted.gif */ = {isa = PBXFileReference; lastKnownFileType = image.gif; path = emoji_exhausted.gif; sourceTree = "<group>"; };
		25CB98AE1B79F39C0022BCB9 /* emoji_giggle.gif */ = {isa = PBXFileReference; lastKnownFileType = image.gif; path = emoji_giggle.gif; sourceTree = "<group>"; };
		25CB98AF1B79F39C0022BCB9 /* emoji_heartstopper.gif */ = {isa = PBXFileReference; lastKnownFileType = image.gif; path = emoji_heartstopper.gif; sourceTree = "<group>"; };
		25CB98B01B79F39C0022BCB9 /* emoji_naughty.gif */ = {isa = PBXFileReference; lastKnownFileType = image.gif; path = emoji_naughty.gif; sourceTree = "<group>"; };
		25CB98B11B79F39C0022BCB9 /* emoji_owl@2x.png */ = {isa = PBXFileReference; lastKnownFileType = image.png; path = "emoji_owl@2x.png"; sourceTree = "<group>"; };
		25CB98B21B79F39C0022BCB9 /* emoji_powerful.gif */ = {isa = PBXFileReference; lastKnownFileType = image.gif; path = emoji_powerful.gif; sourceTree = "<group>"; };
		25CB98B31B79F39C0022BCB9 /* emoji_proud.gif */ = {isa = PBXFileReference; lastKnownFileType = image.gif; path = emoji_proud.gif; sourceTree = "<group>"; };
		25CB98B41B79F39C0022BCB9 /* emoji_smile.gif */ = {isa = PBXFileReference; lastKnownFileType = image.gif; path = emoji_smile.gif; sourceTree = "<group>"; };
		25CB98B51B79F39C0022BCB9 /* emoji_speechless.gif */ = {isa = PBXFileReference; lastKnownFileType = image.gif; path = emoji_speechless.gif; sourceTree = "<group>"; };
		25CB98B61B79F39C0022BCB9 /* emoji_struggle.gif */ = {isa = PBXFileReference; lastKnownFileType = image.gif; path = emoji_struggle.gif; sourceTree = "<group>"; };
		25CB98B71B79F39C0022BCB9 /* emoji_surprise.gif */ = {isa = PBXFileReference; lastKnownFileType = image.gif; path = emoji_surprise.gif; sourceTree = "<group>"; };
		25CB98B81B79F39C0022BCB9 /* emoji_weighs.gif */ = {isa = PBXFileReference; lastKnownFileType = image.gif; path = emoji_weighs.gif; sourceTree = "<group>"; };
		25CB98B91B79F39C0022BCB9 /* emoji_worship.gif */ = {isa = PBXFileReference; lastKnownFileType = image.gif; path = emoji_worship.gif; sourceTree = "<group>"; };
		25CB98BA1B79F39C0022BCB9 /* ic_add_normal@2x.png */ = {isa = PBXFileReference; lastKnownFileType = image.png; path = "ic_add_normal@2x.png"; sourceTree = "<group>"; };
		25CB98BB1B79F39C0022BCB9 /* ic_add_press@2x.png */ = {isa = PBXFileReference; lastKnownFileType = image.png; path = "ic_add_press@2x.png"; sourceTree = "<group>"; };
		25CB98BC1B79F39C0022BCB9 /* ic_camera_normal@2x.png */ = {isa = PBXFileReference; lastKnownFileType = image.png; path = "ic_camera_normal@2x.png"; sourceTree = "<group>"; };
		25CB98BD1B79F39C0022BCB9 /* ic_camera_press@2x.png */ = {isa = PBXFileReference; lastKnownFileType = image.png; path = "ic_camera_press@2x.png"; sourceTree = "<group>"; };
		25CB98BE1B79F39C0022BCB9 /* ic_expression_normal@2x.png */ = {isa = PBXFileReference; lastKnownFileType = image.png; path = "ic_expression_normal@2x.png"; sourceTree = "<group>"; };
		25CB98BF1B79F39C0022BCB9 /* ic_expression_press@2x.png */ = {isa = PBXFileReference; lastKnownFileType = image.png; path = "ic_expression_press@2x.png"; sourceTree = "<group>"; };
		25CB98C01B79F39C0022BCB9 /* ic_image_failure_dark@2x.png */ = {isa = PBXFileReference; lastKnownFileType = image.png; path = "ic_image_failure_dark@2x.png"; sourceTree = "<group>"; };
		25CB98C11B79F39C0022BCB9 /* ic_image_failure_small@2x.png */ = {isa = PBXFileReference; lastKnownFileType = image.png; path = "ic_image_failure_small@2x.png"; sourceTree = "<group>"; };
		25CB98C21B79F39C0022BCB9 /* ic_keyboard_nor_@2x.png */ = {isa = PBXFileReference; lastKnownFileType = image.png; path = "ic_keyboard_nor_@2x.png"; sourceTree = "<group>"; };
		25CB98C31B79F39C0022BCB9 /* ic_keyboard_pre_@2x.png */ = {isa = PBXFileReference; lastKnownFileType = image.png; path = "ic_keyboard_pre_@2x.png"; sourceTree = "<group>"; };
		25CB98C41B79F39C0022BCB9 /* ic_microphone_nor_@2x.png */ = {isa = PBXFileReference; lastKnownFileType = image.png; path = "ic_microphone_nor_@2x.png"; sourceTree = "<group>"; };
		25CB98C51B79F39C0022BCB9 /* ic_microphone_pre_@2x.png */ = {isa = PBXFileReference; lastKnownFileType = image.png; path = "ic_microphone_pre_@2x.png"; sourceTree = "<group>"; };
		25CB98C61B79F39C0022BCB9 /* ic_picture_normal@2x.png */ = {isa = PBXFileReference; lastKnownFileType = image.png; path = "ic_picture_normal@2x.png"; sourceTree = "<group>"; };
		25CB98C71B79F39C0022BCB9 /* ic_picture_press@2x.png */ = {isa = PBXFileReference; lastKnownFileType = image.png; path = "ic_picture_press@2x.png"; sourceTree = "<group>"; };
		25CB98C81B79F39C0022BCB9 /* ic_volume_1@2x.png */ = {isa = PBXFileReference; lastKnownFileType = image.png; path = "ic_volume_1@2x.png"; sourceTree = "<group>"; };
		25CB98C91B79F39C0022BCB9 /* ic_volume_2@2x.png */ = {isa = PBXFileReference; lastKnownFileType = image.png; path = "ic_volume_2@2x.png"; sourceTree = "<group>"; };
		25CB98CA1B79F39C0022BCB9 /* ic_volume_3@2x.png */ = {isa = PBXFileReference; lastKnownFileType = image.png; path = "ic_volume_3@2x.png"; sourceTree = "<group>"; };
		25CB98CB1B79F39C0022BCB9 /* ic_volume_4@2x.png */ = {isa = PBXFileReference; lastKnownFileType = image.png; path = "ic_volume_4@2x.png"; sourceTree = "<group>"; };
		25CB98CC1B79F39C0022BCB9 /* ic_volume_5@2x.png */ = {isa = PBXFileReference; lastKnownFileType = image.png; path = "ic_volume_5@2x.png"; sourceTree = "<group>"; };
		25CB98CD1B79F39C0022BCB9 /* ic_volume_6@2x.png */ = {isa = PBXFileReference; lastKnownFileType = image.png; path = "ic_volume_6@2x.png"; sourceTree = "<group>"; };
		25CB98CE1B79F39C0022BCB9 /* ic_volume_gary@2x.png */ = {isa = PBXFileReference; lastKnownFileType = image.png; path = "ic_volume_gary@2x.png"; sourceTree = "<group>"; };
		25CB98CF1B79F39C0022BCB9 /* ic_volume_gre@2x.png */ = {isa = PBXFileReference; lastKnownFileType = image.png; path = "ic_volume_gre@2x.png"; sourceTree = "<group>"; };
		25CB98D01B79F39C0022BCB9 /* ic_volume_li_gary1@2x.png */ = {isa = PBXFileReference; lastKnownFileType = image.png; path = "ic_volume_li_gary1@2x.png"; sourceTree = "<group>"; };
		25CB98D11B79F39C0022BCB9 /* ic_volume_li_gary2@2x.png */ = {isa = PBXFileReference; lastKnownFileType = image.png; path = "ic_volume_li_gary2@2x.png"; sourceTree = "<group>"; };
		25CB98D21B79F39C0022BCB9 /* ic_volume_li_gary3@2x.png */ = {isa = PBXFileReference; lastKnownFileType = image.png; path = "ic_volume_li_gary3@2x.png"; sourceTree = "<group>"; };
		25CB98D31B79F39C0022BCB9 /* ic_volume_li_gre1@2x.png */ = {isa = PBXFileReference; lastKnownFileType = image.png; path = "ic_volume_li_gre1@2x.png"; sourceTree = "<group>"; };
		25CB98D41B79F39C0022BCB9 /* ic_volume_li_gre2@2x.png */ = {isa = PBXFileReference; lastKnownFileType = image.png; path = "ic_volume_li_gre2@2x.png"; sourceTree = "<group>"; };
		25CB98D51B79F39C0022BCB9 /* ic_volume_li_gre3@2x.png */ = {isa = PBXFileReference; lastKnownFileType = image.png; path = "ic_volume_li_gre3@2x.png"; sourceTree = "<group>"; };
		25CB98D61B79F39C0022BCB9 /* ic_volume_ri_gary1@2x.png */ = {isa = PBXFileReference; lastKnownFileType = image.png; path = "ic_volume_ri_gary1@2x.png"; sourceTree = "<group>"; };
		25CB98D71B79F39C0022BCB9 /* ic_volume_ri_gary2@2x.png */ = {isa = PBXFileReference; lastKnownFileType = image.png; path = "ic_volume_ri_gary2@2x.png"; sourceTree = "<group>"; };
		25CB98D81B79F39C0022BCB9 /* ic_volume_ri_gary3@2x.png */ = {isa = PBXFileReference; lastKnownFileType = image.png; path = "ic_volume_ri_gary3@2x.png"; sourceTree = "<group>"; };
		25CB98D91B79F39C0022BCB9 /* ic_volume_ri_gre1@2x.png */ = {isa = PBXFileReference; lastKnownFileType = image.png; path = "ic_volume_ri_gre1@2x.png"; sourceTree = "<group>"; };
		25CB98DA1B79F39C0022BCB9 /* ic_volume_ri_gre2@2x.png */ = {isa = PBXFileReference; lastKnownFileType = image.png; path = "ic_volume_ri_gre2@2x.png"; sourceTree = "<group>"; };
		25CB98DB1B79F39C0022BCB9 /* ic_volume_ri_gre3@2x.png */ = {isa = PBXFileReference; lastKnownFileType = image.png; path = "ic_volume_ri_gre3@2x.png"; sourceTree = "<group>"; };
		25CB98DC1B79F39C0022BCB9 /* ic_warn_nor@2x.png */ = {isa = PBXFileReference; lastKnownFileType = image.png; path = "ic_warn_nor@2x.png"; sourceTree = "<group>"; };
		25CB98DD1B79F39C0022BCB9 /* img_head_default@2x.png */ = {isa = PBXFileReference; lastKnownFileType = image.png; path = "img_head_default@2x.png"; sourceTree = "<group>"; };
		25CB98DE1B79F39C0022BCB9 /* messageToolbarBg@2x.png */ = {isa = PBXFileReference; lastKnownFileType = image.png; path = "messageToolbarBg@2x.png"; sourceTree = "<group>"; };
		25CB98E01B79F39C0022BCB9 /* BJChatDraft.h */ = {isa = PBXFileReference; fileEncoding = 4; lastKnownFileType = sourcecode.c.h; path = BJChatDraft.h; sourceTree = "<group>"; };
		25CB98E11B79F39C0022BCB9 /* BJChatDraft.m */ = {isa = PBXFileReference; fileEncoding = 4; lastKnownFileType = sourcecode.c.objc; path = BJChatDraft.m; sourceTree = "<group>"; };
		25CB98E21B79F39C0022BCB9 /* BJChatInfo.h */ = {isa = PBXFileReference; fileEncoding = 4; lastKnownFileType = sourcecode.c.h; path = BJChatInfo.h; sourceTree = "<group>"; };
		25CB98E31B79F39C0022BCB9 /* BJChatInfo.m */ = {isa = PBXFileReference; fileEncoding = 4; lastKnownFileType = sourcecode.c.objc; path = BJChatInfo.m; sourceTree = "<group>"; };
		25CB98E41B79F39C0022BCB9 /* BJContactInfoProtocol.h */ = {isa = PBXFileReference; fileEncoding = 4; lastKnownFileType = sourcecode.c.h; path = BJContactInfoProtocol.h; sourceTree = "<group>"; };
		25CB98E51B79F39C0022BCB9 /* CardSimpleItem.h */ = {isa = PBXFileReference; fileEncoding = 4; lastKnownFileType = sourcecode.c.h; path = CardSimpleItem.h; sourceTree = "<group>"; };
		25CB98E61B79F39C0022BCB9 /* CardSimpleItem.m */ = {isa = PBXFileReference; fileEncoding = 4; lastKnownFileType = sourcecode.c.objc; path = CardSimpleItem.m; sourceTree = "<group>"; };
		25CB98E71B79F39C0022BCB9 /* IM.xcdatamodel */ = {isa = PBXFileReference; lastKnownFileType = wrapper.xcdatamodel; path = IM.xcdatamodel; sourceTree = "<group>"; };
		25CB98E91B79F39C0022BCB9 /* BJActionCollectionViewCell.h */ = {isa = PBXFileReference; fileEncoding = 4; lastKnownFileType = sourcecode.c.h; path = BJActionCollectionViewCell.h; sourceTree = "<group>"; };
		25CB98EA1B79F39C0022BCB9 /* BJActionCollectionViewCell.m */ = {isa = PBXFileReference; fileEncoding = 4; lastKnownFileType = sourcecode.c.objc; path = BJActionCollectionViewCell.m; sourceTree = "<group>"; };
		25CB98EB1B79F39C0022BCB9 /* BJActionCollectionViewCell.xib */ = {isa = PBXFileReference; fileEncoding = 4; lastKnownFileType = file.xib; path = BJActionCollectionViewCell.xib; sourceTree = "<group>"; };
		25CB98EC1B79F39C0022BCB9 /* BJAttributedHighlightLabel.h */ = {isa = PBXFileReference; fileEncoding = 4; lastKnownFileType = sourcecode.c.h; path = BJAttributedHighlightLabel.h; sourceTree = "<group>"; };
		25CB98ED1B79F39C0022BCB9 /* BJAttributedHighlightLabel.m */ = {isa = PBXFileReference; fileEncoding = 4; lastKnownFileType = sourcecode.c.objc; path = BJAttributedHighlightLabel.m; sourceTree = "<group>"; };
		25CB98EF1B79F39C0022BCB9 /* BJChatAudioPlayerHelper.h */ = {isa = PBXFileReference; fileEncoding = 4; lastKnownFileType = sourcecode.c.h; path = BJChatAudioPlayerHelper.h; sourceTree = "<group>"; };
		25CB98F01B79F39C0022BCB9 /* BJChatAudioPlayerHelper.m */ = {isa = PBXFileReference; fileEncoding = 4; lastKnownFileType = sourcecode.c.objc; path = BJChatAudioPlayerHelper.m; sourceTree = "<group>"; };
		25CB98F11B79F39C0022BCB9 /* BJChatFileCacheManager.h */ = {isa = PBXFileReference; fileEncoding = 4; lastKnownFileType = sourcecode.c.h; path = BJChatFileCacheManager.h; sourceTree = "<group>"; };
		25CB98F21B79F39C0022BCB9 /* BJChatFileCacheManager.m */ = {isa = PBXFileReference; fileEncoding = 4; lastKnownFileType = sourcecode.c.objc; path = BJChatFileCacheManager.m; sourceTree = "<group>"; };
		25CB98F31B79F39C0022BCB9 /* BJChatImageBrowserHelper.h */ = {isa = PBXFileReference; fileEncoding = 4; lastKnownFileType = sourcecode.c.h; path = BJChatImageBrowserHelper.h; sourceTree = "<group>"; };
		25CB98F41B79F39C0022BCB9 /* BJChatImageBrowserHelper.m */ = {isa = PBXFileReference; fileEncoding = 4; lastKnownFileType = sourcecode.c.objc; path = BJChatImageBrowserHelper.m; sourceTree = "<group>"; };
		25CB98F51B79F39C0022BCB9 /* BJChatLimitMacro.h */ = {isa = PBXFileReference; fileEncoding = 4; lastKnownFileType = sourcecode.c.h; path = BJChatLimitMacro.h; sourceTree = "<group>"; };
		25CB98F61B79F39C0022BCB9 /* BJChatLimitMacro.m */ = {isa = PBXFileReference; fileEncoding = 4; lastKnownFileType = sourcecode.c.objc; path = BJChatLimitMacro.m; sourceTree = "<group>"; };
		25CB98F71B79F39C0022BCB9 /* BJExchangeIMModel.h */ = {isa = PBXFileReference; fileEncoding = 4; lastKnownFileType = sourcecode.c.h; path = BJExchangeIMModel.h; sourceTree = "<group>"; };
		25CB98F81B79F39C0022BCB9 /* BJExchangeIMModel.m */ = {isa = PBXFileReference; fileEncoding = 4; lastKnownFileType = sourcecode.c.objc; path = BJExchangeIMModel.m; sourceTree = "<group>"; };
		25CB98F91B79F39C0022BCB9 /* BJSendMessageHelper.h */ = {isa = PBXFileReference; fileEncoding = 4; lastKnownFileType = sourcecode.c.h; path = BJSendMessageHelper.h; sourceTree = "<group>"; };
		25CB98FA1B79F39C0022BCB9 /* BJSendMessageHelper.m */ = {isa = PBXFileReference; fileEncoding = 4; lastKnownFileType = sourcecode.c.objc; path = BJSendMessageHelper.m; sourceTree = "<group>"; };
		25CB98FB1B79F39C0022BCB9 /* Group+ViewModel.h */ = {isa = PBXFileReference; fileEncoding = 4; lastKnownFileType = sourcecode.c.h; path = "Group+ViewModel.h"; sourceTree = "<group>"; };
		25CB98FC1B79F39C0022BCB9 /* Group+ViewModel.m */ = {isa = PBXFileReference; fileEncoding = 4; lastKnownFileType = sourcecode.c.objc; path = "Group+ViewModel.m"; sourceTree = "<group>"; };
		25CB98FD1B79F39C0022BCB9 /* IMMessage+ViewModel.h */ = {isa = PBXFileReference; fileEncoding = 4; lastKnownFileType = sourcecode.c.h; path = "IMMessage+ViewModel.h"; sourceTree = "<group>"; };
		25CB98FE1B79F39C0022BCB9 /* IMMessage+ViewModel.m */ = {isa = PBXFileReference; fileEncoding = 4; lastKnownFileType = sourcecode.c.objc; path = "IMMessage+ViewModel.m"; sourceTree = "<group>"; };
		25CB99001B79F39C0022BCB9 /* UIImage+compressionSize.h */ = {isa = PBXFileReference; fileEncoding = 4; lastKnownFileType = sourcecode.c.h; path = "UIImage+compressionSize.h"; sourceTree = "<group>"; };
		25CB99011B79F39C0022BCB9 /* UIImage+compressionSize.m */ = {isa = PBXFileReference; fileEncoding = 4; lastKnownFileType = sourcecode.c.objc; path = "UIImage+compressionSize.m"; sourceTree = "<group>"; };
		25CB99021B79F39C0022BCB9 /* UIResponder+BJIMChatRouter.h */ = {isa = PBXFileReference; fileEncoding = 4; lastKnownFileType = sourcecode.c.h; path = "UIResponder+BJIMChatRouter.h"; sourceTree = "<group>"; };
		25CB99031B79F39C0022BCB9 /* UIResponder+BJIMChatRouter.m */ = {isa = PBXFileReference; fileEncoding = 4; lastKnownFileType = sourcecode.c.objc; path = "UIResponder+BJIMChatRouter.m"; sourceTree = "<group>"; };
		25CB99041B79F39C0022BCB9 /* User+ViewModel.h */ = {isa = PBXFileReference; fileEncoding = 4; lastKnownFileType = sourcecode.c.h; path = "User+ViewModel.h"; sourceTree = "<group>"; };
		25CB99051B79F39C0022BCB9 /* User+ViewModel.m */ = {isa = PBXFileReference; fileEncoding = 4; lastKnownFileType = sourcecode.c.objc; path = "User+ViewModel.m"; sourceTree = "<group>"; };
		31DE67A144DDD652919468A2 /* README.md */ = {isa = PBXFileReference; includeInIndex = 1; lastKnownFileType = net.daringfireball.markdown; name = README.md; path = ../README.md; sourceTree = "<group>"; };
		4C6E475EBFADD0326E2C4B93 /* LICENSE */ = {isa = PBXFileReference; includeInIndex = 1; lastKnownFileType = text; name = LICENSE; path = ../LICENSE; sourceTree = "<group>"; };
		5D2ADCAE4E9F06C218C22E20 /* Pods-BJHL-IM-iOS-SDK.release.xcconfig */ = {isa = PBXFileReference; includeInIndex = 1; lastKnownFileType = text.xcconfig; name = "Pods-BJHL-IM-iOS-SDK.release.xcconfig"; path = "Pods/Target Support Files/Pods-BJHL-IM-iOS-SDK/Pods-BJHL-IM-iOS-SDK.release.xcconfig"; sourceTree = "<group>"; };
		6003F58A195388D20070C39A /* BJHL-IM-iOS-SDK.app */ = {isa = PBXFileReference; explicitFileType = wrapper.application; includeInIndex = 0; path = "BJHL-IM-iOS-SDK.app"; sourceTree = BUILT_PRODUCTS_DIR; };
		6003F58D195388D20070C39A /* Foundation.framework */ = {isa = PBXFileReference; lastKnownFileType = wrapper.framework; name = Foundation.framework; path = System/Library/Frameworks/Foundation.framework; sourceTree = SDKROOT; };
		6003F58F195388D20070C39A /* CoreGraphics.framework */ = {isa = PBXFileReference; lastKnownFileType = wrapper.framework; name = CoreGraphics.framework; path = System/Library/Frameworks/CoreGraphics.framework; sourceTree = SDKROOT; };
		6003F591195388D20070C39A /* UIKit.framework */ = {isa = PBXFileReference; lastKnownFileType = wrapper.framework; name = UIKit.framework; path = System/Library/Frameworks/UIKit.framework; sourceTree = SDKROOT; };
		6003F595195388D20070C39A /* BJHL-IM-iOS-SDK-Info.plist */ = {isa = PBXFileReference; lastKnownFileType = text.plist.xml; path = "BJHL-IM-iOS-SDK-Info.plist"; sourceTree = "<group>"; };
		6003F597195388D20070C39A /* en */ = {isa = PBXFileReference; lastKnownFileType = text.plist.strings; name = en; path = en.lproj/InfoPlist.strings; sourceTree = "<group>"; };
		6003F599195388D20070C39A /* main.m */ = {isa = PBXFileReference; lastKnownFileType = sourcecode.c.objc; path = main.m; sourceTree = "<group>"; };
		6003F59B195388D20070C39A /* BJHL-IM-iOS-SDK-Prefix.pch */ = {isa = PBXFileReference; lastKnownFileType = sourcecode.c.h; path = "BJHL-IM-iOS-SDK-Prefix.pch"; sourceTree = "<group>"; };
		6003F59C195388D20070C39A /* BJIMAppDelegate.h */ = {isa = PBXFileReference; lastKnownFileType = sourcecode.c.h; path = BJIMAppDelegate.h; sourceTree = "<group>"; };
		6003F59D195388D20070C39A /* BJIMAppDelegate.m */ = {isa = PBXFileReference; lastKnownFileType = sourcecode.c.objc; path = BJIMAppDelegate.m; sourceTree = "<group>"; };
		6003F5A0195388D20070C39A /* Base */ = {isa = PBXFileReference; lastKnownFileType = file.storyboard; name = Base; path = Base.lproj/Main_iPhone.storyboard; sourceTree = "<group>"; };
		6003F5A3195388D20070C39A /* Base */ = {isa = PBXFileReference; lastKnownFileType = file.storyboard; name = Base; path = Base.lproj/Main_iPad.storyboard; sourceTree = "<group>"; };
		6003F5A5195388D20070C39A /* BJIMViewController.h */ = {isa = PBXFileReference; lastKnownFileType = sourcecode.c.h; path = BJIMViewController.h; sourceTree = "<group>"; };
		6003F5A6195388D20070C39A /* BJIMViewController.m */ = {isa = PBXFileReference; lastKnownFileType = sourcecode.c.objc; path = BJIMViewController.m; sourceTree = "<group>"; };
		6003F5A8195388D20070C39A /* Images.xcassets */ = {isa = PBXFileReference; lastKnownFileType = folder.assetcatalog; path = Images.xcassets; sourceTree = "<group>"; };
		6003F5AE195388D20070C39A /* Tests.xctest */ = {isa = PBXFileReference; explicitFileType = wrapper.cfbundle; includeInIndex = 0; path = Tests.xctest; sourceTree = BUILT_PRODUCTS_DIR; };
		6003F5AF195388D20070C39A /* XCTest.framework */ = {isa = PBXFileReference; lastKnownFileType = wrapper.framework; name = XCTest.framework; path = Library/Frameworks/XCTest.framework; sourceTree = DEVELOPER_DIR; };
		6003F5B7195388D20070C39A /* Tests-Info.plist */ = {isa = PBXFileReference; lastKnownFileType = text.plist.xml; path = "Tests-Info.plist"; sourceTree = "<group>"; };
		6003F5B9195388D20070C39A /* en */ = {isa = PBXFileReference; lastKnownFileType = text.plist.strings; name = en; path = en.lproj/InfoPlist.strings; sourceTree = "<group>"; };
		6003F5BB195388D20070C39A /* Tests.m */ = {isa = PBXFileReference; lastKnownFileType = sourcecode.c.objc; path = Tests.m; sourceTree = "<group>"; };
		606FC2411953D9B200FFA9A0 /* Tests-Prefix.pch */ = {isa = PBXFileReference; lastKnownFileType = sourcecode.c.h; path = "Tests-Prefix.pch"; sourceTree = "<group>"; };
		70B42517535184E74628C63F /* libPods-Tests.a */ = {isa = PBXFileReference; explicitFileType = archive.ar; includeInIndex = 0; path = "libPods-Tests.a"; sourceTree = BUILT_PRODUCTS_DIR; };
		950E2D991B5D1A7D00DC79F2 /* BJConversationTableViewCell.h */ = {isa = PBXFileReference; fileEncoding = 4; lastKnownFileType = sourcecode.c.h; name = BJConversationTableViewCell.h; path = "BJHL-IM-iOS-SDK/BJConversationTableViewCell.h"; sourceTree = SOURCE_ROOT; };
		950E2D9A1B5D1A7D00DC79F2 /* BJConversationTableViewCell.m */ = {isa = PBXFileReference; fileEncoding = 4; lastKnownFileType = sourcecode.c.objc; name = BJConversationTableViewCell.m; path = "BJHL-IM-iOS-SDK/BJConversationTableViewCell.m"; sourceTree = SOURCE_ROOT; };
		D5A93FC3807182589853DE32 /* BJHL-IM-iOS-SDK.podspec */ = {isa = PBXFileReference; includeInIndex = 1; lastKnownFileType = text; name = "BJHL-IM-iOS-SDK.podspec"; path = "../BJHL-IM-iOS-SDK.podspec"; sourceTree = "<group>"; };
		DFDE990F4FDB056A24DBA9C6 /* Pods-Tests.release.xcconfig */ = {isa = PBXFileReference; includeInIndex = 1; lastKnownFileType = text.xcconfig; name = "Pods-Tests.release.xcconfig"; path = "Pods/Target Support Files/Pods-Tests/Pods-Tests.release.xcconfig"; sourceTree = "<group>"; };
		FF511DA1B396C8FD68E20F39 /* libPods-BJHL-IM-iOS-SDK.a */ = {isa = PBXFileReference; explicitFileType = archive.ar; includeInIndex = 0; path = "libPods-BJHL-IM-iOS-SDK.a"; sourceTree = BUILT_PRODUCTS_DIR; };
/* End PBXFileReference section */

/* Begin PBXFrameworksBuildPhase section */
		6003F587195388D20070C39A /* Frameworks */ = {
			isa = PBXFrameworksBuildPhase;
			buildActionMask = 2147483647;
			files = (
				6003F590195388D20070C39A /* CoreGraphics.framework in Frameworks */,
				6003F592195388D20070C39A /* UIKit.framework in Frameworks */,
				6003F58E195388D20070C39A /* Foundation.framework in Frameworks */,
				1C1C79E7D3E2A7ECC23D7EAF /* libPods-BJHL-IM-iOS-SDK.a in Frameworks */,
			);
			runOnlyForDeploymentPostprocessing = 0;
		};
		6003F5AB195388D20070C39A /* Frameworks */ = {
			isa = PBXFrameworksBuildPhase;
			buildActionMask = 2147483647;
			files = (
				6003F5B0195388D20070C39A /* XCTest.framework in Frameworks */,
				6003F5B2195388D20070C39A /* UIKit.framework in Frameworks */,
				6003F5B1195388D20070C39A /* Foundation.framework in Frameworks */,
				45619B6F7E7337F86342075F /* libPods-Tests.a in Frameworks */,
			);
			runOnlyForDeploymentPostprocessing = 0;
		};
/* End PBXFrameworksBuildPhase section */

/* Begin PBXGroup section */
		2552069F1B57AFC7007B34C4 /* Conversation */ = {
			isa = PBXGroup;
			children = (
				255206A01B57AFC7007B34C4 /* BJConversationListViewController.h */,
				255206A11B57AFC7007B34C4 /* BJConversationListViewController.m */,
				950E2D991B5D1A7D00DC79F2 /* BJConversationTableViewCell.h */,
				950E2D9A1B5D1A7D00DC79F2 /* BJConversationTableViewCell.m */,
			);
			path = Conversation;
			sourceTree = "<group>";
		};
		25CB98681B79F39B0022BCB9 /* im-iphone-kit */ = {
			isa = PBXGroup;
			children = (
				25CB98691B79F39C0022BCB9 /* .gitignore */,
				25CB986A1B79F39C0022BCB9 /* BJChatUtilsMacro.h */,
				25CB986B1B79F39C0022BCB9 /* BJIMConstantKit.h */,
				25CB986C1B79F39C0022BCB9 /* BJIMKit.h */,
				25CB986D1B79F39C0022BCB9 /* Chat */,
				25CB98A01B79F39C0022BCB9 /* Images */,
				25CB98DF1B79F39C0022BCB9 /* Model */,
				25CB98E81B79F39C0022BCB9 /* View */,
				25CB98EE1B79F39C0022BCB9 /* ViewModel */,
			);
			name = "im-iphone-kit";
			path = "../im-iphone-kit";
			sourceTree = "<group>";
		};
		25CB986D1B79F39C0022BCB9 /* Chat */ = {
			isa = PBXGroup;
			children = (
				25CB986E1B79F39C0022BCB9 /* BJChatViewController.h */,
				25CB986F1B79F39C0022BCB9 /* BJChatViewController.m */,
				25CB98701B79F39C0022BCB9 /* ChatCell */,
				25CB98881B79F39C0022BCB9 /* InputController */,
			);
			path = Chat;
			sourceTree = "<group>";
		};
		25CB98701B79F39C0022BCB9 /* ChatCell */ = {
			isa = PBXGroup;
			children = (
				25CB98711B79F39C0022BCB9 /* BJAudioChatCell.h */,
				25CB98721B79F39C0022BCB9 /* BJAudioChatCell.m */,
				25CB98731B79F39C0022BCB9 /* BJAudioShowCalculation.h */,
				25CB98741B79F39C0022BCB9 /* BJAudioShowCalculation.m */,
				25CB98751B79F39C0022BCB9 /* BJCardChatCell.h */,
				25CB98761B79F39C0022BCB9 /* BJCardChatCell.m */,
				25CB98771B79F39C0022BCB9 /* BJChatBaseCell.h */,
				25CB98781B79F39C0022BCB9 /* BJChatBaseCell.m */,
				25CB98791B79F39C0022BCB9 /* BJChatCellFactory.h */,
				25CB987A1B79F39C0022BCB9 /* BJChatCellFactory.m */,
				25CB987B1B79F39C0022BCB9 /* BJChatTimeCell.h */,
				25CB987C1B79F39C0022BCB9 /* BJChatTimeCell.m */,
				25CB987D1B79F39C0022BCB9 /* BJChatUnSupportCell.h */,
				25CB987E1B79F39C0022BCB9 /* BJChatUnSupportCell.m */,
				25CB987F1B79F39C0022BCB9 /* BJChatViewCellProtocol.h */,
				25CB98801B79F39C0022BCB9 /* BJEmojiChatCell.h */,
				25CB98811B79F39C0022BCB9 /* BJEmojiChatCell.m */,
				25CB98821B79F39C0022BCB9 /* BJGossipTableViewCell.h */,
				25CB98831B79F39C0022BCB9 /* BJGossipTableViewCell.m */,
				25CB98841B79F39C0022BCB9 /* BJImageChatCell.h */,
				25CB98851B79F39C0022BCB9 /* BJImageChatCell.m */,
				25CB98861B79F39C0022BCB9 /* BJTextChatCell.h */,
				25CB98871B79F39C0022BCB9 /* BJTextChatCell.m */,
			);
			path = ChatCell;
			sourceTree = "<group>";
		};
		25CB98881B79F39C0022BCB9 /* InputController */ = {
			isa = PBXGroup;
			children = (
				25CB98891B79F39C0022BCB9 /* BJChatInputBarViewController+BJRecordView.h */,
				25CB988A1B79F39C0022BCB9 /* BJChatInputBarViewController+BJRecordView.m */,
				25CB988B1B79F39C0022BCB9 /* BJChatInputBarViewController.h */,
				25CB988C1B79F39C0022BCB9 /* BJChatInputBarViewController.m */,
				25CB988D1B79F39C0022BCB9 /* BJChatInputBaseViewController.h */,
				25CB988E1B79F39C0022BCB9 /* BJChatInputBaseViewController.m */,
				25CB988F1B79F39C0022BCB9 /* BJChatInputEmojiViewController.h */,
				25CB98901B79F39C0022BCB9 /* BJChatInputEmojiViewController.m */,
				25CB98911B79F39C0022BCB9 /* BJChatInputMoreViewController.h */,
				25CB98921B79F39C0022BCB9 /* BJChatInputMoreViewController.m */,
				25CB98931B79F39C0022BCB9 /* BJChatInputProtocol.h */,
				25CB98941B79F39C0022BCB9 /* BJMessageTextView.h */,
				25CB98951B79F39C0022BCB9 /* BJMessageTextView.m */,
				25CB98961B79F39C0022BCB9 /* ChatInputMore.plist */,
				25CB98971B79F39C0022BCB9 /* FaceView */,
				25CB989D1B79F39C0022BCB9 /* RecordView */,
			);
			path = InputController;
			sourceTree = "<group>";
		};
		25CB98971B79F39C0022BCB9 /* FaceView */ = {
			isa = PBXGroup;
			children = (
				25CB98981B79F39C0022BCB9 /* BJFaceView.h */,
				25CB98991B79F39C0022BCB9 /* BJFaceView.m */,
				25CB989A1B79F39C0022BCB9 /* BJFacialView.h */,
				25CB989B1B79F39C0022BCB9 /* BJFacialView.m */,
				25CB989C1B79F39C0022BCB9 /* emj.plist */,
			);
			path = FaceView;
			sourceTree = "<group>";
		};
		25CB989D1B79F39C0022BCB9 /* RecordView */ = {
			isa = PBXGroup;
			children = (
				25CB989E1B79F39C0022BCB9 /* BJRecordView.h */,
				25CB989F1B79F39C0022BCB9 /* BJRecordView.m */,
			);
			path = RecordView;
			sourceTree = "<group>";
		};
		25CB98A01B79F39C0022BCB9 /* Images */ = {
			isa = PBXGroup;
			children = (
				25CB98A11B79F39C0022BCB9 /* bg_messages_blue_n@2x.png */,
				25CB98A21B79F39C0022BCB9 /* bg_messages_gray_n@2x.png */,
				25CB98A31B79F39C0022BCB9 /* bg_speech_gre_nor@2x.png */,
				25CB98A41B79F39C0022BCB9 /* bg_speech_gre_pr@2x.png */,
				25CB98A51B79F39C0022BCB9 /* bg_speech_nor@2x.png */,
				25CB98A61B79F39C0022BCB9 /* bg_speech_pr@2x.png */,
				25CB98A71B79F39C0022BCB9 /* bg_white@2x.png */,
				25CB98A81B79F39C0022BCB9 /* emoji */,
				25CB98BA1B79F39C0022BCB9 /* ic_add_normal@2x.png */,
				25CB98BB1B79F39C0022BCB9 /* ic_add_press@2x.png */,
				25CB98BC1B79F39C0022BCB9 /* ic_camera_normal@2x.png */,
				25CB98BD1B79F39C0022BCB9 /* ic_camera_press@2x.png */,
				25CB98BE1B79F39C0022BCB9 /* ic_expression_normal@2x.png */,
				25CB98BF1B79F39C0022BCB9 /* ic_expression_press@2x.png */,
				25CB98C01B79F39C0022BCB9 /* ic_image_failure_dark@2x.png */,
				25CB98C11B79F39C0022BCB9 /* ic_image_failure_small@2x.png */,
				25CB98C21B79F39C0022BCB9 /* ic_keyboard_nor_@2x.png */,
				25CB98C31B79F39C0022BCB9 /* ic_keyboard_pre_@2x.png */,
				25CB98C41B79F39C0022BCB9 /* ic_microphone_nor_@2x.png */,
				25CB98C51B79F39C0022BCB9 /* ic_microphone_pre_@2x.png */,
				25CB98C61B79F39C0022BCB9 /* ic_picture_normal@2x.png */,
				25CB98C71B79F39C0022BCB9 /* ic_picture_press@2x.png */,
				25CB98C81B79F39C0022BCB9 /* ic_volume_1@2x.png */,
				25CB98C91B79F39C0022BCB9 /* ic_volume_2@2x.png */,
				25CB98CA1B79F39C0022BCB9 /* ic_volume_3@2x.png */,
				25CB98CB1B79F39C0022BCB9 /* ic_volume_4@2x.png */,
				25CB98CC1B79F39C0022BCB9 /* ic_volume_5@2x.png */,
				25CB98CD1B79F39C0022BCB9 /* ic_volume_6@2x.png */,
				25CB98CE1B79F39C0022BCB9 /* ic_volume_gary@2x.png */,
				25CB98CF1B79F39C0022BCB9 /* ic_volume_gre@2x.png */,
				25CB98D01B79F39C0022BCB9 /* ic_volume_li_gary1@2x.png */,
				25CB98D11B79F39C0022BCB9 /* ic_volume_li_gary2@2x.png */,
				25CB98D21B79F39C0022BCB9 /* ic_volume_li_gary3@2x.png */,
				25CB98D31B79F39C0022BCB9 /* ic_volume_li_gre1@2x.png */,
				25CB98D41B79F39C0022BCB9 /* ic_volume_li_gre2@2x.png */,
				25CB98D51B79F39C0022BCB9 /* ic_volume_li_gre3@2x.png */,
				25CB98D61B79F39C0022BCB9 /* ic_volume_ri_gary1@2x.png */,
				25CB98D71B79F39C0022BCB9 /* ic_volume_ri_gary2@2x.png */,
				25CB98D81B79F39C0022BCB9 /* ic_volume_ri_gary3@2x.png */,
				25CB98D91B79F39C0022BCB9 /* ic_volume_ri_gre1@2x.png */,
				25CB98DA1B79F39C0022BCB9 /* ic_volume_ri_gre2@2x.png */,
				25CB98DB1B79F39C0022BCB9 /* ic_volume_ri_gre3@2x.png */,
				25CB98DC1B79F39C0022BCB9 /* ic_warn_nor@2x.png */,
				25CB98DD1B79F39C0022BCB9 /* img_head_default@2x.png */,
				25CB98DE1B79F39C0022BCB9 /* messageToolbarBg@2x.png */,
			);
			path = Images;
			sourceTree = "<group>";
		};
		25CB98A81B79F39C0022BCB9 /* emoji */ = {
			isa = PBXGroup;
			children = (
				25CB98A91B79F39C0022BCB9 /* emoji_appearance.gif */,
				25CB98AA1B79F39C0022BCB9 /* emoji_cry.gif */,
				25CB98AB1B79F39C0022BCB9 /* emoji_doubt.gif */,
				25CB98AC1B79F39C0022BCB9 /* emoji_embarrassed.gif */,
				25CB98AD1B79F39C0022BCB9 /* emoji_exhausted.gif */,
				25CB98AE1B79F39C0022BCB9 /* emoji_giggle.gif */,
				25CB98AF1B79F39C0022BCB9 /* emoji_heartstopper.gif */,
				25CB98B01B79F39C0022BCB9 /* emoji_naughty.gif */,
				25CB98B11B79F39C0022BCB9 /* emoji_owl@2x.png */,
				25CB98B21B79F39C0022BCB9 /* emoji_powerful.gif */,
				25CB98B31B79F39C0022BCB9 /* emoji_proud.gif */,
				25CB98B41B79F39C0022BCB9 /* emoji_smile.gif */,
				25CB98B51B79F39C0022BCB9 /* emoji_speechless.gif */,
				25CB98B61B79F39C0022BCB9 /* emoji_struggle.gif */,
				25CB98B71B79F39C0022BCB9 /* emoji_surprise.gif */,
				25CB98B81B79F39C0022BCB9 /* emoji_weighs.gif */,
				25CB98B91B79F39C0022BCB9 /* emoji_worship.gif */,
			);
			path = emoji;
			sourceTree = "<group>";
		};
		25CB98DF1B79F39C0022BCB9 /* Model */ = {
			isa = PBXGroup;
			children = (
				25CB98E01B79F39C0022BCB9 /* BJChatDraft.h */,
				25CB98E11B79F39C0022BCB9 /* BJChatDraft.m */,
				25CB98E21B79F39C0022BCB9 /* BJChatInfo.h */,
				25CB98E31B79F39C0022BCB9 /* BJChatInfo.m */,
				25CB98E41B79F39C0022BCB9 /* BJContactInfoProtocol.h */,
				25CB98E51B79F39C0022BCB9 /* CardSimpleItem.h */,
				25CB98E61B79F39C0022BCB9 /* CardSimpleItem.m */,
				25CB98E71B79F39C0022BCB9 /* IM.xcdatamodel */,
			);
			path = Model;
			sourceTree = "<group>";
		};
		25CB98E81B79F39C0022BCB9 /* View */ = {
			isa = PBXGroup;
			children = (
				25CB98E91B79F39C0022BCB9 /* BJActionCollectionViewCell.h */,
				25CB98EA1B79F39C0022BCB9 /* BJActionCollectionViewCell.m */,
				25CB98EB1B79F39C0022BCB9 /* BJActionCollectionViewCell.xib */,
				25CB98EC1B79F39C0022BCB9 /* BJAttributedHighlightLabel.h */,
				25CB98ED1B79F39C0022BCB9 /* BJAttributedHighlightLabel.m */,
			);
			path = View;
			sourceTree = "<group>";
		};
		25CB98EE1B79F39C0022BCB9 /* ViewModel */ = {
			isa = PBXGroup;
			children = (
				25CB98EF1B79F39C0022BCB9 /* BJChatAudioPlayerHelper.h */,
				25CB98F01B79F39C0022BCB9 /* BJChatAudioPlayerHelper.m */,
				25CB98F11B79F39C0022BCB9 /* BJChatFileCacheManager.h */,
				25CB98F21B79F39C0022BCB9 /* BJChatFileCacheManager.m */,
				25CB98F31B79F39C0022BCB9 /* BJChatImageBrowserHelper.h */,
				25CB98F41B79F39C0022BCB9 /* BJChatImageBrowserHelper.m */,
				25CB98F51B79F39C0022BCB9 /* BJChatLimitMacro.h */,
				25CB98F61B79F39C0022BCB9 /* BJChatLimitMacro.m */,
				25CB98F71B79F39C0022BCB9 /* BJExchangeIMModel.h */,
				25CB98F81B79F39C0022BCB9 /* BJExchangeIMModel.m */,
				25CB98F91B79F39C0022BCB9 /* BJSendMessageHelper.h */,
				25CB98FA1B79F39C0022BCB9 /* BJSendMessageHelper.m */,
				25CB98FB1B79F39C0022BCB9 /* Group+ViewModel.h */,
				25CB98FC1B79F39C0022BCB9 /* Group+ViewModel.m */,
				25CB98FD1B79F39C0022BCB9 /* IMMessage+ViewModel.h */,
				25CB98FE1B79F39C0022BCB9 /* IMMessage+ViewModel.m */,
				25CB98FF1B79F39C0022BCB9 /* UIimage */,
				25CB99021B79F39C0022BCB9 /* UIResponder+BJIMChatRouter.h */,
				25CB99031B79F39C0022BCB9 /* UIResponder+BJIMChatRouter.m */,
				25CB99041B79F39C0022BCB9 /* User+ViewModel.h */,
				25CB99051B79F39C0022BCB9 /* User+ViewModel.m */,
			);
			path = ViewModel;
			sourceTree = "<group>";
		};
		25CB98FF1B79F39C0022BCB9 /* UIimage */ = {
			isa = PBXGroup;
			children = (
				25CB99001B79F39C0022BCB9 /* UIImage+compressionSize.h */,
				25CB99011B79F39C0022BCB9 /* UIImage+compressionSize.m */,
			);
			path = UIimage;
			sourceTree = "<group>";
		};
		5872C8EACEE0B4B50E814DAA /* Pods */ = {
			isa = PBXGroup;
			children = (
				1D279237435A9B5BE6A39168 /* Pods-BJHL-IM-iOS-SDK.debug.xcconfig */,
				5D2ADCAE4E9F06C218C22E20 /* Pods-BJHL-IM-iOS-SDK.release.xcconfig */,
				0DF388E93CF84D319664775D /* Pods-Tests.debug.xcconfig */,
				DFDE990F4FDB056A24DBA9C6 /* Pods-Tests.release.xcconfig */,
			);
			name = Pods;
			sourceTree = "<group>";
		};
		6003F581195388D10070C39A = {
			isa = PBXGroup;
			children = (
				25CB98681B79F39B0022BCB9 /* im-iphone-kit */,
				60FF7A9C1954A5C5007DD14C /* Podspec Metadata */,
				6003F593195388D20070C39A /* BJHL-IM-iOS-SDK */,
				6003F5B5195388D20070C39A /* Tests */,
				6003F58C195388D20070C39A /* Frameworks */,
				6003F58B195388D20070C39A /* Products */,
				5872C8EACEE0B4B50E814DAA /* Pods */,
			);
			sourceTree = "<group>";
		};
		6003F58B195388D20070C39A /* Products */ = {
			isa = PBXGroup;
			children = (
				6003F58A195388D20070C39A /* BJHL-IM-iOS-SDK.app */,
				6003F5AE195388D20070C39A /* Tests.xctest */,
			);
			name = Products;
			sourceTree = "<group>";
		};
		6003F58C195388D20070C39A /* Frameworks */ = {
			isa = PBXGroup;
			children = (
				6003F58D195388D20070C39A /* Foundation.framework */,
				6003F58F195388D20070C39A /* CoreGraphics.framework */,
				6003F591195388D20070C39A /* UIKit.framework */,
				6003F5AF195388D20070C39A /* XCTest.framework */,
				FF511DA1B396C8FD68E20F39 /* libPods-BJHL-IM-iOS-SDK.a */,
				70B42517535184E74628C63F /* libPods-Tests.a */,
			);
			name = Frameworks;
			sourceTree = "<group>";
		};
		6003F593195388D20070C39A /* BJHL-IM-iOS-SDK */ = {
			isa = PBXGroup;
			children = (
				2552069F1B57AFC7007B34C4 /* Conversation */,
				6003F59C195388D20070C39A /* BJIMAppDelegate.h */,
				6003F59D195388D20070C39A /* BJIMAppDelegate.m */,
				6003F59F195388D20070C39A /* Main_iPhone.storyboard */,
				6003F5A2195388D20070C39A /* Main_iPad.storyboard */,
				6003F5A5195388D20070C39A /* BJIMViewController.h */,
				6003F5A6195388D20070C39A /* BJIMViewController.m */,
				6003F5A8195388D20070C39A /* Images.xcassets */,
				6003F594195388D20070C39A /* Supporting Files */,
			);
			path = "BJHL-IM-iOS-SDK";
			sourceTree = "<group>";
		};
		6003F594195388D20070C39A /* Supporting Files */ = {
			isa = PBXGroup;
			children = (
				6003F595195388D20070C39A /* BJHL-IM-iOS-SDK-Info.plist */,
				6003F596195388D20070C39A /* InfoPlist.strings */,
				6003F599195388D20070C39A /* main.m */,
				6003F59B195388D20070C39A /* BJHL-IM-iOS-SDK-Prefix.pch */,
			);
			name = "Supporting Files";
			sourceTree = "<group>";
		};
		6003F5B5195388D20070C39A /* Tests */ = {
			isa = PBXGroup;
			children = (
				6003F5BB195388D20070C39A /* Tests.m */,
				6003F5B6195388D20070C39A /* Supporting Files */,
			);
			path = Tests;
			sourceTree = "<group>";
		};
		6003F5B6195388D20070C39A /* Supporting Files */ = {
			isa = PBXGroup;
			children = (
				6003F5B7195388D20070C39A /* Tests-Info.plist */,
				6003F5B8195388D20070C39A /* InfoPlist.strings */,
				606FC2411953D9B200FFA9A0 /* Tests-Prefix.pch */,
			);
			name = "Supporting Files";
			sourceTree = "<group>";
		};
		60FF7A9C1954A5C5007DD14C /* Podspec Metadata */ = {
			isa = PBXGroup;
			children = (
				D5A93FC3807182589853DE32 /* BJHL-IM-iOS-SDK.podspec */,
				31DE67A144DDD652919468A2 /* README.md */,
				4C6E475EBFADD0326E2C4B93 /* LICENSE */,
			);
			name = "Podspec Metadata";
			sourceTree = "<group>";
		};
/* End PBXGroup section */

/* Begin PBXNativeTarget section */
		6003F589195388D20070C39A /* BJHL-IM-iOS-SDK */ = {
			isa = PBXNativeTarget;
			buildConfigurationList = 6003F5BF195388D20070C39A /* Build configuration list for PBXNativeTarget "BJHL-IM-iOS-SDK" */;
			buildPhases = (
				23F30EF47C22465EECB17F53 /* Check Pods Manifest.lock */,
				6003F586195388D20070C39A /* Sources */,
				6003F587195388D20070C39A /* Frameworks */,
				6003F588195388D20070C39A /* Resources */,
				E5F8432C5F34151A5E259F94 /* Copy Pods Resources */,
			);
			buildRules = (
			);
			dependencies = (
			);
			name = "BJHL-IM-iOS-SDK";
			productName = "BJHL-IM-iOS-SDK";
			productReference = 6003F58A195388D20070C39A /* BJHL-IM-iOS-SDK.app */;
			productType = "com.apple.product-type.application";
		};
		6003F5AD195388D20070C39A /* Tests */ = {
			isa = PBXNativeTarget;
			buildConfigurationList = 6003F5C2195388D20070C39A /* Build configuration list for PBXNativeTarget "Tests" */;
			buildPhases = (
				7B7C5E95FEC567635F4744E9 /* Check Pods Manifest.lock */,
				6003F5AA195388D20070C39A /* Sources */,
				6003F5AB195388D20070C39A /* Frameworks */,
				6003F5AC195388D20070C39A /* Resources */,
				4305EC455E287A72EDB01A1C /* Copy Pods Resources */,
			);
			buildRules = (
			);
			dependencies = (
				6003F5B4195388D20070C39A /* PBXTargetDependency */,
			);
			name = Tests;
			productName = "BJHL-IM-iOS-SDKTests";
			productReference = 6003F5AE195388D20070C39A /* Tests.xctest */;
			productType = "com.apple.product-type.bundle.unit-test";
		};
/* End PBXNativeTarget section */

/* Begin PBXProject section */
		6003F582195388D10070C39A /* Project object */ = {
			isa = PBXProject;
			attributes = {
				CLASSPREFIX = BJIM;
				LastUpgradeCheck = 0510;
				ORGANIZATIONNAME = "YangLei-bjhl";
				TargetAttributes = {
					6003F5AD195388D20070C39A = {
						TestTargetID = 6003F589195388D20070C39A;
					};
				};
			};
			buildConfigurationList = 6003F585195388D10070C39A /* Build configuration list for PBXProject "BJHL-IM-iOS-SDK" */;
			compatibilityVersion = "Xcode 3.2";
			developmentRegion = English;
			hasScannedForEncodings = 0;
			knownRegions = (
				en,
				Base,
			);
			mainGroup = 6003F581195388D10070C39A;
			productRefGroup = 6003F58B195388D20070C39A /* Products */;
			projectDirPath = "";
			projectRoot = "";
			targets = (
				6003F589195388D20070C39A /* BJHL-IM-iOS-SDK */,
				6003F5AD195388D20070C39A /* Tests */,
			);
		};
/* End PBXProject section */

/* Begin PBXResourcesBuildPhase section */
		6003F588195388D20070C39A /* Resources */ = {
			isa = PBXResourcesBuildPhase;
			buildActionMask = 2147483647;
			files = (
				25CB99481B79F39C0022BCB9 /* ic_volume_5@2x.png in Resources */,
				25CB99561B79F39C0022BCB9 /* ic_volume_ri_gre2@2x.png in Resources */,
				25CB993B1B79F39C0022BCB9 /* ic_expression_press@2x.png in Resources */,
				25CB99301B79F39C0022BCB9 /* emoji_smile.gif in Resources */,
				25CB994D1B79F39C0022BCB9 /* ic_volume_li_gary2@2x.png in Resources */,
				25CB99311B79F39C0022BCB9 /* emoji_speechless.gif in Resources */,
				25CB99061B79F39C0022BCB9 /* .gitignore in Resources */,
				25CB99461B79F39C0022BCB9 /* ic_volume_3@2x.png in Resources */,
				25CB99501B79F39C0022BCB9 /* ic_volume_li_gre2@2x.png in Resources */,
				25CB99451B79F39C0022BCB9 /* ic_volume_2@2x.png in Resources */,
				25CB99351B79F39C0022BCB9 /* emoji_worship.gif in Resources */,
				25CB992F1B79F39C0022BCB9 /* emoji_proud.gif in Resources */,
				25CB99371B79F39C0022BCB9 /* ic_add_press@2x.png in Resources */,
				6003F5A4195388D20070C39A /* Main_iPad.storyboard in Resources */,
				25CB99261B79F39C0022BCB9 /* emoji_cry.gif in Resources */,
				25CB99521B79F39C0022BCB9 /* ic_volume_ri_gary1@2x.png in Resources */,
				25CB99201B79F39C0022BCB9 /* bg_speech_gre_nor@2x.png in Resources */,
				25CB995A1B79F39C0022BCB9 /* messageToolbarBg@2x.png in Resources */,
				25CB992D1B79F39C0022BCB9 /* emoji_owl@2x.png in Resources */,
				25CB992C1B79F39C0022BCB9 /* emoji_naughty.gif in Resources */,
				25CB99421B79F39C0022BCB9 /* ic_picture_normal@2x.png in Resources */,
				25CB991E1B79F39C0022BCB9 /* bg_messages_blue_n@2x.png in Resources */,
				25CB99591B79F39C0022BCB9 /* img_head_default@2x.png in Resources */,
				25CB993E1B79F39C0022BCB9 /* ic_keyboard_nor_@2x.png in Resources */,
				25CB99571B79F39C0022BCB9 /* ic_volume_ri_gre3@2x.png in Resources */,
				25CB99271B79F39C0022BCB9 /* emoji_doubt.gif in Resources */,
				25CB992B1B79F39C0022BCB9 /* emoji_heartstopper.gif in Resources */,
				25CB99381B79F39C0022BCB9 /* ic_camera_normal@2x.png in Resources */,
				25CB99581B79F39C0022BCB9 /* ic_warn_nor@2x.png in Resources */,
				25CB99361B79F39C0022BCB9 /* ic_add_normal@2x.png in Resources */,
				25CB994C1B79F39C0022BCB9 /* ic_volume_li_gary1@2x.png in Resources */,
				25CB99401B79F39C0022BCB9 /* ic_microphone_nor_@2x.png in Resources */,
				25CB993C1B79F39C0022BCB9 /* ic_image_failure_dark@2x.png in Resources */,
				25CB994E1B79F39C0022BCB9 /* ic_volume_li_gary3@2x.png in Resources */,
				25CB99211B79F39C0022BCB9 /* bg_speech_gre_pr@2x.png in Resources */,
				25CB99471B79F39C0022BCB9 /* ic_volume_4@2x.png in Resources */,
				25CB991C1B79F39C0022BCB9 /* emj.plist in Resources */,
				25CB994A1B79F39C0022BCB9 /* ic_volume_gary@2x.png in Resources */,
				25CB994B1B79F39C0022BCB9 /* ic_volume_gre@2x.png in Resources */,
				25CB99191B79F39C0022BCB9 /* ChatInputMore.plist in Resources */,
				25CB993A1B79F39C0022BCB9 /* ic_expression_normal@2x.png in Resources */,
				25CB99431B79F39C0022BCB9 /* ic_picture_press@2x.png in Resources */,
				25CB994F1B79F39C0022BCB9 /* ic_volume_li_gre1@2x.png in Resources */,
				25CB99221B79F39C0022BCB9 /* bg_speech_nor@2x.png in Resources */,
				25CB992A1B79F39C0022BCB9 /* emoji_giggle.gif in Resources */,
				25CB99601B79F39C0022BCB9 /* BJActionCollectionViewCell.xib in Resources */,
				25CB99531B79F39C0022BCB9 /* ic_volume_ri_gary2@2x.png in Resources */,
				25CB993F1B79F39C0022BCB9 /* ic_keyboard_pre_@2x.png in Resources */,
				25CB991F1B79F39C0022BCB9 /* bg_messages_gray_n@2x.png in Resources */,
				25CB99341B79F39C0022BCB9 /* emoji_weighs.gif in Resources */,
				25CB99551B79F39C0022BCB9 /* ic_volume_ri_gre1@2x.png in Resources */,
				6003F5A9195388D20070C39A /* Images.xcassets in Resources */,
				25CB99491B79F39C0022BCB9 /* ic_volume_6@2x.png in Resources */,
				6003F5A1195388D20070C39A /* Main_iPhone.storyboard in Resources */,
				25CB993D1B79F39C0022BCB9 /* ic_image_failure_small@2x.png in Resources */,
				25CB99291B79F39C0022BCB9 /* emoji_exhausted.gif in Resources */,
				25CB99281B79F39C0022BCB9 /* emoji_embarrassed.gif in Resources */,
				25CB99541B79F39C0022BCB9 /* ic_volume_ri_gary3@2x.png in Resources */,
				25CB99321B79F39C0022BCB9 /* emoji_struggle.gif in Resources */,
				25CB99251B79F39C0022BCB9 /* emoji_appearance.gif in Resources */,
				25CB99391B79F39C0022BCB9 /* ic_camera_press@2x.png in Resources */,
				25CB99231B79F39C0022BCB9 /* bg_speech_pr@2x.png in Resources */,
				25CB99331B79F39C0022BCB9 /* emoji_surprise.gif in Resources */,
				25CB99511B79F39C0022BCB9 /* ic_volume_li_gre3@2x.png in Resources */,
				25CB992E1B79F39C0022BCB9 /* emoji_powerful.gif in Resources */,
				25CB99441B79F39C0022BCB9 /* ic_volume_1@2x.png in Resources */,
				6003F598195388D20070C39A /* InfoPlist.strings in Resources */,
				25CB99411B79F39C0022BCB9 /* ic_microphone_pre_@2x.png in Resources */,
				25CB99241B79F39C0022BCB9 /* bg_white@2x.png in Resources */,
			);
			runOnlyForDeploymentPostprocessing = 0;
		};
		6003F5AC195388D20070C39A /* Resources */ = {
			isa = PBXResourcesBuildPhase;
			buildActionMask = 2147483647;
			files = (
				6003F5BA195388D20070C39A /* InfoPlist.strings in Resources */,
			);
			runOnlyForDeploymentPostprocessing = 0;
		};
/* End PBXResourcesBuildPhase section */

/* Begin PBXShellScriptBuildPhase section */
		23F30EF47C22465EECB17F53 /* Check Pods Manifest.lock */ = {
			isa = PBXShellScriptBuildPhase;
			buildActionMask = 2147483647;
			files = (
			);
			inputPaths = (
			);
			name = "Check Pods Manifest.lock";
			outputPaths = (
			);
			runOnlyForDeploymentPostprocessing = 0;
			shellPath = /bin/sh;
			shellScript = "diff \"${PODS_ROOT}/../Podfile.lock\" \"${PODS_ROOT}/Manifest.lock\" > /dev/null\nif [[ $? != 0 ]] ; then\n    cat << EOM\nerror: The sandbox is not in sync with the Podfile.lock. Run 'pod install' or update your CocoaPods installation.\nEOM\n    exit 1\nfi\n";
			showEnvVarsInLog = 0;
		};
		4305EC455E287A72EDB01A1C /* Copy Pods Resources */ = {
			isa = PBXShellScriptBuildPhase;
			buildActionMask = 2147483647;
			files = (
			);
			inputPaths = (
			);
			name = "Copy Pods Resources";
			outputPaths = (
			);
			runOnlyForDeploymentPostprocessing = 0;
			shellPath = /bin/sh;
			shellScript = "\"${SRCROOT}/Pods/Target Support Files/Pods-Tests/Pods-Tests-resources.sh\"\n";
			showEnvVarsInLog = 0;
		};
		7B7C5E95FEC567635F4744E9 /* Check Pods Manifest.lock */ = {
			isa = PBXShellScriptBuildPhase;
			buildActionMask = 2147483647;
			files = (
			);
			inputPaths = (
			);
			name = "Check Pods Manifest.lock";
			outputPaths = (
			);
			runOnlyForDeploymentPostprocessing = 0;
			shellPath = /bin/sh;
			shellScript = "diff \"${PODS_ROOT}/../Podfile.lock\" \"${PODS_ROOT}/Manifest.lock\" > /dev/null\nif [[ $? != 0 ]] ; then\n    cat << EOM\nerror: The sandbox is not in sync with the Podfile.lock. Run 'pod install' or update your CocoaPods installation.\nEOM\n    exit 1\nfi\n";
			showEnvVarsInLog = 0;
		};
		E5F8432C5F34151A5E259F94 /* Copy Pods Resources */ = {
			isa = PBXShellScriptBuildPhase;
			buildActionMask = 2147483647;
			files = (
			);
			inputPaths = (
			);
			name = "Copy Pods Resources";
			outputPaths = (
			);
			runOnlyForDeploymentPostprocessing = 0;
			shellPath = /bin/sh;
			shellScript = "\"${SRCROOT}/Pods/Target Support Files/Pods-BJHL-IM-iOS-SDK/Pods-BJHL-IM-iOS-SDK-resources.sh\"\n";
			showEnvVarsInLog = 0;
		};
/* End PBXShellScriptBuildPhase section */

/* Begin PBXSourcesBuildPhase section */
		6003F586195388D20070C39A /* Sources */ = {
			isa = PBXSourcesBuildPhase;
			buildActionMask = 2147483647;
			files = (
				25CB99151B79F39C0022BCB9 /* BJChatInputBaseViewController.m in Sources */,
				25CB995D1B79F39C0022BCB9 /* CardSimpleItem.m in Sources */,
				25CB995B1B79F39C0022BCB9 /* BJChatDraft.m in Sources */,
				25CB99671B79F39C0022BCB9 /* BJSendMessageHelper.m in Sources */,
				25CB990A1B79F39C0022BCB9 /* BJCardChatCell.m in Sources */,
				25CB99171B79F39C0022BCB9 /* BJChatInputMoreViewController.m in Sources */,
				25CB990C1B79F39C0022BCB9 /* BJChatCellFactory.m in Sources */,
				25CB995F1B79F39C0022BCB9 /* BJActionCollectionViewCell.m in Sources */,
				6003F59E195388D20070C39A /* BJIMAppDelegate.m in Sources */,
				25CB990B1B79F39C0022BCB9 /* BJChatBaseCell.m in Sources */,
				25CB996C1B79F39C0022BCB9 /* User+ViewModel.m in Sources */,
				25CB99691B79F39C0022BCB9 /* IMMessage+ViewModel.m in Sources */,
				25CB99181B79F39C0022BCB9 /* BJMessageTextView.m in Sources */,
				25CB99091B79F39C0022BCB9 /* BJAudioShowCalculation.m in Sources */,
				25CB995E1B79F39C0022BCB9 /* IM.xcdatamodel in Sources */,
				950E2D9B1B5D1A7D00DC79F2 /* BJConversationTableViewCell.m in Sources */,
				25CB99641B79F39C0022BCB9 /* BJChatImageBrowserHelper.m in Sources */,
				25CB99661B79F39C0022BCB9 /* BJExchangeIMModel.m in Sources */,
				25CB990F1B79F39C0022BCB9 /* BJEmojiChatCell.m in Sources */,
				25CB99101B79F39C0022BCB9 /* BJGossipTableViewCell.m in Sources */,
				25CB991D1B79F39C0022BCB9 /* BJRecordView.m in Sources */,
				25CB99121B79F39C0022BCB9 /* BJTextChatCell.m in Sources */,
				25CB99071B79F39C0022BCB9 /* BJChatViewController.m in Sources */,
				25CB99081B79F39C0022BCB9 /* BJAudioChatCell.m in Sources */,
				25CB99611B79F39C0022BCB9 /* BJAttributedHighlightLabel.m in Sources */,
				25CB99131B79F39C0022BCB9 /* BJChatInputBarViewController+BJRecordView.m in Sources */,
				25CB99651B79F39C0022BCB9 /* BJChatLimitMacro.m in Sources */,
				6003F5A7195388D20070C39A /* BJIMViewController.m in Sources */,
				25CB99141B79F39C0022BCB9 /* BJChatInputBarViewController.m in Sources */,
				25CB99111B79F39C0022BCB9 /* BJImageChatCell.m in Sources */,
				25CB996A1B79F39C0022BCB9 /* UIImage+compressionSize.m in Sources */,
				25CB99621B79F39C0022BCB9 /* BJChatAudioPlayerHelper.m in Sources */,
				255206A21B57AFC7007B34C4 /* BJConversationListViewController.m in Sources */,
				25CB990E1B79F39C0022BCB9 /* BJChatUnSupportCell.m in Sources */,
				25CB990D1B79F39C0022BCB9 /* BJChatTimeCell.m in Sources */,
				25CB991A1B79F39C0022BCB9 /* BJFaceView.m in Sources */,
				6003F59A195388D20070C39A /* main.m in Sources */,
				25CB99681B79F39C0022BCB9 /* Group+ViewModel.m in Sources */,
				25CB996B1B79F39C0022BCB9 /* UIResponder+BJIMChatRouter.m in Sources */,
				25CB99631B79F39C0022BCB9 /* BJChatFileCacheManager.m in Sources */,
				25CB99161B79F39C0022BCB9 /* BJChatInputEmojiViewController.m in Sources */,
				25CB991B1B79F39C0022BCB9 /* BJFacialView.m in Sources */,
				25CB995C1B79F39C0022BCB9 /* BJChatInfo.m in Sources */,
			);
			runOnlyForDeploymentPostprocessing = 0;
		};
		6003F5AA195388D20070C39A /* Sources */ = {
			isa = PBXSourcesBuildPhase;
			buildActionMask = 2147483647;
			files = (
				6003F5BC195388D20070C39A /* Tests.m in Sources */,
			);
			runOnlyForDeploymentPostprocessing = 0;
		};
/* End PBXSourcesBuildPhase section */

/* Begin PBXTargetDependency section */
		6003F5B4195388D20070C39A /* PBXTargetDependency */ = {
			isa = PBXTargetDependency;
			target = 6003F589195388D20070C39A /* BJHL-IM-iOS-SDK */;
			targetProxy = 6003F5B3195388D20070C39A /* PBXContainerItemProxy */;
		};
/* End PBXTargetDependency section */

/* Begin PBXVariantGroup section */
		6003F596195388D20070C39A /* InfoPlist.strings */ = {
			isa = PBXVariantGroup;
			children = (
				6003F597195388D20070C39A /* en */,
			);
			name = InfoPlist.strings;
			sourceTree = "<group>";
		};
		6003F59F195388D20070C39A /* Main_iPhone.storyboard */ = {
			isa = PBXVariantGroup;
			children = (
				6003F5A0195388D20070C39A /* Base */,
			);
			name = Main_iPhone.storyboard;
			sourceTree = "<group>";
		};
		6003F5A2195388D20070C39A /* Main_iPad.storyboard */ = {
			isa = PBXVariantGroup;
			children = (
				6003F5A3195388D20070C39A /* Base */,
			);
			name = Main_iPad.storyboard;
			sourceTree = "<group>";
		};
		6003F5B8195388D20070C39A /* InfoPlist.strings */ = {
			isa = PBXVariantGroup;
			children = (
				6003F5B9195388D20070C39A /* en */,
			);
			name = InfoPlist.strings;
			sourceTree = "<group>";
		};
/* End PBXVariantGroup section */

/* Begin XCBuildConfiguration section */
		6003F5BD195388D20070C39A /* Debug */ = {
			isa = XCBuildConfiguration;
			buildSettings = {
				ALWAYS_SEARCH_USER_PATHS = NO;
				CLANG_CXX_LANGUAGE_STANDARD = "gnu++0x";
				CLANG_CXX_LIBRARY = "libc++";
				CLANG_ENABLE_MODULES = YES;
				CLANG_ENABLE_OBJC_ARC = YES;
				CLANG_WARN_BOOL_CONVERSION = YES;
				CLANG_WARN_CONSTANT_CONVERSION = YES;
				CLANG_WARN_DIRECT_OBJC_ISA_USAGE = YES_ERROR;
				CLANG_WARN_EMPTY_BODY = YES;
				CLANG_WARN_ENUM_CONVERSION = YES;
				CLANG_WARN_INT_CONVERSION = YES;
				CLANG_WARN_OBJC_ROOT_CLASS = YES_ERROR;
				CLANG_WARN__DUPLICATE_METHOD_MATCH = YES;
				"CODE_SIGN_IDENTITY[sdk=iphoneos*]" = "iPhone Developer";
				COPY_PHASE_STRIP = NO;
				GCC_C_LANGUAGE_STANDARD = gnu99;
				GCC_DYNAMIC_NO_PIC = NO;
				GCC_OPTIMIZATION_LEVEL = 0;
				GCC_PREPROCESSOR_DEFINITIONS = (
					"DEBUG=1",
					"$(inherited)",
				);
				GCC_SYMBOLS_PRIVATE_EXTERN = NO;
				GCC_WARN_64_TO_32_BIT_CONVERSION = YES;
				GCC_WARN_ABOUT_RETURN_TYPE = YES_ERROR;
				GCC_WARN_UNDECLARED_SELECTOR = YES;
				GCC_WARN_UNINITIALIZED_AUTOS = YES_AGGRESSIVE;
				GCC_WARN_UNUSED_FUNCTION = YES;
				GCC_WARN_UNUSED_VARIABLE = YES;
				IPHONEOS_DEPLOYMENT_TARGET = 7.1;
				ONLY_ACTIVE_ARCH = YES;
				SDKROOT = iphoneos;
				TARGETED_DEVICE_FAMILY = "1,2";
			};
			name = Debug;
		};
		6003F5BE195388D20070C39A /* Release */ = {
			isa = XCBuildConfiguration;
			buildSettings = {
				ALWAYS_SEARCH_USER_PATHS = NO;
				CLANG_CXX_LANGUAGE_STANDARD = "gnu++0x";
				CLANG_CXX_LIBRARY = "libc++";
				CLANG_ENABLE_MODULES = YES;
				CLANG_ENABLE_OBJC_ARC = YES;
				CLANG_WARN_BOOL_CONVERSION = YES;
				CLANG_WARN_CONSTANT_CONVERSION = YES;
				CLANG_WARN_DIRECT_OBJC_ISA_USAGE = YES_ERROR;
				CLANG_WARN_EMPTY_BODY = YES;
				CLANG_WARN_ENUM_CONVERSION = YES;
				CLANG_WARN_INT_CONVERSION = YES;
				CLANG_WARN_OBJC_ROOT_CLASS = YES_ERROR;
				CLANG_WARN__DUPLICATE_METHOD_MATCH = YES;
				"CODE_SIGN_IDENTITY[sdk=iphoneos*]" = "iPhone Developer";
				COPY_PHASE_STRIP = YES;
				ENABLE_NS_ASSERTIONS = NO;
				GCC_C_LANGUAGE_STANDARD = gnu99;
				GCC_WARN_64_TO_32_BIT_CONVERSION = YES;
				GCC_WARN_ABOUT_RETURN_TYPE = YES_ERROR;
				GCC_WARN_UNDECLARED_SELECTOR = YES;
				GCC_WARN_UNINITIALIZED_AUTOS = YES_AGGRESSIVE;
				GCC_WARN_UNUSED_FUNCTION = YES;
				GCC_WARN_UNUSED_VARIABLE = YES;
				IPHONEOS_DEPLOYMENT_TARGET = 7.1;
				SDKROOT = iphoneos;
				TARGETED_DEVICE_FAMILY = "1,2";
				VALIDATE_PRODUCT = YES;
			};
			name = Release;
		};
		6003F5C0195388D20070C39A /* Debug */ = {
			isa = XCBuildConfiguration;
			baseConfigurationReference = 1D279237435A9B5BE6A39168 /* Pods-BJHL-IM-iOS-SDK.debug.xcconfig */;
			buildSettings = {
				ASSETCATALOG_COMPILER_APPICON_NAME = AppIcon;
				ASSETCATALOG_COMPILER_LAUNCHIMAGE_NAME = LaunchImage;
				ENABLE_STRICT_OBJC_MSGSEND = NO;
				GCC_PRECOMPILE_PREFIX_HEADER = YES;
				GCC_PREFIX_HEADER = "BJHL-IM-iOS-SDK/BJHL-IM-iOS-SDK-Prefix.pch";
				INFOPLIST_FILE = "BJHL-IM-iOS-SDK/BJHL-IM-iOS-SDK-Info.plist";
				LIBRARY_SEARCH_PATHS = (
					"$(inherited)",
					"$(PROJECT_DIR)/BJHL-IM-iOS-SDK/Chat/InputController/VoiceConvert/opencore-amrnb",
					"$(PROJECT_DIR)/BJHL-IM-iOS-SDK/Chat/InputController/VoiceConvert/opencore-amrwb",
				);
				PRODUCT_NAME = "$(TARGET_NAME)";
				WRAPPER_EXTENSION = app;
			};
			name = Debug;
		};
		6003F5C1195388D20070C39A /* Release */ = {
			isa = XCBuildConfiguration;
			baseConfigurationReference = 5D2ADCAE4E9F06C218C22E20 /* Pods-BJHL-IM-iOS-SDK.release.xcconfig */;
			buildSettings = {
				ASSETCATALOG_COMPILER_APPICON_NAME = AppIcon;
				ASSETCATALOG_COMPILER_LAUNCHIMAGE_NAME = LaunchImage;
				ENABLE_STRICT_OBJC_MSGSEND = NO;
				GCC_PRECOMPILE_PREFIX_HEADER = YES;
				GCC_PREFIX_HEADER = "BJHL-IM-iOS-SDK/BJHL-IM-iOS-SDK-Prefix.pch";
				INFOPLIST_FILE = "BJHL-IM-iOS-SDK/BJHL-IM-iOS-SDK-Info.plist";
				LIBRARY_SEARCH_PATHS = (
					"$(inherited)",
					"$(PROJECT_DIR)/BJHL-IM-iOS-SDK/Chat/InputController/VoiceConvert/opencore-amrnb",
					"$(PROJECT_DIR)/BJHL-IM-iOS-SDK/Chat/InputController/VoiceConvert/opencore-amrwb",
				);
				PRODUCT_NAME = "$(TARGET_NAME)";
				WRAPPER_EXTENSION = app;
			};
			name = Release;
		};
		6003F5C3195388D20070C39A /* Debug */ = {
			isa = XCBuildConfiguration;
			baseConfigurationReference = 0DF388E93CF84D319664775D /* Pods-Tests.debug.xcconfig */;
			buildSettings = {
				BUNDLE_LOADER = "$(BUILT_PRODUCTS_DIR)/BJHL-IM-iOS-SDK.app/BJHL-IM-iOS-SDK";
				FRAMEWORK_SEARCH_PATHS = (
					"$(SDKROOT)/Developer/Library/Frameworks",
					"$(inherited)",
					"$(DEVELOPER_FRAMEWORKS_DIR)",
				);
				GCC_PRECOMPILE_PREFIX_HEADER = YES;
				GCC_PREFIX_HEADER = "Tests/Tests-Prefix.pch";
				GCC_PREPROCESSOR_DEFINITIONS = (
					"DEBUG=1",
					"$(inherited)",
				);
				INFOPLIST_FILE = "Tests/Tests-Info.plist";
				PRODUCT_NAME = "$(TARGET_NAME)";
				TEST_HOST = "$(BUNDLE_LOADER)";
				WRAPPER_EXTENSION = xctest;
			};
			name = Debug;
		};
		6003F5C4195388D20070C39A /* Release */ = {
			isa = XCBuildConfiguration;
			baseConfigurationReference = DFDE990F4FDB056A24DBA9C6 /* Pods-Tests.release.xcconfig */;
			buildSettings = {
				BUNDLE_LOADER = "$(BUILT_PRODUCTS_DIR)/BJHL-IM-iOS-SDK.app/BJHL-IM-iOS-SDK";
				FRAMEWORK_SEARCH_PATHS = (
					"$(SDKROOT)/Developer/Library/Frameworks",
					"$(inherited)",
					"$(DEVELOPER_FRAMEWORKS_DIR)",
				);
				GCC_PRECOMPILE_PREFIX_HEADER = YES;
				GCC_PREFIX_HEADER = "Tests/Tests-Prefix.pch";
				INFOPLIST_FILE = "Tests/Tests-Info.plist";
				PRODUCT_NAME = "$(TARGET_NAME)";
				TEST_HOST = "$(BUNDLE_LOADER)";
				WRAPPER_EXTENSION = xctest;
			};
			name = Release;
		};
/* End XCBuildConfiguration section */

/* Begin XCConfigurationList section */
		6003F585195388D10070C39A /* Build configuration list for PBXProject "BJHL-IM-iOS-SDK" */ = {
			isa = XCConfigurationList;
			buildConfigurations = (
				6003F5BD195388D20070C39A /* Debug */,
				6003F5BE195388D20070C39A /* Release */,
			);
			defaultConfigurationIsVisible = 0;
			defaultConfigurationName = Release;
		};
		6003F5BF195388D20070C39A /* Build configuration list for PBXNativeTarget "BJHL-IM-iOS-SDK" */ = {
			isa = XCConfigurationList;
			buildConfigurations = (
				6003F5C0195388D20070C39A /* Debug */,
				6003F5C1195388D20070C39A /* Release */,
			);
			defaultConfigurationIsVisible = 0;
			defaultConfigurationName = Release;
		};
		6003F5C2195388D20070C39A /* Build configuration list for PBXNativeTarget "Tests" */ = {
			isa = XCConfigurationList;
			buildConfigurations = (
				6003F5C3195388D20070C39A /* Debug */,
				6003F5C4195388D20070C39A /* Release */,
			);
			defaultConfigurationIsVisible = 0;
			defaultConfigurationName = Release;
		};
/* End XCConfigurationList section */
	};
	rootObject = 6003F582195388D10070C39A /* Project object */;
}
